{
  "version": 4,
  "terraform_version": "1.3.4",
  "serial": 449,
  "lineage": "fab6d6ce-7462-06ff-50c1-e6b7cac6ec60",
  "outputs": {
    "admin": {
      "value": "Password1",
      "type": "string",
      "sensitive": true
    },
    "app-sg": {
      "value": "sg-01d99b22dd25f09ee",
      "type": "string"
    },
    "app-subnets": {
      "value": [
        "subnet-09435f48a9176fd13",
        "subnet-044e2a311bc5ca92e",
        "subnet-04e7db5cf8d04465e"
      ],
      "type": [
        "tuple",
        [
          "string",
          "string",
          "string"
        ]
      ]
    },
    "database-sg": {
      "value": "sg-0a41879dbd8e62172",
      "type": "string"
    },
    "database-subnets": {
      "value": [
        "subnet-0cdc3f3354a897c85",
        "subnet-05ab00755f1543bb0",
        "subnet-0976a8c9e058a2b0a"
      ],
      "type": [
        "tuple",
        [
          "string",
          "string",
          "string"
        ]
      ]
    },
    "ds-dns": {
      "value": [
        "10.0.11.237",
        "10.0.12.171"
      ],
      "type": [
        "set",
        "string"
      ]
    },
    "ds-id": {
      "value": "d-9067a0a806",
      "type": "string"
    },
    "ds-name": {
      "value": "team1.com",
      "type": "string"
    },
    "ec2-instance-profile": {
      "value": "us-east-1-team1--ec2-instance-profile",
      "type": "string"
    },
    "public-sg": {
      "value": "sg-056b4c17bd0a70239",
      "type": "string"
    },
    "public-subnets": {
      "value": [
        "subnet-0685a9155fb3397ca",
        "subnet-06a36890324a87965",
        "subnet-0d61680fe451b0994"
      ],
      "type": [
        "tuple",
        [
          "string",
          "string",
          "string"
        ]
      ]
    },
    "rds-ad-policy": {
      "value": "arn:aws:iam::243981758611:policy/terraform-20221202221638785400000001",
      "type": "string"
    },
    "rds-ad-role": {
      "value": "us-east-1-rds-ad-role",
      "type": "string"
    },
    "rds-sftp-policy": {
      "value": "arn:aws:iam::243981758611:policy/us-east-1-rds-sftp-policy",
      "type": "string"
    },
    "rds-sftp-role": {
      "value": "us-east-1-rds-sftp-role",
      "type": "string"
    },
    "sftp-bucket": {
      "value": "arn:aws:s3:::us-east-1-sftp-bucket-team1",
      "type": "string"
    },
    "source-private-dns": {
      "value": "ip-10-0-11-15.ec2.internal",
      "type": "string"
    },
    "target-endpoint": {
      "value": "mssqldb.cagishv3jlbu.us-east-1.rds.amazonaws.com:1433",
      "type": "string"
    },
    "vpc_id": {
      "value": "vpc-08d99dd3935e41c09",
      "type": "string"
    }
  },
  "resources": [
    {
      "module": "module.dms",
      "mode": "data",
      "type": "aws_db_instance",
      "name": "database",
      "provider": "provider[\"registry.terraform.io/hashicorp/aws\"]",
      "instances": [
        {
          "schema_version": 0,
          "attributes": {
            "address": "mssqldb.cagishv3jlbu.us-east-1.rds.amazonaws.com",
            "allocated_storage": 20,
            "auto_minor_version_upgrade": true,
            "availability_zone": "us-east-1a",
            "backup_retention_period": 1,
            "ca_cert_identifier": "rds-ca-2019",
            "db_cluster_identifier": "",
            "db_instance_arn": "arn:aws:rds:us-east-1:243981758611:db:mssqldb",
            "db_instance_class": "db.m6i.xlarge",
            "db_instance_identifier": "mssqldb",
            "db_instance_port": 0,
            "db_name": "",
            "db_parameter_groups": [
              "mssqldb-20221203050253742600000001"
            ],
            "db_security_groups": [],
            "db_subnet_group": "mssqldb-20221203050048788300000001",
            "enabled_cloudwatch_logs_exports": [],
            "endpoint": "mssqldb.cagishv3jlbu.us-east-1.rds.amazonaws.com:1433",
            "engine": "sqlserver-ee",
            "engine_version": "15.00.4236.7.v1",
            "hosted_zone_id": "Z2R2ITUGPM61AM",
            "id": "mssqldb",
            "iops": 0,
            "kms_key_id": "",
            "license_model": "license-included",
            "master_username": "awssct",
            "monitoring_interval": 0,
            "monitoring_role_arn": "",
            "multi_az": false,
            "network_type": "IPV4",
            "option_group_memberships": [
              "mssqldb-20221203042346532500000001"
            ],
            "port": 1433,
            "preferred_backup_window": "03:00-06:00",
            "preferred_maintenance_window": "mon:00:00-mon:03:00",
            "publicly_accessible": false,
            "replicate_source_db": "",
            "resource_id": "db-QWZONTUXDCAFY5LU7EPTVJM274",
            "storage_encrypted": false,
            "storage_throughput": 0,
            "storage_type": "gp2",
            "tags": {
              "Name": "default-us-east-1-rds-target",
              "Project": "team1",
              "environment": "default"
            },
            "timezone": "Central Standard Time",
            "vpc_security_groups": [
              "sg-0a41879dbd8e62172"
            ]
          },
          "sensitive_attributes": []
        }
      ]
    },
    {
      "module": "module.dms.module.rds",
      "mode": "managed",
      "type": "random_password",
      "name": "master_password",
      "provider": "provider[\"registry.terraform.io/hashicorp/random\"]",
      "instances": [
        {
          "index_key": 0,
          "schema_version": 3,
          "attributes": {
            "bcrypt_hash": "$2a$10$ryIl7xT6KupoX8tV5KmIFOW7bCitOuWLFl5579ZTnq3h.nxmw9hsm",
            "id": "none",
            "keepers": null,
            "length": 16,
            "lower": true,
            "min_lower": 0,
            "min_numeric": 0,
            "min_special": 0,
            "min_upper": 0,
            "number": true,
            "numeric": true,
            "override_special": null,
            "result": "YAEvLog6Nzi7Obu5",
            "special": false,
            "upper": true
          },
          "sensitive_attributes": [],
          "dependencies": [
            "module.ds.aws_directory_service_directory.ds",
            "module.ds.aws_secretsmanager_secret.admin",
            "module.ds.aws_secretsmanager_secret_version.admin",
            "module.iam.aws_iam_role.rds-ad-role",
            "module.network.aws_eip.nat-eip",
            "module.network.aws_internet_gateway.igw",
            "module.network.aws_nat_gateway.nat-gateway",
            "module.network.aws_route_table.app-rt",
            "module.network.aws_route_table.database-rt",
            "module.network.aws_route_table.public-rt",
            "module.network.aws_route_table_association.app-subnet-association",
            "module.network.aws_route_table_association.database-subnet-association",
            "module.network.aws_route_table_association.public-subnet-association",
            "module.network.aws_security_group.app-sg",
            "module.network.aws_security_group.database-sg",
            "module.network.aws_security_group.public-sg",
            "module.network.aws_subnet.app-subnets",
            "module.network.aws_subnet.database-subnets",
            "module.network.aws_subnet.public-subnets",
            "module.network.aws_vpc.vpc",
            "module.network.aws_vpc_endpoint.ec2",
            "module.rds.data.aws_db_instance.database",
            "module.rds.module.rds.module.db_instance.aws_cloudwatch_log_group.this",
            "module.rds.module.rds.module.db_instance.aws_db_instance.this",
            "module.rds.module.rds.module.db_instance.aws_iam_role.enhanced_monitoring",
            "module.rds.module.rds.module.db_instance.aws_iam_role_policy_attachment.enhanced_monitoring",
            "module.rds.module.rds.module.db_instance.data.aws_iam_policy_document.enhanced_monitoring",
            "module.rds.module.rds.module.db_instance.data.aws_partition.current",
            "module.rds.module.rds.module.db_instance.random_id.snapshot_identifier",
            "module.rds.module.rds.module.db_option_group.aws_db_option_group.this",
            "module.rds.module.rds.module.db_parameter_group.aws_db_parameter_group.this",
            "module.rds.module.rds.module.db_subnet_group.aws_db_subnet_group.this",
            "module.rds.module.rds.random_password.master_password",
            "module.sftp.aws_s3_bucket.sftp-bucket",
            "module.sftp.aws_s3_bucket_acl.sftp",
            "module.sftp.aws_transfer_server.service_managed"
          ]
        }
      ]
    },
    {
      "module": "module.dms.module.rds.module.db_instance",
      "mode": "data",
      "type": "aws_iam_policy_document",
      "name": "enhanced_monitoring",
      "provider": "provider[\"registry.terraform.io/hashicorp/aws\"]",
      "instances": [
        {
          "schema_version": 0,
          "attributes": {
            "id": "1813475199",
            "json": "{\n  \"Version\": \"2012-10-17\",\n  \"Statement\": [\n    {\n      \"Sid\": \"\",\n      \"Effect\": \"Allow\",\n      \"Action\": \"sts:AssumeRole\",\n      \"Principal\": {\n        \"Service\": \"monitoring.rds.amazonaws.com\"\n      }\n    }\n  ]\n}",
            "override_json": null,
            "override_policy_documents": null,
            "policy_id": null,
            "source_json": null,
            "source_policy_documents": null,
            "statement": [
              {
                "actions": [
                  "sts:AssumeRole"
                ],
                "condition": [],
                "effect": "Allow",
                "not_actions": [],
                "not_principals": [],
                "not_resources": [],
                "principals": [
                  {
                    "identifiers": [
                      "monitoring.rds.amazonaws.com"
                    ],
                    "type": "Service"
                  }
                ],
                "resources": [],
                "sid": ""
              }
            ],
            "version": "2012-10-17"
          },
          "sensitive_attributes": []
        }
      ]
    },
    {
      "module": "module.dms.module.rds.module.db_instance",
      "mode": "data",
      "type": "aws_partition",
      "name": "current",
      "provider": "provider[\"registry.terraform.io/hashicorp/aws\"]",
      "instances": [
        {
          "schema_version": 0,
          "attributes": {
            "dns_suffix": "amazonaws.com",
            "id": "aws",
            "partition": "aws",
            "reverse_dns_prefix": "com.amazonaws"
          },
          "sensitive_attributes": []
        }
      ]
    },
    {
      "module": "module.dms.module.rds.module.db_instance",
      "mode": "managed",
      "type": "aws_cloudwatch_log_group",
      "name": "this",
      "provider": "provider[\"registry.terraform.io/hashicorp/aws\"]",
      "instances": []
    },
    {
      "module": "module.dms.module.rds.module.db_instance",
      "mode": "managed",
      "type": "aws_iam_role",
      "name": "enhanced_monitoring",
      "provider": "provider[\"registry.terraform.io/hashicorp/aws\"]",
      "instances": []
    },
    {
      "module": "module.dms.module.rds.module.db_instance",
      "mode": "managed",
      "type": "random_id",
      "name": "snapshot_identifier",
      "provider": "provider[\"registry.terraform.io/hashicorp/random\"]",
      "instances": []
    },
    {
      "module": "module.dms.module.rds.module.db_option_group",
      "mode": "managed",
      "type": "aws_db_option_group",
      "name": "this",
      "provider": "provider[\"registry.terraform.io/hashicorp/aws\"]",
      "instances": [
        {
          "index_key": 0,
          "schema_version": 0,
          "attributes": {
            "arn": "arn:aws:rds:us-east-1:243981758611:og:mssqldb-20221203061925722700000003",
            "engine_name": "sqlserver-ee",
            "id": "mssqldb-20221203061925722700000003",
            "major_engine_version": "15.00",
            "name": "mssqldb-20221203061925722700000003",
            "name_prefix": "mssqldb-",
            "option": [],
            "option_group_description": "mssqldb option group",
            "tags": {
              "Name": "mssqldb",
              "Project": "team1",
              "environment": "default"
            },
            "tags_all": {
              "Name": "mssqldb",
              "Project": "team1",
              "environment": "default"
            },
            "timeouts": {
              "delete": null
            }
          },
          "sensitive_attributes": [],
          "private": "eyJlMmJmYjczMC1lY2FhLTExZTYtOGY4OC0zNDM2M2JjN2M0YzAiOnsiZGVsZXRlIjo5MDAwMDAwMDAwMDB9fQ==",
          "dependencies": [
            "module.ds.aws_directory_service_directory.ds",
            "module.ds.aws_secretsmanager_secret.admin",
            "module.ds.aws_secretsmanager_secret_version.admin",
            "module.iam.aws_iam_role.rds-ad-role",
            "module.network.aws_eip.nat-eip",
            "module.network.aws_internet_gateway.igw",
            "module.network.aws_nat_gateway.nat-gateway",
            "module.network.aws_route_table.app-rt",
            "module.network.aws_route_table.database-rt",
            "module.network.aws_route_table.public-rt",
            "module.network.aws_route_table_association.app-subnet-association",
            "module.network.aws_route_table_association.database-subnet-association",
            "module.network.aws_route_table_association.public-subnet-association",
            "module.network.aws_security_group.app-sg",
            "module.network.aws_security_group.database-sg",
            "module.network.aws_security_group.public-sg",
            "module.network.aws_subnet.app-subnets",
            "module.network.aws_subnet.database-subnets",
            "module.network.aws_subnet.public-subnets",
            "module.network.aws_vpc.vpc",
            "module.network.aws_vpc_endpoint.ec2",
            "module.rds.data.aws_db_instance.database",
            "module.rds.module.rds.module.db_instance.aws_cloudwatch_log_group.this",
            "module.rds.module.rds.module.db_instance.aws_db_instance.this",
            "module.rds.module.rds.module.db_instance.aws_iam_role.enhanced_monitoring",
            "module.rds.module.rds.module.db_instance.aws_iam_role_policy_attachment.enhanced_monitoring",
            "module.rds.module.rds.module.db_instance.data.aws_iam_policy_document.enhanced_monitoring",
            "module.rds.module.rds.module.db_instance.data.aws_partition.current",
            "module.rds.module.rds.module.db_instance.random_id.snapshot_identifier",
            "module.rds.module.rds.module.db_option_group.aws_db_option_group.this",
            "module.rds.module.rds.module.db_parameter_group.aws_db_parameter_group.this",
            "module.rds.module.rds.module.db_subnet_group.aws_db_subnet_group.this",
            "module.rds.module.rds.random_password.master_password",
            "module.sftp.aws_s3_bucket.sftp-bucket",
            "module.sftp.aws_s3_bucket_acl.sftp",
            "module.sftp.aws_transfer_server.service_managed"
          ],
          "create_before_destroy": true
        }
      ]
    },
    {
      "module": "module.dms.module.rds.module.db_parameter_group",
      "mode": "managed",
      "type": "aws_db_parameter_group",
      "name": "this",
      "provider": "provider[\"registry.terraform.io/hashicorp/aws\"]",
      "instances": [
        {
          "index_key": 0,
          "schema_version": 0,
          "attributes": {
            "arn": "arn:aws:rds:us-east-1:243981758611:pg:mssqldb-20221203061925700200000002",
            "description": "mssqldb parameter group",
            "family": "sqlserver-ee-15.0",
            "id": "mssqldb-20221203061925700200000002",
            "name": "mssqldb-20221203061925700200000002",
            "name_prefix": "mssqldb-",
            "parameter": [],
            "tags": {
              "Name": "mssqldb",
              "Project": "team1",
              "environment": "default"
            },
            "tags_all": {
              "Name": "mssqldb",
              "Project": "team1",
              "environment": "default"
            }
          },
          "sensitive_attributes": [],
          "private": "bnVsbA==",
          "dependencies": [
            "module.ds.aws_directory_service_directory.ds",
            "module.ds.aws_secretsmanager_secret.admin",
            "module.ds.aws_secretsmanager_secret_version.admin",
            "module.iam.aws_iam_role.rds-ad-role",
            "module.network.aws_eip.nat-eip",
            "module.network.aws_internet_gateway.igw",
            "module.network.aws_nat_gateway.nat-gateway",
            "module.network.aws_route_table.app-rt",
            "module.network.aws_route_table.database-rt",
            "module.network.aws_route_table.public-rt",
            "module.network.aws_route_table_association.app-subnet-association",
            "module.network.aws_route_table_association.database-subnet-association",
            "module.network.aws_route_table_association.public-subnet-association",
            "module.network.aws_security_group.app-sg",
            "module.network.aws_security_group.database-sg",
            "module.network.aws_security_group.public-sg",
            "module.network.aws_subnet.app-subnets",
            "module.network.aws_subnet.database-subnets",
            "module.network.aws_subnet.public-subnets",
            "module.network.aws_vpc.vpc",
            "module.network.aws_vpc_endpoint.ec2",
            "module.rds.data.aws_db_instance.database",
            "module.rds.module.rds.module.db_instance.aws_cloudwatch_log_group.this",
            "module.rds.module.rds.module.db_instance.aws_db_instance.this",
            "module.rds.module.rds.module.db_instance.aws_iam_role.enhanced_monitoring",
            "module.rds.module.rds.module.db_instance.aws_iam_role_policy_attachment.enhanced_monitoring",
            "module.rds.module.rds.module.db_instance.data.aws_iam_policy_document.enhanced_monitoring",
            "module.rds.module.rds.module.db_instance.data.aws_partition.current",
            "module.rds.module.rds.module.db_instance.random_id.snapshot_identifier",
            "module.rds.module.rds.module.db_option_group.aws_db_option_group.this",
            "module.rds.module.rds.module.db_parameter_group.aws_db_parameter_group.this",
            "module.rds.module.rds.module.db_subnet_group.aws_db_subnet_group.this",
            "module.rds.module.rds.random_password.master_password",
            "module.sftp.aws_s3_bucket.sftp-bucket",
            "module.sftp.aws_s3_bucket_acl.sftp",
            "module.sftp.aws_transfer_server.service_managed"
          ],
          "create_before_destroy": true
        }
      ]
    },
    {
      "module": "module.dms.module.rds.module.db_subnet_group",
      "mode": "managed",
      "type": "aws_db_subnet_group",
      "name": "this",
      "provider": "provider[\"registry.terraform.io/hashicorp/aws\"]",
      "instances": [
        {
          "index_key": 0,
          "schema_version": 0,
          "attributes": {
            "arn": "arn:aws:rds:us-east-1:243981758611:subgrp:mssqldb-20221203061925699700000001",
            "description": "mssqldb subnet group",
            "id": "mssqldb-20221203061925699700000001",
            "name": "mssqldb-20221203061925699700000001",
            "name_prefix": "mssqldb-",
            "subnet_ids": [
              "subnet-05ab00755f1543bb0",
              "subnet-0976a8c9e058a2b0a",
              "subnet-0cdc3f3354a897c85"
            ],
            "supported_network_types": [
              "IPV4"
            ],
            "tags": {
              "Name": "mssqldb",
              "Project": "team1",
              "environment": "default"
            },
            "tags_all": {
              "Name": "mssqldb",
              "Project": "team1",
              "environment": "default"
            }
          },
          "sensitive_attributes": [],
          "private": "bnVsbA==",
          "dependencies": [
            "module.ds.aws_directory_service_directory.ds",
            "module.ds.aws_secretsmanager_secret.admin",
            "module.ds.aws_secretsmanager_secret_version.admin",
            "module.iam.aws_iam_role.rds-ad-role",
            "module.network.aws_eip.nat-eip",
            "module.network.aws_internet_gateway.igw",
            "module.network.aws_nat_gateway.nat-gateway",
            "module.network.aws_route_table.app-rt",
            "module.network.aws_route_table.database-rt",
            "module.network.aws_route_table.public-rt",
            "module.network.aws_route_table_association.app-subnet-association",
            "module.network.aws_route_table_association.database-subnet-association",
            "module.network.aws_route_table_association.public-subnet-association",
            "module.network.aws_security_group.app-sg",
            "module.network.aws_security_group.database-sg",
            "module.network.aws_security_group.public-sg",
            "module.network.aws_subnet.app-subnets",
            "module.network.aws_subnet.database-subnets",
            "module.network.aws_subnet.public-subnets",
            "module.network.aws_vpc.vpc",
            "module.network.aws_vpc_endpoint.ec2",
            "module.rds.data.aws_db_instance.database",
            "module.rds.module.rds.module.db_instance.aws_cloudwatch_log_group.this",
            "module.rds.module.rds.module.db_instance.aws_db_instance.this",
            "module.rds.module.rds.module.db_instance.aws_iam_role.enhanced_monitoring",
            "module.rds.module.rds.module.db_instance.aws_iam_role_policy_attachment.enhanced_monitoring",
            "module.rds.module.rds.module.db_instance.data.aws_iam_policy_document.enhanced_monitoring",
            "module.rds.module.rds.module.db_instance.data.aws_partition.current",
            "module.rds.module.rds.module.db_instance.random_id.snapshot_identifier",
            "module.rds.module.rds.module.db_option_group.aws_db_option_group.this",
            "module.rds.module.rds.module.db_parameter_group.aws_db_parameter_group.this",
            "module.rds.module.rds.module.db_subnet_group.aws_db_subnet_group.this",
            "module.rds.module.rds.random_password.master_password",
            "module.sftp.aws_s3_bucket.sftp-bucket",
            "module.sftp.aws_s3_bucket_acl.sftp",
            "module.sftp.aws_transfer_server.service_managed"
          ]
        }
      ]
    },
    {
      "module": "module.ds",
      "mode": "managed",
      "type": "aws_directory_service_directory",
      "name": "ds",
      "provider": "provider[\"registry.terraform.io/hashicorp/aws\"]",
      "instances": [
        {
          "schema_version": 0,
          "attributes": {
            "access_url": "d-9067a0a806.awsapps.com",
            "alias": "d-9067a0a806",
            "connect_settings": [],
            "description": "",
            "desired_number_of_domain_controllers": 2,
            "dns_ip_addresses": [
              "10.0.11.237",
              "10.0.12.171"
            ],
            "edition": "Standard",
            "enable_sso": false,
            "id": "d-9067a0a806",
            "name": "team1.com",
            "password": "Password1",
            "security_group_id": "sg-0ef64b321f0c6c13f",
            "short_name": "team1",
            "size": "Small",
            "tags": {
              "Name": "default-team1-directory-service",
              "Project": "team1",
              "environment": "default"
            },
            "tags_all": {
              "Name": "default-team1-directory-service",
              "Project": "team1",
              "environment": "default"
            },
            "timeouts": null,
            "type": "MicrosoftAD",
            "vpc_settings": [
              {
                "availability_zones": [
                  "us-east-1a",
                  "us-east-1b"
                ],
                "subnet_ids": [
                  "subnet-044e2a311bc5ca92e",
                  "subnet-09435f48a9176fd13"
                ],
                "vpc_id": "vpc-08d99dd3935e41c09"
              }
            ]
          },
          "sensitive_attributes": [
            [
              {
                "type": "get_attr",
                "value": "password"
              }
            ]
          ],
          "private": "eyJlMmJmYjczMC1lY2FhLTExZTYtOGY4OC0zNDM2M2JjN2M0YzAiOnsiY3JlYXRlIjozNjAwMDAwMDAwMDAwLCJkZWxldGUiOjM2MDAwMDAwMDAwMDAsInVwZGF0ZSI6MzYwMDAwMDAwMDAwMH19",
          "dependencies": [
            "module.ds.aws_secretsmanager_secret.admin",
            "module.ds.aws_secretsmanager_secret_version.admin",
            "module.network.aws_eip.nat-eip",
            "module.network.aws_internet_gateway.igw",
            "module.network.aws_nat_gateway.nat-gateway",
            "module.network.aws_route_table.app-rt",
            "module.network.aws_route_table.database-rt",
            "module.network.aws_route_table.public-rt",
            "module.network.aws_route_table_association.app-subnet-association",
            "module.network.aws_route_table_association.database-subnet-association",
            "module.network.aws_route_table_association.public-subnet-association",
            "module.network.aws_security_group.app-sg",
            "module.network.aws_security_group.database-sg",
            "module.network.aws_security_group.public-sg",
            "module.network.aws_subnet.app-subnets",
            "module.network.aws_subnet.database-subnets",
            "module.network.aws_subnet.public-subnets",
            "module.network.aws_vpc.vpc",
            "module.network.aws_vpc_endpoint.ec2"
          ],
          "create_before_destroy": true
        }
      ]
    },
    {
      "module": "module.ds",
      "mode": "managed",
      "type": "aws_secretsmanager_secret",
      "name": "admin",
      "provider": "provider[\"registry.terraform.io/hashicorp/aws\"]",
      "instances": [
        {
          "schema_version": 0,
          "attributes": {
            "arn": "arn:aws:secretsmanager:us-east-1:243981758611:secret:admin-XkQHIy",
            "description": "",
            "force_overwrite_replica_secret": false,
            "id": "arn:aws:secretsmanager:us-east-1:243981758611:secret:admin-XkQHIy",
            "kms_key_id": "",
            "name": "admin",
            "name_prefix": "",
            "policy": "",
            "recovery_window_in_days": 30,
            "replica": [],
            "rotation_enabled": false,
            "rotation_lambda_arn": "",
            "rotation_rules": [],
            "tags": {},
            "tags_all": {}
          },
          "sensitive_attributes": [],
          "private": "bnVsbA==",
          "dependencies": [
            "module.network.aws_eip.nat-eip",
            "module.network.aws_internet_gateway.igw",
            "module.network.aws_nat_gateway.nat-gateway",
            "module.network.aws_route_table.app-rt",
            "module.network.aws_route_table.database-rt",
            "module.network.aws_route_table.public-rt",
            "module.network.aws_route_table_association.app-subnet-association",
            "module.network.aws_route_table_association.database-subnet-association",
            "module.network.aws_route_table_association.public-subnet-association",
            "module.network.aws_security_group.app-sg",
            "module.network.aws_security_group.database-sg",
            "module.network.aws_security_group.public-sg",
            "module.network.aws_subnet.app-subnets",
            "module.network.aws_subnet.database-subnets",
            "module.network.aws_subnet.public-subnets",
            "module.network.aws_vpc.vpc",
            "module.network.aws_vpc_endpoint.ec2"
          ],
          "create_before_destroy": true
        }
      ]
    },
    {
      "module": "module.ds",
      "mode": "managed",
      "type": "aws_secretsmanager_secret_version",
      "name": "admin",
      "provider": "provider[\"registry.terraform.io/hashicorp/aws\"]",
      "instances": [
        {
          "schema_version": 0,
          "attributes": {
            "arn": "arn:aws:secretsmanager:us-east-1:243981758611:secret:admin-XkQHIy",
            "id": "arn:aws:secretsmanager:us-east-1:243981758611:secret:admin-XkQHIy|FAC854AD-B163-4427-99CD-DA86C3A0749A",
            "secret_binary": "",
            "secret_id": "arn:aws:secretsmanager:us-east-1:243981758611:secret:admin-XkQHIy",
            "secret_string": "Password1",
            "version_id": "FAC854AD-B163-4427-99CD-DA86C3A0749A",
            "version_stages": [
              "AWSCURRENT"
            ]
          },
          "sensitive_attributes": [],
          "private": "bnVsbA==",
          "dependencies": [
            "module.ds.aws_secretsmanager_secret.admin",
            "module.network.aws_eip.nat-eip",
            "module.network.aws_internet_gateway.igw",
            "module.network.aws_nat_gateway.nat-gateway",
            "module.network.aws_route_table.app-rt",
            "module.network.aws_route_table.database-rt",
            "module.network.aws_route_table.public-rt",
            "module.network.aws_route_table_association.app-subnet-association",
            "module.network.aws_route_table_association.database-subnet-association",
            "module.network.aws_route_table_association.public-subnet-association",
            "module.network.aws_security_group.app-sg",
            "module.network.aws_security_group.database-sg",
            "module.network.aws_security_group.public-sg",
            "module.network.aws_subnet.app-subnets",
            "module.network.aws_subnet.database-subnets",
            "module.network.aws_subnet.public-subnets",
            "module.network.aws_vpc.vpc",
            "module.network.aws_vpc_endpoint.ec2"
          ],
          "create_before_destroy": true
        }
      ]
    },
    {
      "module": "module.iam",
      "mode": "data",
      "type": "aws_iam_policy_document",
      "name": "dms_assume_role",
      "provider": "provider[\"registry.terraform.io/hashicorp/aws\"]",
      "instances": [
        {
          "schema_version": 0,
          "attributes": {
            "id": "838930504",
            "json": "{\n  \"Version\": \"2012-10-17\",\n  \"Statement\": [\n    {\n      \"Sid\": \"\",\n      \"Effect\": \"Allow\",\n      \"Action\": \"sts:AssumeRole\",\n      \"Principal\": {\n        \"Service\": \"dms.amazonaws.com\"\n      }\n    }\n  ]\n}",
            "override_json": null,
            "override_policy_documents": null,
            "policy_id": null,
            "source_json": null,
            "source_policy_documents": null,
            "statement": [
              {
                "actions": [
                  "sts:AssumeRole"
                ],
                "condition": [],
                "effect": "Allow",
                "not_actions": [],
                "not_principals": [],
                "not_resources": [],
                "principals": [
                  {
                    "identifiers": [
                      "dms.amazonaws.com"
                    ],
                    "type": "Service"
                  }
                ],
                "resources": [],
                "sid": ""
              }
            ],
            "version": "2012-10-17"
          },
          "sensitive_attributes": []
        }
      ]
    },
    {
      "module": "module.iam",
      "mode": "managed",
      "type": "aws_iam_instance_profile",
      "name": "ec2-profile",
      "provider": "provider[\"registry.terraform.io/hashicorp/aws\"]",
      "instances": [
        {
          "schema_version": 0,
          "attributes": {
            "arn": "arn:aws:iam::243981758611:instance-profile/us-east-1-team1--ec2-instance-profile",
            "create_date": "2022-12-02T19:27:13Z",
            "id": "us-east-1-team1--ec2-instance-profile",
            "name": "us-east-1-team1--ec2-instance-profile",
            "name_prefix": null,
            "path": "/",
            "role": "terraform-20221202192711999100000001",
            "tags": {},
            "tags_all": {},
            "unique_id": "AIPATRTTSGCJ3Y5U7JIMI"
          },
          "sensitive_attributes": [],
          "private": "bnVsbA==",
          "dependencies": [
            "module.iam.aws_iam_role.role",
            "module.network.aws_eip.nat-eip",
            "module.network.aws_internet_gateway.igw",
            "module.network.aws_nat_gateway.nat-gateway",
            "module.network.aws_route_table.app-rt",
            "module.network.aws_route_table.database-rt",
            "module.network.aws_route_table.public-rt",
            "module.network.aws_route_table_association.app-subnet-association",
            "module.network.aws_route_table_association.database-subnet-association",
            "module.network.aws_route_table_association.public-subnet-association",
            "module.network.aws_security_group.app-sg",
            "module.network.aws_security_group.database-sg",
            "module.network.aws_security_group.public-sg",
            "module.network.aws_subnet.app-subnets",
            "module.network.aws_subnet.database-subnets",
            "module.network.aws_subnet.public-subnets",
            "module.network.aws_vpc.vpc",
            "module.network.aws_vpc_endpoint.ec2",
            "module.sftp.aws_s3_bucket.sftp-bucket",
            "module.sftp.aws_s3_bucket_acl.sftp",
            "module.sftp.aws_transfer_server.service_managed"
          ]
        }
      ]
    },
    {
      "module": "module.iam",
      "mode": "managed",
      "type": "aws_iam_policy",
      "name": "policy",
      "provider": "provider[\"registry.terraform.io/hashicorp/aws\"]",
      "instances": [
        {
          "schema_version": 0,
          "attributes": {
            "arn": "arn:aws:iam::243981758611:policy/terraform-20221202192711999700000002",
            "description": "",
            "id": "arn:aws:iam::243981758611:policy/terraform-20221202192711999700000002",
            "name": "terraform-20221202192711999700000002",
            "name_prefix": null,
            "path": "/",
            "policy": "{\"Statement\":[{\"Action\":\"ec2:*\",\"Effect\":\"Allow\",\"Resource\":\"*\"},{\"Action\":[\"ec2messages:AcknowledgeMessage\",\"ec2messages:DeleteMessage\",\"ec2messages:FailMessage\",\"ec2messages:GetEndpoint\",\"ec2messages:GetMessages\",\"ec2messages:SendReply\"],\"Effect\":\"Allow\",\"Resource\":\"*\"},{\"Action\":[\"ssm:DescribeDocument\",\"ssm:PutConfigurePackageResult\",\"ssm:ListInstanceAssociations\",\"ssm:UpdateAssociationStatus\",\"ssm:UpdateInstanceInformation\",\"ssm:GetDocument\",\"ssm:ListDocument\",\"ssm:PutComplianceItems\",\"ssm:DescribeAssociation\",\"ssm:PutInventory\",\"ssm:ListAssociations\",\"ssm:CreateAssociation\",\"ssm:UpdateInstanceAssociationStatus\"],\"Effect\":\"Allow\",\"Resource\":\"*\"},{\"Action\":[\"ds:CreateComputer\",\"ds:DescribeDirectories\"],\"Effect\":\"Allow\",\"Resource\":\"*\"},{\"Action\":[\"logs:CreateLogGroup\",\"logs:CreateLogStream\",\"logs:DescribeLogGroups\",\"logs:DescribeLogStreams\",\"logs:PutLogEvents\"],\"Effect\":\"Allow\",\"Resource\":\"*\"},{\"Action\":[\"s3:GetBucketLocation\",\"s3:PutObject\",\"s3:GetObject\",\"s3:DeleteObject\",\"s3:GetEncryptionConfiguration\",\"s3:AbortMultipartUpload\",\"s3:ListMultipartUploadParts\",\"s3:ListBucket\",\"s3:ListBucketMultipartUploads\"],\"Effect\":\"Allow\",\"Resource\":\"*\"},{\"Action\":\"elasticloadbalancing:*\",\"Effect\":\"Allow\",\"Resource\":\"*\"},{\"Action\":[\"route53:ChangeResourceRecordSets\",\"route53:GetChange\",\"route53:ListHostedZones\"],\"Effect\":\"Allow\",\"Resource\":\"*\"},{\"Action\":\"cloudwatch:*\",\"Effect\":\"Allow\",\"Resource\":\"*\"},{\"Action\":\"autoscaling:*\",\"Effect\":\"Allow\",\"Resource\":\"*\"},{\"Action\":[\"iam:ListServerCertificates\",\"iam:GetServerCertificate\",\"iam:UploadServerCertificate\",\"iam:CreateServiceLinkedRole\"],\"Effect\":\"Allow\",\"Resource\":\"*\"}],\"Version\":\"2012-10-17\"}",
            "policy_id": "ANPATRTTSGCJS7AOGEE2I",
            "tags": {},
            "tags_all": {}
          },
          "sensitive_attributes": [],
          "private": "bnVsbA==",
          "dependencies": [
            "module.network.aws_eip.nat-eip",
            "module.network.aws_internet_gateway.igw",
            "module.network.aws_nat_gateway.nat-gateway",
            "module.network.aws_route_table.app-rt",
            "module.network.aws_route_table.database-rt",
            "module.network.aws_route_table.public-rt",
            "module.network.aws_route_table_association.app-subnet-association",
            "module.network.aws_route_table_association.database-subnet-association",
            "module.network.aws_route_table_association.public-subnet-association",
            "module.network.aws_security_group.app-sg",
            "module.network.aws_security_group.database-sg",
            "module.network.aws_security_group.public-sg",
            "module.network.aws_subnet.app-subnets",
            "module.network.aws_subnet.database-subnets",
            "module.network.aws_subnet.public-subnets",
            "module.network.aws_vpc.vpc",
            "module.network.aws_vpc_endpoint.ec2",
            "module.sftp.aws_s3_bucket.sftp-bucket",
            "module.sftp.aws_s3_bucket_acl.sftp",
            "module.sftp.aws_transfer_server.service_managed"
          ]
        }
      ]
    },
    {
      "module": "module.iam",
      "mode": "managed",
      "type": "aws_iam_policy",
      "name": "rds-ad-policy",
      "provider": "provider[\"registry.terraform.io/hashicorp/aws\"]",
      "instances": [
        {
          "schema_version": 0,
          "attributes": {
            "arn": "arn:aws:iam::243981758611:policy/terraform-20221202221638785400000001",
            "description": "",
            "id": "arn:aws:iam::243981758611:policy/terraform-20221202221638785400000001",
            "name": "terraform-20221202221638785400000001",
            "name_prefix": null,
            "path": "/",
            "policy": "{\"Statement\":[{\"Action\":\"ec2:*\",\"Effect\":\"Allow\",\"Resource\":\"*\"},{\"Action\":[\"ec2messages:AcknowledgeMessage\",\"ec2messages:DeleteMessage\",\"ec2messages:FailMessage\",\"ec2messages:GetEndpoint\",\"ec2messages:GetMessages\",\"ec2messages:SendReply\"],\"Effect\":\"Allow\",\"Resource\":\"*\"},{\"Action\":[\"ssm:DescribeDocument\",\"ssm:PutConfigurePackageResult\",\"ssm:ListInstanceAssociations\",\"ssm:UpdateAssociationStatus\",\"ssm:UpdateInstanceInformation\",\"ssm:GetDocument\",\"ssm:ListDocument\",\"ssm:PutComplianceItems\",\"ssm:DescribeAssociation\",\"ssm:PutInventory\",\"ssm:ListAssociations\",\"ssm:CreateAssociation\",\"ssm:UpdateInstanceAssociationStatus\"],\"Effect\":\"Allow\",\"Resource\":\"*\"},{\"Action\":[\"ds:CreateComputer\",\"ds:DescribeDirectories\"],\"Effect\":\"Allow\",\"Resource\":\"*\"},{\"Action\":[\"logs:CreateLogGroup\",\"logs:CreateLogStream\",\"logs:DescribeLogGroups\",\"logs:DescribeLogStreams\",\"logs:PutLogEvents\"],\"Effect\":\"Allow\",\"Resource\":\"*\"},{\"Action\":[\"s3:GetBucketLocation\",\"s3:PutObject\",\"s3:GetObject\",\"s3:DeleteObject\",\"s3:GetEncryptionConfiguration\",\"s3:AbortMultipartUpload\",\"s3:ListMultipartUploadParts\",\"s3:ListBucket\",\"s3:ListBucketMultipartUploads\"],\"Effect\":\"Allow\",\"Resource\":\"*\"},{\"Action\":\"elasticloadbalancing:*\",\"Effect\":\"Allow\",\"Resource\":\"*\"},{\"Action\":[\"route53:ChangeResourceRecordSets\",\"route53:GetChange\",\"route53:ListHostedZones\"],\"Effect\":\"Allow\",\"Resource\":\"*\"},{\"Action\":\"cloudwatch:*\",\"Effect\":\"Allow\",\"Resource\":\"*\"},{\"Action\":\"autoscaling:*\",\"Effect\":\"Allow\",\"Resource\":\"*\"},{\"Action\":[\"iam:ListServerCertificates\",\"iam:GetServerCertificate\",\"iam:UploadServerCertificate\",\"iam:CreateServiceLinkedRole\"],\"Effect\":\"Allow\",\"Resource\":\"*\"}],\"Version\":\"2012-10-17\"}",
            "policy_id": "ANPATRTTSGCJWOOFNW2NF",
            "tags": {},
            "tags_all": {}
          },
          "sensitive_attributes": [],
          "private": "bnVsbA==",
          "dependencies": [
            "module.network.aws_eip.nat-eip",
            "module.network.aws_internet_gateway.igw",
            "module.network.aws_nat_gateway.nat-gateway",
            "module.network.aws_route_table.app-rt",
            "module.network.aws_route_table.database-rt",
            "module.network.aws_route_table.public-rt",
            "module.network.aws_route_table_association.app-subnet-association",
            "module.network.aws_route_table_association.database-subnet-association",
            "module.network.aws_route_table_association.public-subnet-association",
            "module.network.aws_security_group.app-sg",
            "module.network.aws_security_group.database-sg",
            "module.network.aws_security_group.public-sg",
            "module.network.aws_subnet.app-subnets",
            "module.network.aws_subnet.database-subnets",
            "module.network.aws_subnet.public-subnets",
            "module.network.aws_vpc.vpc",
            "module.network.aws_vpc_endpoint.ec2",
            "module.sftp.aws_s3_bucket.sftp-bucket",
            "module.sftp.aws_s3_bucket_acl.sftp",
            "module.sftp.aws_transfer_server.service_managed"
          ]
        }
      ]
    },
    {
      "module": "module.iam",
      "mode": "managed",
      "type": "aws_iam_policy",
      "name": "rds-sftp-policy",
      "provider": "provider[\"registry.terraform.io/hashicorp/aws\"]",
      "instances": [
        {
          "schema_version": 0,
          "attributes": {
            "arn": "arn:aws:iam::243981758611:policy/us-east-1-rds-sftp-policy",
            "description": "",
            "id": "arn:aws:iam::243981758611:policy/us-east-1-rds-sftp-policy",
            "name": "us-east-1-rds-sftp-policy",
            "name_prefix": null,
            "path": "/",
            "policy": "{\"Statement\":[{\"Action\":[\"s3:ListBucket\"],\"Effect\":\"Allow\",\"Resource\":\"arn:aws:s3:::us-east-1-sftp-bucket-team1\",\"Sid\":\"AllowListingOfUserFolder\"},{\"Action\":[\"s3:PutObject\",\"s3:GetObject\",\"s3:DeleteObject\",\"s3:DeleteObjectVersion\",\"s3:GetBucketLocation\",\"s3:GetObjectVersion\",\"s3:GetObjectACL\",\"s3:PutObjectACL\"],\"Effect\":\"Allow\",\"Resource\":\"arn:aws:s3:::us-east-1-sftp-bucket-team1/*\",\"Sid\":\"\"}],\"Version\":\"2012-10-17\"}",
            "policy_id": "ANPATRTTSGCJQY3A2MJ6R",
            "tags": {},
            "tags_all": {}
          },
          "sensitive_attributes": [],
          "private": "bnVsbA==",
          "dependencies": [
            "module.network.aws_eip.nat-eip",
            "module.network.aws_internet_gateway.igw",
            "module.network.aws_nat_gateway.nat-gateway",
            "module.network.aws_route_table.app-rt",
            "module.network.aws_route_table.database-rt",
            "module.network.aws_route_table.public-rt",
            "module.network.aws_route_table_association.app-subnet-association",
            "module.network.aws_route_table_association.database-subnet-association",
            "module.network.aws_route_table_association.public-subnet-association",
            "module.network.aws_security_group.app-sg",
            "module.network.aws_security_group.database-sg",
            "module.network.aws_security_group.public-sg",
            "module.network.aws_subnet.app-subnets",
            "module.network.aws_subnet.database-subnets",
            "module.network.aws_subnet.public-subnets",
            "module.network.aws_vpc.vpc",
            "module.network.aws_vpc_endpoint.ec2",
            "module.sftp.aws_s3_bucket.sftp-bucket",
            "module.sftp.aws_s3_bucket_acl.sftp",
            "module.sftp.aws_transfer_server.service_managed"
          ]
        }
      ]
    },
    {
      "module": "module.iam",
      "mode": "managed",
      "type": "aws_iam_policy",
      "name": "sftp-policy",
      "provider": "provider[\"registry.terraform.io/hashicorp/aws\"]",
      "instances": [
        {
          "schema_version": 0,
          "attributes": {
            "arn": "arn:aws:iam::243981758611:policy/us-east-1-sftp-policy",
            "description": "",
            "id": "arn:aws:iam::243981758611:policy/us-east-1-sftp-policy",
            "name": "us-east-1-sftp-policy",
            "name_prefix": null,
            "path": "/",
            "policy": "{\"Statement\":[{\"Action\":\"s3:ListBucket\",\"Effect\":\"Allow\",\"Resource\":\"arn:aws:s3:::us-east-1-sftp-bucket-team1\",\"Sid\":\"AllowListingOfUserFolder\"},{\"Action\":[\"s3:PutObject\",\"s3:GetObject\",\"s3:DeleteObject\",\"s3:DeleteObjectVersion\",\"s3:GetBucketLocation\",\"s3:GetObjectVersion\",\"s3:GetObjectACL\",\"s3:PutObjectACL\"],\"Effect\":\"Allow\",\"Resource\":\"arn:aws:s3:::us-east-1-sftp-bucket-team1/*\",\"Sid\":\"HomeDirObjectAccess\"}],\"Version\":\"2012-10-17\"}",
            "policy_id": "ANPATRTTSGCJTLKMGBL6E",
            "tags": {},
            "tags_all": {}
          },
          "sensitive_attributes": [],
          "private": "bnVsbA==",
          "dependencies": [
            "module.network.aws_eip.nat-eip",
            "module.network.aws_internet_gateway.igw",
            "module.network.aws_nat_gateway.nat-gateway",
            "module.network.aws_route_table.app-rt",
            "module.network.aws_route_table.database-rt",
            "module.network.aws_route_table.public-rt",
            "module.network.aws_route_table_association.app-subnet-association",
            "module.network.aws_route_table_association.database-subnet-association",
            "module.network.aws_route_table_association.public-subnet-association",
            "module.network.aws_security_group.app-sg",
            "module.network.aws_security_group.database-sg",
            "module.network.aws_security_group.public-sg",
            "module.network.aws_subnet.app-subnets",
            "module.network.aws_subnet.database-subnets",
            "module.network.aws_subnet.public-subnets",
            "module.network.aws_vpc.vpc",
            "module.network.aws_vpc_endpoint.ec2",
            "module.sftp.aws_s3_bucket.sftp-bucket",
            "module.sftp.aws_s3_bucket_acl.sftp",
            "module.sftp.aws_transfer_server.service_managed"
          ]
        }
      ]
    },
    {
      "module": "module.iam",
      "mode": "managed",
      "type": "aws_iam_policy_attachment",
      "name": "rds-ad-policy-attach",
      "provider": "provider[\"registry.terraform.io/hashicorp/aws\"]",
      "instances": [
        {
          "schema_version": 0,
          "attributes": {
            "groups": [],
            "id": "us-east-1-team1-rds-ad policy attachment",
            "name": "us-east-1-team1-rds-ad policy attachment",
            "policy_arn": "arn:aws:iam::243981758611:policy/terraform-20221202221638785400000001",
            "roles": [
              "us-east-1-rds-ad-role"
            ],
            "users": []
          },
          "sensitive_attributes": [],
          "private": "bnVsbA==",
          "dependencies": [
            "module.iam.aws_iam_policy.rds-ad-policy",
            "module.iam.aws_iam_role.rds-ad-role",
            "module.network.aws_eip.nat-eip",
            "module.network.aws_internet_gateway.igw",
            "module.network.aws_nat_gateway.nat-gateway",
            "module.network.aws_route_table.app-rt",
            "module.network.aws_route_table.database-rt",
            "module.network.aws_route_table.public-rt",
            "module.network.aws_route_table_association.app-subnet-association",
            "module.network.aws_route_table_association.database-subnet-association",
            "module.network.aws_route_table_association.public-subnet-association",
            "module.network.aws_security_group.app-sg",
            "module.network.aws_security_group.database-sg",
            "module.network.aws_security_group.public-sg",
            "module.network.aws_subnet.app-subnets",
            "module.network.aws_subnet.database-subnets",
            "module.network.aws_subnet.public-subnets",
            "module.network.aws_vpc.vpc",
            "module.network.aws_vpc_endpoint.ec2",
            "module.sftp.aws_s3_bucket.sftp-bucket",
            "module.sftp.aws_s3_bucket_acl.sftp",
            "module.sftp.aws_transfer_server.service_managed"
          ]
        }
      ]
    },
    {
      "module": "module.iam",
      "mode": "managed",
      "type": "aws_iam_policy_attachment",
      "name": "rds-sftp-policy-attach",
      "provider": "provider[\"registry.terraform.io/hashicorp/aws\"]",
      "instances": [
        {
          "schema_version": 0,
          "attributes": {
            "groups": [],
            "id": "us-east-1-team1-rds-sftp policy attachment",
            "name": "us-east-1-team1-rds-sftp policy attachment",
            "policy_arn": "arn:aws:iam::243981758611:policy/us-east-1-rds-sftp-policy",
            "roles": [
              "us-east-1-rds-sftp-role"
            ],
            "users": []
          },
          "sensitive_attributes": [],
          "private": "bnVsbA==",
          "dependencies": [
            "module.iam.aws_iam_policy.rds-sftp-policy",
            "module.iam.aws_iam_role.rds-sftp-role",
            "module.network.aws_eip.nat-eip",
            "module.network.aws_internet_gateway.igw",
            "module.network.aws_nat_gateway.nat-gateway",
            "module.network.aws_route_table.app-rt",
            "module.network.aws_route_table.database-rt",
            "module.network.aws_route_table.public-rt",
            "module.network.aws_route_table_association.app-subnet-association",
            "module.network.aws_route_table_association.database-subnet-association",
            "module.network.aws_route_table_association.public-subnet-association",
            "module.network.aws_security_group.app-sg",
            "module.network.aws_security_group.database-sg",
            "module.network.aws_security_group.public-sg",
            "module.network.aws_subnet.app-subnets",
            "module.network.aws_subnet.database-subnets",
            "module.network.aws_subnet.public-subnets",
            "module.network.aws_vpc.vpc",
            "module.network.aws_vpc_endpoint.ec2",
            "module.sftp.aws_s3_bucket.sftp-bucket",
            "module.sftp.aws_s3_bucket_acl.sftp",
            "module.sftp.aws_transfer_server.service_managed"
          ]
        }
      ]
    },
    {
      "module": "module.iam",
      "mode": "managed",
      "type": "aws_iam_policy_attachment",
      "name": "sftp-policy-attach",
      "provider": "provider[\"registry.terraform.io/hashicorp/aws\"]",
      "instances": [
        {
          "schema_version": 0,
          "attributes": {
            "groups": [],
            "id": "us-east-1-team1-sftp policy attachment",
            "name": "us-east-1-team1-sftp policy attachment",
            "policy_arn": "arn:aws:iam::243981758611:policy/us-east-1-sftp-policy",
            "roles": [
              "us-east-1-sftp-transfer-role"
            ],
            "users": []
          },
          "sensitive_attributes": [],
          "private": "bnVsbA==",
          "dependencies": [
            "module.iam.aws_iam_policy.sftp-policy",
            "module.iam.aws_iam_role.sftp-role",
            "module.network.aws_eip.nat-eip",
            "module.network.aws_internet_gateway.igw",
            "module.network.aws_nat_gateway.nat-gateway",
            "module.network.aws_route_table.app-rt",
            "module.network.aws_route_table.database-rt",
            "module.network.aws_route_table.public-rt",
            "module.network.aws_route_table_association.app-subnet-association",
            "module.network.aws_route_table_association.database-subnet-association",
            "module.network.aws_route_table_association.public-subnet-association",
            "module.network.aws_security_group.app-sg",
            "module.network.aws_security_group.database-sg",
            "module.network.aws_security_group.public-sg",
            "module.network.aws_subnet.app-subnets",
            "module.network.aws_subnet.database-subnets",
            "module.network.aws_subnet.public-subnets",
            "module.network.aws_vpc.vpc",
            "module.network.aws_vpc_endpoint.ec2",
            "module.sftp.aws_s3_bucket.sftp-bucket",
            "module.sftp.aws_s3_bucket_acl.sftp",
            "module.sftp.aws_transfer_server.service_managed"
          ]
        }
      ]
    },
    {
      "module": "module.iam",
      "mode": "managed",
      "type": "aws_iam_role",
      "name": "dms-access-for-endpoint",
      "provider": "provider[\"registry.terraform.io/hashicorp/aws\"]",
      "instances": [
        {
          "schema_version": 0,
          "attributes": {
            "arn": "arn:aws:iam::243981758611:role/us-east-1-team1-dms-access-for-endpoint",
            "assume_role_policy": "{\"Statement\":[{\"Action\":\"sts:AssumeRole\",\"Effect\":\"Allow\",\"Principal\":{\"Service\":\"dms.amazonaws.com\"},\"Sid\":\"\"}],\"Version\":\"2012-10-17\"}",
            "create_date": "2022-12-02T19:27:12Z",
            "description": "",
            "force_detach_policies": false,
            "id": "us-east-1-team1-dms-access-for-endpoint",
            "inline_policy": [],
            "managed_policy_arns": [],
            "max_session_duration": 3600,
            "name": "us-east-1-team1-dms-access-for-endpoint",
            "name_prefix": "",
            "path": "/",
            "permissions_boundary": null,
            "tags": {},
            "tags_all": {},
            "unique_id": "AROATRTTSGCJUVPICFR5T"
          },
          "sensitive_attributes": [],
          "private": "bnVsbA==",
          "dependencies": [
            "module.iam.data.aws_iam_policy_document.dms_assume_role",
            "module.network.aws_eip.nat-eip",
            "module.network.aws_internet_gateway.igw",
            "module.network.aws_nat_gateway.nat-gateway",
            "module.network.aws_route_table.app-rt",
            "module.network.aws_route_table.database-rt",
            "module.network.aws_route_table.public-rt",
            "module.network.aws_route_table_association.app-subnet-association",
            "module.network.aws_route_table_association.database-subnet-association",
            "module.network.aws_route_table_association.public-subnet-association",
            "module.network.aws_security_group.app-sg",
            "module.network.aws_security_group.database-sg",
            "module.network.aws_security_group.public-sg",
            "module.network.aws_subnet.app-subnets",
            "module.network.aws_subnet.database-subnets",
            "module.network.aws_subnet.public-subnets",
            "module.network.aws_vpc.vpc",
            "module.network.aws_vpc_endpoint.ec2",
            "module.network.aws_vpc_endpoint.s3",
            "module.sftp.aws_s3_bucket.sftp",
            "module.sftp.aws_s3_bucket.sftp-bucket",
            "module.sftp.aws_s3_bucket_acl.sftp",
            "module.sftp.aws_transfer_server.service_managed"
          ]
        }
      ]
    },
    {
      "module": "module.iam",
      "mode": "managed",
      "type": "aws_iam_role",
      "name": "dms-cloudwatch-logs-role",
      "provider": "provider[\"registry.terraform.io/hashicorp/aws\"]",
      "instances": [
        {
          "schema_version": 0,
          "attributes": {
            "arn": "arn:aws:iam::243981758611:role/us-east-1-team1-dms-cloudwatch-logs-role",
            "assume_role_policy": "{\"Statement\":[{\"Action\":\"sts:AssumeRole\",\"Effect\":\"Allow\",\"Principal\":{\"Service\":\"dms.amazonaws.com\"},\"Sid\":\"\"}],\"Version\":\"2012-10-17\"}",
            "create_date": "2022-12-02T19:27:12Z",
            "description": "",
            "force_detach_policies": false,
            "id": "us-east-1-team1-dms-cloudwatch-logs-role",
            "inline_policy": [],
            "managed_policy_arns": [
              "arn:aws:iam::aws:policy/service-role/AmazonDMSCloudWatchLogsRole"
            ],
            "max_session_duration": 3600,
            "name": "us-east-1-team1-dms-cloudwatch-logs-role",
            "name_prefix": "",
            "path": "/",
            "permissions_boundary": null,
            "tags": {},
            "tags_all": {},
            "unique_id": "AROATRTTSGCJ236IJGVYW"
          },
          "sensitive_attributes": [],
          "private": "bnVsbA==",
          "dependencies": [
            "module.iam.data.aws_iam_policy_document.dms_assume_role",
            "module.network.aws_eip.nat-eip",
            "module.network.aws_internet_gateway.igw",
            "module.network.aws_nat_gateway.nat-gateway",
            "module.network.aws_route_table.app-rt",
            "module.network.aws_route_table.database-rt",
            "module.network.aws_route_table.public-rt",
            "module.network.aws_route_table_association.app-subnet-association",
            "module.network.aws_route_table_association.database-subnet-association",
            "module.network.aws_route_table_association.public-subnet-association",
            "module.network.aws_security_group.app-sg",
            "module.network.aws_security_group.database-sg",
            "module.network.aws_security_group.public-sg",
            "module.network.aws_subnet.app-subnets",
            "module.network.aws_subnet.database-subnets",
            "module.network.aws_subnet.public-subnets",
            "module.network.aws_vpc.vpc",
            "module.network.aws_vpc_endpoint.ec2",
            "module.network.aws_vpc_endpoint.s3",
            "module.sftp.aws_s3_bucket.sftp",
            "module.sftp.aws_s3_bucket.sftp-bucket",
            "module.sftp.aws_s3_bucket_acl.sftp",
            "module.sftp.aws_transfer_server.service_managed"
          ]
        }
      ]
    },
    {
      "module": "module.iam",
      "mode": "managed",
      "type": "aws_iam_role",
      "name": "dms-vpc-role",
      "provider": "provider[\"registry.terraform.io/hashicorp/aws\"]",
      "instances": [
        {
          "schema_version": 0,
          "attributes": {
            "arn": "arn:aws:iam::243981758611:role/us-east-1-team1-dms-vpc-role",
            "assume_role_policy": "{\"Statement\":[{\"Action\":\"sts:AssumeRole\",\"Effect\":\"Allow\",\"Principal\":{\"Service\":\"dms.amazonaws.com\"},\"Sid\":\"\"}],\"Version\":\"2012-10-17\"}",
            "create_date": "2022-12-02T19:27:12Z",
            "description": "",
            "force_detach_policies": false,
            "id": "us-east-1-team1-dms-vpc-role",
            "inline_policy": [],
            "managed_policy_arns": [
              "arn:aws:iam::aws:policy/service-role/AmazonDMSVPCManagementRole"
            ],
            "max_session_duration": 3600,
            "name": "us-east-1-team1-dms-vpc-role",
            "name_prefix": "",
            "path": "/",
            "permissions_boundary": null,
            "tags": {},
            "tags_all": {},
            "unique_id": "AROATRTTSGCJVH4UZIW3Q"
          },
          "sensitive_attributes": [],
          "private": "bnVsbA==",
          "dependencies": [
            "module.iam.data.aws_iam_policy_document.dms_assume_role",
            "module.network.aws_eip.nat-eip",
            "module.network.aws_internet_gateway.igw",
            "module.network.aws_nat_gateway.nat-gateway",
            "module.network.aws_route_table.app-rt",
            "module.network.aws_route_table.database-rt",
            "module.network.aws_route_table.public-rt",
            "module.network.aws_route_table_association.app-subnet-association",
            "module.network.aws_route_table_association.database-subnet-association",
            "module.network.aws_route_table_association.public-subnet-association",
            "module.network.aws_security_group.app-sg",
            "module.network.aws_security_group.database-sg",
            "module.network.aws_security_group.public-sg",
            "module.network.aws_subnet.app-subnets",
            "module.network.aws_subnet.database-subnets",
            "module.network.aws_subnet.public-subnets",
            "module.network.aws_vpc.vpc",
            "module.network.aws_vpc_endpoint.ec2",
            "module.network.aws_vpc_endpoint.s3",
            "module.sftp.aws_s3_bucket.sftp",
            "module.sftp.aws_s3_bucket.sftp-bucket",
            "module.sftp.aws_s3_bucket_acl.sftp",
            "module.sftp.aws_transfer_server.service_managed"
          ]
        }
      ]
    },
    {
      "module": "module.iam",
      "mode": "managed",
      "type": "aws_iam_role",
      "name": "rds-ad-role",
      "provider": "provider[\"registry.terraform.io/hashicorp/aws\"]",
      "instances": [
        {
          "schema_version": 0,
          "attributes": {
            "arn": "arn:aws:iam::243981758611:role/us-east-1-rds-ad-role",
            "assume_role_policy": "{\"Statement\":[{\"Action\":\"sts:AssumeRole\",\"Effect\":\"Allow\",\"Principal\":{\"Service\":[\"ds.amazonaws.com\",\"rds.amazonaws.com\"]},\"Sid\":\"\"}],\"Version\":\"2012-10-17\"}",
            "create_date": "2022-12-02T22:16:39Z",
            "description": "Allow AWS Transfer to call AWS services on your behalf.",
            "force_detach_policies": false,
            "id": "us-east-1-rds-ad-role",
            "inline_policy": [],
            "managed_policy_arns": [
              "arn:aws:iam::243981758611:policy/terraform-20221202221638785400000001"
            ],
            "max_session_duration": 3600,
            "name": "us-east-1-rds-ad-role",
            "name_prefix": "",
            "path": "/",
            "permissions_boundary": null,
            "tags": {},
            "tags_all": {},
            "unique_id": "AROATRTTSGCJV34OHZX5W"
          },
          "sensitive_attributes": [],
          "private": "bnVsbA==",
          "dependencies": [
            "module.network.aws_eip.nat-eip",
            "module.network.aws_internet_gateway.igw",
            "module.network.aws_nat_gateway.nat-gateway",
            "module.network.aws_route_table.app-rt",
            "module.network.aws_route_table.database-rt",
            "module.network.aws_route_table.public-rt",
            "module.network.aws_route_table_association.app-subnet-association",
            "module.network.aws_route_table_association.database-subnet-association",
            "module.network.aws_route_table_association.public-subnet-association",
            "module.network.aws_security_group.app-sg",
            "module.network.aws_security_group.database-sg",
            "module.network.aws_security_group.public-sg",
            "module.network.aws_subnet.app-subnets",
            "module.network.aws_subnet.database-subnets",
            "module.network.aws_subnet.public-subnets",
            "module.network.aws_vpc.vpc",
            "module.network.aws_vpc_endpoint.ec2",
            "module.sftp.aws_s3_bucket.sftp-bucket",
            "module.sftp.aws_s3_bucket_acl.sftp",
            "module.sftp.aws_transfer_server.service_managed"
          ],
          "create_before_destroy": true
        }
      ]
    },
    {
      "module": "module.iam",
      "mode": "managed",
      "type": "aws_iam_role",
      "name": "rds-sftp-role",
      "provider": "provider[\"registry.terraform.io/hashicorp/aws\"]",
      "instances": [
        {
          "schema_version": 0,
          "attributes": {
            "arn": "arn:aws:iam::243981758611:role/us-east-1-rds-sftp-role",
            "assume_role_policy": "{\"Statement\":[{\"Action\":\"sts:AssumeRole\",\"Effect\":\"Allow\",\"Principal\":{\"Service\":[\"transfer.amazonaws.com\",\"rds.amazonaws.com\"]},\"Sid\":\"\"}],\"Version\":\"2012-10-17\"}",
            "create_date": "2022-12-02T20:07:07Z",
            "description": "Allow AWS Transfer to call AWS services on your behalf.",
            "force_detach_policies": false,
            "id": "us-east-1-rds-sftp-role",
            "inline_policy": [],
            "managed_policy_arns": [
              "arn:aws:iam::243981758611:policy/us-east-1-rds-sftp-policy"
            ],
            "max_session_duration": 3600,
            "name": "us-east-1-rds-sftp-role",
            "name_prefix": "",
            "path": "/",
            "permissions_boundary": null,
            "tags": {},
            "tags_all": {},
            "unique_id": "AROATRTTSGCJT4UZEFJH6"
          },
          "sensitive_attributes": [],
          "private": "bnVsbA==",
          "dependencies": [
            "module.network.aws_eip.nat-eip",
            "module.network.aws_internet_gateway.igw",
            "module.network.aws_nat_gateway.nat-gateway",
            "module.network.aws_route_table.app-rt",
            "module.network.aws_route_table.database-rt",
            "module.network.aws_route_table.public-rt",
            "module.network.aws_route_table_association.app-subnet-association",
            "module.network.aws_route_table_association.database-subnet-association",
            "module.network.aws_route_table_association.public-subnet-association",
            "module.network.aws_security_group.app-sg",
            "module.network.aws_security_group.database-sg",
            "module.network.aws_security_group.public-sg",
            "module.network.aws_subnet.app-subnets",
            "module.network.aws_subnet.database-subnets",
            "module.network.aws_subnet.public-subnets",
            "module.network.aws_vpc.vpc",
            "module.network.aws_vpc_endpoint.ec2",
            "module.sftp.aws_s3_bucket.sftp-bucket",
            "module.sftp.aws_s3_bucket_acl.sftp",
            "module.sftp.aws_transfer_server.service_managed"
          ]
        }
      ]
    },
    {
      "module": "module.iam",
      "mode": "managed",
      "type": "aws_iam_role",
      "name": "role",
      "provider": "provider[\"registry.terraform.io/hashicorp/aws\"]",
      "instances": [
        {
          "schema_version": 0,
          "attributes": {
            "arn": "arn:aws:iam::243981758611:role/terraform-20221202192711999100000001",
            "assume_role_policy": "{\"Statement\":[{\"Action\":\"sts:AssumeRole\",\"Effect\":\"Allow\",\"Principal\":{\"Service\":\"ec2.amazonaws.com\"},\"Sid\":\"\"}],\"Version\":\"2012-10-17\"}",
            "create_date": "2022-12-02T19:27:12Z",
            "description": "",
            "force_detach_policies": false,
            "id": "terraform-20221202192711999100000001",
            "inline_policy": [],
            "managed_policy_arns": [
              "arn:aws:iam::aws:policy/service-role/AmazonEC2RoleforSSM"
            ],
            "max_session_duration": 3600,
            "name": "terraform-20221202192711999100000001",
            "name_prefix": "terraform-",
            "path": "/",
            "permissions_boundary": null,
            "tags": {},
            "tags_all": {},
            "unique_id": "AROATRTTSGCJ4KQ7PYMJG"
          },
          "sensitive_attributes": [],
          "private": "bnVsbA==",
          "dependencies": [
            "module.network.aws_eip.nat-eip",
            "module.network.aws_internet_gateway.igw",
            "module.network.aws_nat_gateway.nat-gateway",
            "module.network.aws_route_table.app-rt",
            "module.network.aws_route_table.database-rt",
            "module.network.aws_route_table.public-rt",
            "module.network.aws_route_table_association.app-subnet-association",
            "module.network.aws_route_table_association.database-subnet-association",
            "module.network.aws_route_table_association.public-subnet-association",
            "module.network.aws_security_group.app-sg",
            "module.network.aws_security_group.database-sg",
            "module.network.aws_security_group.public-sg",
            "module.network.aws_subnet.app-subnets",
            "module.network.aws_subnet.database-subnets",
            "module.network.aws_subnet.public-subnets",
            "module.network.aws_vpc.vpc",
            "module.network.aws_vpc_endpoint.ec2",
            "module.sftp.aws_s3_bucket.sftp-bucket",
            "module.sftp.aws_s3_bucket_acl.sftp",
            "module.sftp.aws_transfer_server.service_managed"
          ]
        }
      ]
    },
    {
      "module": "module.iam",
      "mode": "managed",
      "type": "aws_iam_role",
      "name": "sftp-role",
      "provider": "provider[\"registry.terraform.io/hashicorp/aws\"]",
      "instances": [
        {
          "schema_version": 0,
          "attributes": {
            "arn": "arn:aws:iam::243981758611:role/us-east-1-sftp-transfer-role",
            "assume_role_policy": "{\"Statement\":[{\"Action\":\"sts:AssumeRole\",\"Effect\":\"Allow\",\"Principal\":{\"Service\":\"transfer.amazonaws.com\"},\"Sid\":\"\"}],\"Version\":\"2012-10-17\"}",
            "create_date": "2022-12-02T20:07:07Z",
            "description": "Allow AWS Transfer to call AWS services on your behalf.",
            "force_detach_policies": false,
            "id": "us-east-1-sftp-transfer-role",
            "inline_policy": [],
            "managed_policy_arns": [
              "arn:aws:iam::243981758611:policy/us-east-1-sftp-policy"
            ],
            "max_session_duration": 3600,
            "name": "us-east-1-sftp-transfer-role",
            "name_prefix": "",
            "path": "/",
            "permissions_boundary": null,
            "tags": {},
            "tags_all": {},
            "unique_id": "AROATRTTSGCJ54VCEDPWZ"
          },
          "sensitive_attributes": [],
          "private": "bnVsbA==",
          "dependencies": [
            "module.network.aws_eip.nat-eip",
            "module.network.aws_internet_gateway.igw",
            "module.network.aws_nat_gateway.nat-gateway",
            "module.network.aws_route_table.app-rt",
            "module.network.aws_route_table.database-rt",
            "module.network.aws_route_table.public-rt",
            "module.network.aws_route_table_association.app-subnet-association",
            "module.network.aws_route_table_association.database-subnet-association",
            "module.network.aws_route_table_association.public-subnet-association",
            "module.network.aws_security_group.app-sg",
            "module.network.aws_security_group.database-sg",
            "module.network.aws_security_group.public-sg",
            "module.network.aws_subnet.app-subnets",
            "module.network.aws_subnet.database-subnets",
            "module.network.aws_subnet.public-subnets",
            "module.network.aws_vpc.vpc",
            "module.network.aws_vpc_endpoint.ec2",
            "module.sftp.aws_s3_bucket.sftp-bucket",
            "module.sftp.aws_s3_bucket_acl.sftp",
            "module.sftp.aws_transfer_server.service_managed"
          ]
        }
      ]
    },
    {
      "module": "module.iam",
      "mode": "managed",
      "type": "aws_iam_role_policy_attachment",
      "name": "attach_ssm_role",
      "provider": "provider[\"registry.terraform.io/hashicorp/aws\"]",
      "instances": [
        {
          "schema_version": 0,
          "attributes": {
            "id": "terraform-20221202192711999100000001-20221202192713127100000003",
            "policy_arn": "arn:aws:iam::aws:policy/service-role/AmazonEC2RoleforSSM",
            "role": "terraform-20221202192711999100000001"
          },
          "sensitive_attributes": [],
          "private": "bnVsbA==",
          "dependencies": [
            "module.iam.aws_iam_role.role",
            "module.network.aws_eip.nat-eip",
            "module.network.aws_internet_gateway.igw",
            "module.network.aws_nat_gateway.nat-gateway",
            "module.network.aws_route_table.app-rt",
            "module.network.aws_route_table.database-rt",
            "module.network.aws_route_table.public-rt",
            "module.network.aws_route_table_association.app-subnet-association",
            "module.network.aws_route_table_association.database-subnet-association",
            "module.network.aws_route_table_association.public-subnet-association",
            "module.network.aws_security_group.app-sg",
            "module.network.aws_security_group.database-sg",
            "module.network.aws_security_group.public-sg",
            "module.network.aws_subnet.app-subnets",
            "module.network.aws_subnet.database-subnets",
            "module.network.aws_subnet.public-subnets",
            "module.network.aws_vpc.vpc",
            "module.network.aws_vpc_endpoint.ec2",
            "module.sftp.aws_s3_bucket.sftp-bucket",
            "module.sftp.aws_s3_bucket_acl.sftp",
            "module.sftp.aws_transfer_server.service_managed"
          ]
        }
      ]
    },
    {
      "module": "module.iam",
      "mode": "managed",
      "type": "aws_iam_role_policy_attachment",
      "name": "dms-cloudwatch-logs-role",
      "provider": "provider[\"registry.terraform.io/hashicorp/aws\"]",
      "instances": [
        {
          "schema_version": 0,
          "attributes": {
            "id": "us-east-1-team1-dms-cloudwatch-logs-role-20221202192713137900000004",
            "policy_arn": "arn:aws:iam::aws:policy/service-role/AmazonDMSCloudWatchLogsRole",
            "role": "us-east-1-team1-dms-cloudwatch-logs-role"
          },
          "sensitive_attributes": [],
          "private": "bnVsbA==",
          "dependencies": [
            "module.iam.aws_iam_role.dms-cloudwatch-logs-role",
            "module.iam.data.aws_iam_policy_document.dms_assume_role",
            "module.network.aws_eip.nat-eip",
            "module.network.aws_internet_gateway.igw",
            "module.network.aws_nat_gateway.nat-gateway",
            "module.network.aws_route_table.app-rt",
            "module.network.aws_route_table.database-rt",
            "module.network.aws_route_table.public-rt",
            "module.network.aws_route_table_association.app-subnet-association",
            "module.network.aws_route_table_association.database-subnet-association",
            "module.network.aws_route_table_association.public-subnet-association",
            "module.network.aws_security_group.app-sg",
            "module.network.aws_security_group.database-sg",
            "module.network.aws_security_group.public-sg",
            "module.network.aws_subnet.app-subnets",
            "module.network.aws_subnet.database-subnets",
            "module.network.aws_subnet.public-subnets",
            "module.network.aws_vpc.vpc",
            "module.network.aws_vpc_endpoint.ec2",
            "module.sftp.aws_s3_bucket.sftp-bucket",
            "module.sftp.aws_s3_bucket_acl.sftp",
            "module.sftp.aws_transfer_server.service_managed"
          ]
        }
      ]
    },
    {
      "module": "module.iam",
      "mode": "managed",
      "type": "aws_iam_role_policy_attachment",
      "name": "dms-vpc-role",
      "provider": "provider[\"registry.terraform.io/hashicorp/aws\"]",
      "instances": [
        {
          "schema_version": 0,
          "attributes": {
            "id": "us-east-1-team1-dms-vpc-role-20221202192713192300000005",
            "policy_arn": "arn:aws:iam::aws:policy/service-role/AmazonDMSVPCManagementRole",
            "role": "us-east-1-team1-dms-vpc-role"
          },
          "sensitive_attributes": [],
          "private": "bnVsbA==",
          "dependencies": [
            "module.iam.aws_iam_role.dms-vpc-role",
            "module.iam.data.aws_iam_policy_document.dms_assume_role",
            "module.network.aws_eip.nat-eip",
            "module.network.aws_internet_gateway.igw",
            "module.network.aws_nat_gateway.nat-gateway",
            "module.network.aws_route_table.app-rt",
            "module.network.aws_route_table.database-rt",
            "module.network.aws_route_table.public-rt",
            "module.network.aws_route_table_association.app-subnet-association",
            "module.network.aws_route_table_association.database-subnet-association",
            "module.network.aws_route_table_association.public-subnet-association",
            "module.network.aws_security_group.app-sg",
            "module.network.aws_security_group.database-sg",
            "module.network.aws_security_group.public-sg",
            "module.network.aws_subnet.app-subnets",
            "module.network.aws_subnet.database-subnets",
            "module.network.aws_subnet.public-subnets",
            "module.network.aws_vpc.vpc",
            "module.network.aws_vpc_endpoint.ec2",
            "module.sftp.aws_s3_bucket.sftp-bucket",
            "module.sftp.aws_s3_bucket_acl.sftp",
            "module.sftp.aws_transfer_server.service_managed"
          ]
        }
      ]
    },
    {
      "module": "module.instances",
      "mode": "managed",
      "type": "aws_instance",
      "name": "jump-server-1",
      "provider": "provider[\"registry.terraform.io/hashicorp/aws\"]",
      "instances": [
        {
          "schema_version": 1,
          "attributes": {
            "ami": "ami-06371c9f2ad704460",
            "arn": "arn:aws:ec2:us-east-1:243981758611:instance/i-0c2b8377ec4dc5ec6",
            "associate_public_ip_address": true,
            "availability_zone": "us-east-1a",
            "capacity_reservation_specification": [
              {
                "capacity_reservation_preference": "open",
                "capacity_reservation_target": []
              }
            ],
            "cpu_core_count": 1,
            "cpu_threads_per_core": 1,
            "credit_specification": [
              {
                "cpu_credits": "standard"
              }
            ],
            "disable_api_stop": false,
            "disable_api_termination": false,
            "ebs_block_device": [],
            "ebs_optimized": false,
            "enclave_options": [
              {
                "enabled": false
              }
            ],
            "ephemeral_block_device": [],
            "get_password_data": false,
            "hibernation": false,
            "host_id": null,
            "host_resource_group_arn": null,
            "iam_instance_profile": "us-east-1-team1--ec2-instance-profile",
            "id": "i-0c2b8377ec4dc5ec6",
            "instance_initiated_shutdown_behavior": "stop",
            "instance_state": "running",
            "instance_type": "t2.small",
            "ipv6_address_count": 0,
            "ipv6_addresses": [],
            "key_name": "dms",
            "launch_template": [],
            "maintenance_options": [
              {
                "auto_recovery": "default"
              }
            ],
            "metadata_options": [
              {
                "http_endpoint": "enabled",
                "http_put_response_hop_limit": 1,
                "http_tokens": "optional",
                "instance_metadata_tags": "disabled"
              }
            ],
            "monitoring": false,
            "network_interface": [],
            "outpost_arn": "",
            "password_data": "",
            "placement_group": "",
            "placement_partition_number": null,
            "primary_network_interface_id": "eni-0edc9ed13f978b7b0",
            "private_dns": "ip-10-0-1-41.ec2.internal",
            "private_dns_name_options": [
              {
                "enable_resource_name_dns_a_record": false,
                "enable_resource_name_dns_aaaa_record": false,
                "hostname_type": "ip-name"
              }
            ],
            "private_ip": "10.0.1.41",
            "public_dns": "ec2-34-227-14-96.compute-1.amazonaws.com",
            "public_ip": "34.227.14.96",
            "root_block_device": [
              {
                "delete_on_termination": true,
                "device_name": "/dev/sda1",
                "encrypted": false,
                "iops": 100,
                "kms_key_id": "",
                "tags": {},
                "throughput": 0,
                "volume_id": "vol-02c5f3070bdc300ba",
                "volume_size": 30,
                "volume_type": "gp2"
              }
            ],
            "secondary_private_ips": [],
            "security_groups": [],
            "source_dest_check": true,
            "subnet_id": "subnet-0685a9155fb3397ca",
            "tags": {
              "Name": "default-us-east-1-jump-server-1",
              "Project": "team1",
              "environment": "default"
            },
            "tags_all": {
              "Name": "default-us-east-1-jump-server-1",
              "Project": "team1",
              "environment": "default"
            },
            "tenancy": "default",
            "timeouts": null,
            "user_data": null,
            "user_data_base64": null,
            "user_data_replace_on_change": false,
            "volume_tags": null,
            "vpc_security_group_ids": [
              "sg-056b4c17bd0a70239"
            ]
          },
          "sensitive_attributes": [],
          "private": "eyJlMmJmYjczMC1lY2FhLTExZTYtOGY4OC0zNDM2M2JjN2M0YzAiOnsiY3JlYXRlIjo2MDAwMDAwMDAwMDAsImRlbGV0ZSI6MTIwMDAwMDAwMDAwMCwidXBkYXRlIjo2MDAwMDAwMDAwMDB9LCJzY2hlbWFfdmVyc2lvbiI6IjEifQ==",
          "dependencies": [
            "module.iam.aws_iam_instance_profile.ec2-profile",
            "module.iam.aws_iam_role.role",
            "module.network.aws_eip.nat-eip",
            "module.network.aws_internet_gateway.igw",
            "module.network.aws_nat_gateway.nat-gateway",
            "module.network.aws_route_table.app-rt",
            "module.network.aws_route_table.database-rt",
            "module.network.aws_route_table.public-rt",
            "module.network.aws_route_table_association.app-subnet-association",
            "module.network.aws_route_table_association.database-subnet-association",
            "module.network.aws_route_table_association.public-subnet-association",
            "module.network.aws_security_group.app-sg",
            "module.network.aws_security_group.database-sg",
            "module.network.aws_security_group.public-sg",
            "module.network.aws_subnet.app-subnets",
            "module.network.aws_subnet.database-subnets",
            "module.network.aws_subnet.public-subnets",
            "module.network.aws_vpc.vpc",
            "module.network.aws_vpc_endpoint.ec2",
            "module.sftp.aws_s3_bucket.sftp-bucket",
            "module.sftp.aws_s3_bucket_acl.sftp",
            "module.sftp.aws_transfer_server.service_managed"
          ]
        }
      ]
    },
    {
      "module": "module.instances",
      "mode": "managed",
      "type": "aws_instance",
      "name": "sql-database-server",
      "provider": "provider[\"registry.terraform.io/hashicorp/aws\"]",
      "instances": [
        {
          "schema_version": 1,
          "attributes": {
            "ami": "ami-03682cbe3aba12927",
            "arn": "arn:aws:ec2:us-east-1:243981758611:instance/i-0b81bfee0915c97b9",
            "associate_public_ip_address": false,
            "availability_zone": "us-east-1a",
            "capacity_reservation_specification": [
              {
                "capacity_reservation_preference": "open",
                "capacity_reservation_target": []
              }
            ],
            "cpu_core_count": 2,
            "cpu_threads_per_core": 2,
            "credit_specification": [],
            "disable_api_stop": false,
            "disable_api_termination": false,
            "ebs_block_device": [],
            "ebs_optimized": false,
            "enclave_options": [
              {
                "enabled": false
              }
            ],
            "ephemeral_block_device": [],
            "get_password_data": false,
            "hibernation": false,
            "host_id": null,
            "host_resource_group_arn": null,
            "iam_instance_profile": "us-east-1-team1--ec2-instance-profile",
            "id": "i-0b81bfee0915c97b9",
            "instance_initiated_shutdown_behavior": "stop",
            "instance_state": "running",
            "instance_type": "c5.xlarge",
            "ipv6_address_count": 0,
            "ipv6_addresses": [],
            "key_name": "dms",
            "launch_template": [],
            "maintenance_options": [
              {
                "auto_recovery": "default"
              }
            ],
            "metadata_options": [
              {
                "http_endpoint": "enabled",
                "http_put_response_hop_limit": 1,
                "http_tokens": "optional",
                "instance_metadata_tags": "disabled"
              }
            ],
            "monitoring": false,
            "network_interface": [],
            "outpost_arn": "",
            "password_data": "",
            "placement_group": "",
            "placement_partition_number": null,
            "primary_network_interface_id": "eni-0d2ce13e170a51866",
            "private_dns": "ip-10-0-11-15.ec2.internal",
            "private_dns_name_options": [
              {
                "enable_resource_name_dns_a_record": false,
                "enable_resource_name_dns_aaaa_record": false,
                "hostname_type": "ip-name"
              }
            ],
            "private_ip": "10.0.11.15",
            "public_dns": "",
            "public_ip": "",
            "root_block_device": [
              {
                "delete_on_termination": true,
                "device_name": "/dev/sda1",
                "encrypted": false,
                "iops": 2000,
                "kms_key_id": "",
                "tags": {},
                "throughput": 0,
                "volume_id": "vol-0b1aa28868d540259",
                "volume_size": 500,
                "volume_type": "io1"
              }
            ],
            "secondary_private_ips": [],
            "security_groups": [],
            "source_dest_check": true,
            "subnet_id": "subnet-09435f48a9176fd13",
            "tags": {
              "Name": "default-us-east-1-sql-database-server",
              "Project": "team1",
              "environment": "default"
            },
            "tags_all": {
              "Name": "default-us-east-1-sql-database-server",
              "Project": "team1",
              "environment": "default"
            },
            "tenancy": "default",
            "timeouts": null,
            "user_data": null,
            "user_data_base64": null,
            "user_data_replace_on_change": false,
            "volume_tags": null,
            "vpc_security_group_ids": [
              "sg-01d99b22dd25f09ee"
            ]
          },
          "sensitive_attributes": [],
          "private": "eyJlMmJmYjczMC1lY2FhLTExZTYtOGY4OC0zNDM2M2JjN2M0YzAiOnsiY3JlYXRlIjo2MDAwMDAwMDAwMDAsImRlbGV0ZSI6MTIwMDAwMDAwMDAwMCwidXBkYXRlIjo2MDAwMDAwMDAwMDB9LCJzY2hlbWFfdmVyc2lvbiI6IjEifQ==",
          "dependencies": [
            "module.iam.aws_iam_instance_profile.ec2-profile",
            "module.iam.aws_iam_role.role",
            "module.network.aws_eip.nat-eip",
            "module.network.aws_internet_gateway.igw",
            "module.network.aws_nat_gateway.nat-gateway",
            "module.network.aws_route_table.app-rt",
            "module.network.aws_route_table.database-rt",
            "module.network.aws_route_table.public-rt",
            "module.network.aws_route_table_association.app-subnet-association",
            "module.network.aws_route_table_association.database-subnet-association",
            "module.network.aws_route_table_association.public-subnet-association",
            "module.network.aws_security_group.app-sg",
            "module.network.aws_security_group.database-sg",
            "module.network.aws_security_group.public-sg",
            "module.network.aws_subnet.app-subnets",
            "module.network.aws_subnet.database-subnets",
            "module.network.aws_subnet.public-subnets",
            "module.network.aws_vpc.vpc",
            "module.network.aws_vpc_endpoint.ec2",
            "module.sftp.aws_s3_bucket.sftp-bucket",
            "module.sftp.aws_s3_bucket_acl.sftp",
            "module.sftp.aws_transfer_server.service_managed"
          ]
        }
      ]
    },
    {
      "module": "module.network",
      "mode": "managed",
      "type": "aws_eip",
      "name": "nat-eip",
      "provider": "provider[\"registry.terraform.io/hashicorp/aws\"]",
      "instances": [
        {
          "index_key": 0,
          "schema_version": 0,
          "attributes": {
            "address": null,
            "allocation_id": "eipalloc-0b3f4a874f857bdb3",
            "associate_with_private_ip": null,
            "association_id": "eipassoc-09d2231d21dbb0988",
            "carrier_ip": "",
            "customer_owned_ip": "",
            "customer_owned_ipv4_pool": "",
            "domain": "vpc",
            "id": "eipalloc-0b3f4a874f857bdb3",
            "instance": "",
            "network_border_group": "us-east-1",
            "network_interface": "eni-02c18448068ca235d",
            "private_dns": "ip-10-0-1-49.ec2.internal",
            "private_ip": "10.0.1.49",
            "public_dns": "ec2-3-227-63-8.compute-1.amazonaws.com",
            "public_ip": "3.227.63.8",
            "public_ipv4_pool": "amazon",
            "tags": {},
            "tags_all": {},
            "timeouts": null,
            "vpc": true
          },
          "sensitive_attributes": [],
          "private": "eyJlMmJmYjczMC1lY2FhLTExZTYtOGY4OC0zNDM2M2JjN2M0YzAiOnsiZGVsZXRlIjoxODAwMDAwMDAwMDAsInJlYWQiOjkwMDAwMDAwMDAwMCwidXBkYXRlIjozMDAwMDAwMDAwMDB9fQ==",
          "create_before_destroy": true
        },
        {
          "index_key": 1,
          "schema_version": 0,
          "attributes": {
            "address": null,
            "allocation_id": "eipalloc-004719abbc545a97e",
            "associate_with_private_ip": null,
            "association_id": "eipassoc-0f5a94365ac1caaa0",
            "carrier_ip": "",
            "customer_owned_ip": "",
            "customer_owned_ipv4_pool": "",
            "domain": "vpc",
            "id": "eipalloc-004719abbc545a97e",
            "instance": "",
            "network_border_group": "us-east-1",
            "network_interface": "eni-0670c6a4c33eba7f6",
            "private_dns": "ip-10-0-2-215.ec2.internal",
            "private_ip": "10.0.2.215",
            "public_dns": "ec2-34-239-235-101.compute-1.amazonaws.com",
            "public_ip": "34.239.235.101",
            "public_ipv4_pool": "amazon",
            "tags": {},
            "tags_all": {},
            "timeouts": null,
            "vpc": true
          },
          "sensitive_attributes": [],
          "private": "eyJlMmJmYjczMC1lY2FhLTExZTYtOGY4OC0zNDM2M2JjN2M0YzAiOnsiZGVsZXRlIjoxODAwMDAwMDAwMDAsInJlYWQiOjkwMDAwMDAwMDAwMCwidXBkYXRlIjozMDAwMDAwMDAwMDB9fQ==",
          "create_before_destroy": true
        },
        {
          "index_key": 2,
          "schema_version": 0,
          "attributes": {
            "address": null,
            "allocation_id": "eipalloc-0d85368c4924732a5",
            "associate_with_private_ip": null,
            "association_id": "eipassoc-0126dce4958859a08",
            "carrier_ip": "",
            "customer_owned_ip": "",
            "customer_owned_ipv4_pool": "",
            "domain": "vpc",
            "id": "eipalloc-0d85368c4924732a5",
            "instance": "",
            "network_border_group": "us-east-1",
            "network_interface": "eni-029445d3a2cd51188",
            "private_dns": "ip-10-0-3-237.ec2.internal",
            "private_ip": "10.0.3.237",
            "public_dns": "ec2-34-195-192-75.compute-1.amazonaws.com",
            "public_ip": "34.195.192.75",
            "public_ipv4_pool": "amazon",
            "tags": {},
            "tags_all": {},
            "timeouts": null,
            "vpc": true
          },
          "sensitive_attributes": [],
          "private": "eyJlMmJmYjczMC1lY2FhLTExZTYtOGY4OC0zNDM2M2JjN2M0YzAiOnsiZGVsZXRlIjoxODAwMDAwMDAwMDAsInJlYWQiOjkwMDAwMDAwMDAwMCwidXBkYXRlIjozMDAwMDAwMDAwMDB9fQ==",
          "create_before_destroy": true
        }
      ]
    },
    {
      "module": "module.network",
      "mode": "managed",
      "type": "aws_internet_gateway",
      "name": "igw",
      "provider": "provider[\"registry.terraform.io/hashicorp/aws\"]",
      "instances": [
        {
          "schema_version": 0,
          "attributes": {
            "arn": "arn:aws:ec2:us-east-1:243981758611:internet-gateway/igw-016018edba6406d4f",
            "id": "igw-016018edba6406d4f",
            "owner_id": "243981758611",
            "tags": {
              "Name": "-us-east-1-igw",
              "Project": "team1",
              "environment": "default"
            },
            "tags_all": {
              "Name": "-us-east-1-igw",
              "Project": "team1",
              "environment": "default"
            },
            "timeouts": null,
            "vpc_id": "vpc-08d99dd3935e41c09"
          },
          "sensitive_attributes": [],
          "private": "eyJlMmJmYjczMC1lY2FhLTExZTYtOGY4OC0zNDM2M2JjN2M0YzAiOnsiY3JlYXRlIjoxMjAwMDAwMDAwMDAwLCJkZWxldGUiOjEyMDAwMDAwMDAwMDAsInVwZGF0ZSI6MTIwMDAwMDAwMDAwMH19",
          "dependencies": [
            "module.network.aws_vpc.vpc"
          ],
          "create_before_destroy": true
        }
      ]
    },
    {
      "module": "module.network",
      "mode": "managed",
      "type": "aws_nat_gateway",
      "name": "nat-gateway",
      "provider": "provider[\"registry.terraform.io/hashicorp/aws\"]",
      "instances": [
        {
          "index_key": 0,
          "schema_version": 0,
          "attributes": {
            "allocation_id": "eipalloc-0b3f4a874f857bdb3",
            "connectivity_type": "public",
            "id": "nat-01126fa28cde12037",
            "network_interface_id": "eni-02c18448068ca235d",
            "private_ip": "10.0.1.49",
            "public_ip": "3.227.63.8",
            "subnet_id": "subnet-0685a9155fb3397ca",
            "tags": {
              "Name": "us-east-1-nat-gw-1",
              "Project": "team1",
              "environment": "default"
            },
            "tags_all": {
              "Name": "us-east-1-nat-gw-1",
              "Project": "team1",
              "environment": "default"
            }
          },
          "sensitive_attributes": [],
          "private": "bnVsbA==",
          "dependencies": [
            "module.network.aws_eip.nat-eip",
            "module.network.aws_subnet.public-subnets",
            "module.network.aws_vpc.vpc"
          ],
          "create_before_destroy": true
        },
        {
          "index_key": 1,
          "schema_version": 0,
          "attributes": {
            "allocation_id": "eipalloc-004719abbc545a97e",
            "connectivity_type": "public",
            "id": "nat-08ab8968c9621ba20",
            "network_interface_id": "eni-0670c6a4c33eba7f6",
            "private_ip": "10.0.2.215",
            "public_ip": "34.239.235.101",
            "subnet_id": "subnet-06a36890324a87965",
            "tags": {
              "Name": "us-east-1-nat-gw-2",
              "Project": "team1",
              "environment": "default"
            },
            "tags_all": {
              "Name": "us-east-1-nat-gw-2",
              "Project": "team1",
              "environment": "default"
            }
          },
          "sensitive_attributes": [],
          "private": "bnVsbA==",
          "dependencies": [
            "module.network.aws_eip.nat-eip",
            "module.network.aws_subnet.public-subnets",
            "module.network.aws_vpc.vpc"
          ],
          "create_before_destroy": true
        },
        {
          "index_key": 2,
          "schema_version": 0,
          "attributes": {
            "allocation_id": "eipalloc-0d85368c4924732a5",
            "connectivity_type": "public",
            "id": "nat-030e19272032e741b",
            "network_interface_id": "eni-029445d3a2cd51188",
            "private_ip": "10.0.3.237",
            "public_ip": "34.195.192.75",
            "subnet_id": "subnet-0d61680fe451b0994",
            "tags": {
              "Name": "us-east-1-nat-gw-3",
              "Project": "team1",
              "environment": "default"
            },
            "tags_all": {
              "Name": "us-east-1-nat-gw-3",
              "Project": "team1",
              "environment": "default"
            }
          },
          "sensitive_attributes": [],
          "private": "bnVsbA==",
          "dependencies": [
            "module.network.aws_eip.nat-eip",
            "module.network.aws_subnet.public-subnets",
            "module.network.aws_vpc.vpc"
          ],
          "create_before_destroy": true
        }
      ]
    },
    {
      "module": "module.network",
      "mode": "managed",
      "type": "aws_route_table",
      "name": "app-rt",
      "provider": "provider[\"registry.terraform.io/hashicorp/aws\"]",
      "instances": [
        {
          "index_key": 0,
          "schema_version": 0,
          "attributes": {
            "arn": "arn:aws:ec2:us-east-1:243981758611:route-table/rtb-03edd0b68cf06c450",
            "id": "rtb-03edd0b68cf06c450",
            "owner_id": "243981758611",
            "propagating_vgws": [],
            "route": [
              {
                "carrier_gateway_id": "",
                "cidr_block": "0.0.0.0/0",
                "core_network_arn": "",
                "destination_prefix_list_id": "",
                "egress_only_gateway_id": "",
                "gateway_id": "nat-01126fa28cde12037",
                "instance_id": "",
                "ipv6_cidr_block": "",
                "local_gateway_id": "",
                "nat_gateway_id": "",
                "network_interface_id": "",
                "transit_gateway_id": "",
                "vpc_endpoint_id": "",
                "vpc_peering_connection_id": ""
              }
            ],
            "tags": {
              "Name": "us-east-1-app-rt-1",
              "Project": "team1",
              "environment": "default"
            },
            "tags_all": {
              "Name": "us-east-1-app-rt-1",
              "Project": "team1",
              "environment": "default"
            },
            "timeouts": null,
            "vpc_id": "vpc-08d99dd3935e41c09"
          },
          "sensitive_attributes": [],
          "private": "eyJlMmJmYjczMC1lY2FhLTExZTYtOGY4OC0zNDM2M2JjN2M0YzAiOnsiY3JlYXRlIjozMDAwMDAwMDAwMDAsImRlbGV0ZSI6MzAwMDAwMDAwMDAwLCJ1cGRhdGUiOjEyMDAwMDAwMDAwMH19",
          "dependencies": [
            "module.network.aws_nat_gateway.nat-gateway",
            "module.network.aws_vpc.vpc"
          ]
        },
        {
          "index_key": 1,
          "schema_version": 0,
          "attributes": {
            "arn": "arn:aws:ec2:us-east-1:243981758611:route-table/rtb-03daf2bfe17c30f5a",
            "id": "rtb-03daf2bfe17c30f5a",
            "owner_id": "243981758611",
            "propagating_vgws": [],
            "route": [
              {
                "carrier_gateway_id": "",
                "cidr_block": "0.0.0.0/0",
                "core_network_arn": "",
                "destination_prefix_list_id": "",
                "egress_only_gateway_id": "",
                "gateway_id": "nat-08ab8968c9621ba20",
                "instance_id": "",
                "ipv6_cidr_block": "",
                "local_gateway_id": "",
                "nat_gateway_id": "",
                "network_interface_id": "",
                "transit_gateway_id": "",
                "vpc_endpoint_id": "",
                "vpc_peering_connection_id": ""
              }
            ],
            "tags": {
              "Name": "us-east-1-app-rt-2",
              "Project": "team1",
              "environment": "default"
            },
            "tags_all": {
              "Name": "us-east-1-app-rt-2",
              "Project": "team1",
              "environment": "default"
            },
            "timeouts": null,
            "vpc_id": "vpc-08d99dd3935e41c09"
          },
          "sensitive_attributes": [],
          "private": "eyJlMmJmYjczMC1lY2FhLTExZTYtOGY4OC0zNDM2M2JjN2M0YzAiOnsiY3JlYXRlIjozMDAwMDAwMDAwMDAsImRlbGV0ZSI6MzAwMDAwMDAwMDAwLCJ1cGRhdGUiOjEyMDAwMDAwMDAwMH19",
          "dependencies": [
            "module.network.aws_nat_gateway.nat-gateway",
            "module.network.aws_vpc.vpc"
          ]
        },
        {
          "index_key": 2,
          "schema_version": 0,
          "attributes": {
            "arn": "arn:aws:ec2:us-east-1:243981758611:route-table/rtb-0a171907a20aa8e8e",
            "id": "rtb-0a171907a20aa8e8e",
            "owner_id": "243981758611",
            "propagating_vgws": [],
            "route": [
              {
                "carrier_gateway_id": "",
                "cidr_block": "0.0.0.0/0",
                "core_network_arn": "",
                "destination_prefix_list_id": "",
                "egress_only_gateway_id": "",
                "gateway_id": "nat-030e19272032e741b",
                "instance_id": "",
                "ipv6_cidr_block": "",
                "local_gateway_id": "",
                "nat_gateway_id": "",
                "network_interface_id": "",
                "transit_gateway_id": "",
                "vpc_endpoint_id": "",
                "vpc_peering_connection_id": ""
              }
            ],
            "tags": {
              "Name": "us-east-1-app-rt-3",
              "Project": "team1",
              "environment": "default"
            },
            "tags_all": {
              "Name": "us-east-1-app-rt-3",
              "Project": "team1",
              "environment": "default"
            },
            "timeouts": null,
            "vpc_id": "vpc-08d99dd3935e41c09"
          },
          "sensitive_attributes": [],
          "private": "eyJlMmJmYjczMC1lY2FhLTExZTYtOGY4OC0zNDM2M2JjN2M0YzAiOnsiY3JlYXRlIjozMDAwMDAwMDAwMDAsImRlbGV0ZSI6MzAwMDAwMDAwMDAwLCJ1cGRhdGUiOjEyMDAwMDAwMDAwMH19",
          "dependencies": [
            "module.network.aws_nat_gateway.nat-gateway",
            "module.network.aws_vpc.vpc"
          ]
        }
      ]
    },
    {
      "module": "module.network",
      "mode": "managed",
      "type": "aws_route_table",
      "name": "database-rt",
      "provider": "provider[\"registry.terraform.io/hashicorp/aws\"]",
      "instances": [
        {
          "index_key": 0,
          "schema_version": 0,
          "attributes": {
            "arn": "arn:aws:ec2:us-east-1:243981758611:route-table/rtb-0c40948dd9fe08509",
            "id": "rtb-0c40948dd9fe08509",
            "owner_id": "243981758611",
            "propagating_vgws": [],
            "route": [
              {
                "carrier_gateway_id": "",
                "cidr_block": "0.0.0.0/0",
                "core_network_arn": "",
                "destination_prefix_list_id": "",
                "egress_only_gateway_id": "",
                "gateway_id": "nat-01126fa28cde12037",
                "instance_id": "",
                "ipv6_cidr_block": "",
                "local_gateway_id": "",
                "nat_gateway_id": "",
                "network_interface_id": "",
                "transit_gateway_id": "",
                "vpc_endpoint_id": "",
                "vpc_peering_connection_id": ""
              }
            ],
            "tags": {
              "Name": "us-east-1-database-rt-1",
              "Project": "team1",
              "environment": "default"
            },
            "tags_all": {
              "Name": "us-east-1-database-rt-1",
              "Project": "team1",
              "environment": "default"
            },
            "timeouts": null,
            "vpc_id": "vpc-08d99dd3935e41c09"
          },
          "sensitive_attributes": [],
          "private": "eyJlMmJmYjczMC1lY2FhLTExZTYtOGY4OC0zNDM2M2JjN2M0YzAiOnsiY3JlYXRlIjozMDAwMDAwMDAwMDAsImRlbGV0ZSI6MzAwMDAwMDAwMDAwLCJ1cGRhdGUiOjEyMDAwMDAwMDAwMH19",
          "dependencies": [
            "module.network.aws_nat_gateway.nat-gateway",
            "module.network.aws_vpc.vpc"
          ]
        },
        {
          "index_key": 1,
          "schema_version": 0,
          "attributes": {
            "arn": "arn:aws:ec2:us-east-1:243981758611:route-table/rtb-001a0c0216360b029",
            "id": "rtb-001a0c0216360b029",
            "owner_id": "243981758611",
            "propagating_vgws": [],
            "route": [
              {
                "carrier_gateway_id": "",
                "cidr_block": "0.0.0.0/0",
                "core_network_arn": "",
                "destination_prefix_list_id": "",
                "egress_only_gateway_id": "",
                "gateway_id": "nat-08ab8968c9621ba20",
                "instance_id": "",
                "ipv6_cidr_block": "",
                "local_gateway_id": "",
                "nat_gateway_id": "",
                "network_interface_id": "",
                "transit_gateway_id": "",
                "vpc_endpoint_id": "",
                "vpc_peering_connection_id": ""
              }
            ],
            "tags": {
              "Name": "us-east-1-database-rt-2",
              "Project": "team1",
              "environment": "default"
            },
            "tags_all": {
              "Name": "us-east-1-database-rt-2",
              "Project": "team1",
              "environment": "default"
            },
            "timeouts": null,
            "vpc_id": "vpc-08d99dd3935e41c09"
          },
          "sensitive_attributes": [],
          "private": "eyJlMmJmYjczMC1lY2FhLTExZTYtOGY4OC0zNDM2M2JjN2M0YzAiOnsiY3JlYXRlIjozMDAwMDAwMDAwMDAsImRlbGV0ZSI6MzAwMDAwMDAwMDAwLCJ1cGRhdGUiOjEyMDAwMDAwMDAwMH19",
          "dependencies": [
            "module.network.aws_nat_gateway.nat-gateway",
            "module.network.aws_vpc.vpc"
          ]
        },
        {
          "index_key": 2,
          "schema_version": 0,
          "attributes": {
            "arn": "arn:aws:ec2:us-east-1:243981758611:route-table/rtb-0143dbda34d919207",
            "id": "rtb-0143dbda34d919207",
            "owner_id": "243981758611",
            "propagating_vgws": [],
            "route": [
              {
                "carrier_gateway_id": "",
                "cidr_block": "0.0.0.0/0",
                "core_network_arn": "",
                "destination_prefix_list_id": "",
                "egress_only_gateway_id": "",
                "gateway_id": "nat-030e19272032e741b",
                "instance_id": "",
                "ipv6_cidr_block": "",
                "local_gateway_id": "",
                "nat_gateway_id": "",
                "network_interface_id": "",
                "transit_gateway_id": "",
                "vpc_endpoint_id": "",
                "vpc_peering_connection_id": ""
              }
            ],
            "tags": {
              "Name": "us-east-1-database-rt-3",
              "Project": "team1",
              "environment": "default"
            },
            "tags_all": {
              "Name": "us-east-1-database-rt-3",
              "Project": "team1",
              "environment": "default"
            },
            "timeouts": null,
            "vpc_id": "vpc-08d99dd3935e41c09"
          },
          "sensitive_attributes": [],
          "private": "eyJlMmJmYjczMC1lY2FhLTExZTYtOGY4OC0zNDM2M2JjN2M0YzAiOnsiY3JlYXRlIjozMDAwMDAwMDAwMDAsImRlbGV0ZSI6MzAwMDAwMDAwMDAwLCJ1cGRhdGUiOjEyMDAwMDAwMDAwMH19",
          "dependencies": [
            "module.network.aws_nat_gateway.nat-gateway",
            "module.network.aws_vpc.vpc"
          ]
        }
      ]
    },
    {
      "module": "module.network",
      "mode": "managed",
      "type": "aws_route_table",
      "name": "public-rt",
      "provider": "provider[\"registry.terraform.io/hashicorp/aws\"]",
      "instances": [
        {
          "schema_version": 0,
          "attributes": {
            "arn": "arn:aws:ec2:us-east-1:243981758611:route-table/rtb-013cbcf00dae5afb5",
            "id": "rtb-013cbcf00dae5afb5",
            "owner_id": "243981758611",
            "propagating_vgws": [],
            "route": [
              {
                "carrier_gateway_id": "",
                "cidr_block": "0.0.0.0/0",
                "core_network_arn": "",
                "destination_prefix_list_id": "",
                "egress_only_gateway_id": "",
                "gateway_id": "igw-016018edba6406d4f",
                "instance_id": "",
                "ipv6_cidr_block": "",
                "local_gateway_id": "",
                "nat_gateway_id": "",
                "network_interface_id": "",
                "transit_gateway_id": "",
                "vpc_endpoint_id": "",
                "vpc_peering_connection_id": ""
              }
            ],
            "tags": {
              "Name": "us-east-1-public-rt",
              "Project": "team1",
              "environment": "default"
            },
            "tags_all": {
              "Name": "us-east-1-public-rt",
              "Project": "team1",
              "environment": "default"
            },
            "timeouts": null,
            "vpc_id": "vpc-08d99dd3935e41c09"
          },
          "sensitive_attributes": [],
          "private": "eyJlMmJmYjczMC1lY2FhLTExZTYtOGY4OC0zNDM2M2JjN2M0YzAiOnsiY3JlYXRlIjozMDAwMDAwMDAwMDAsImRlbGV0ZSI6MzAwMDAwMDAwMDAwLCJ1cGRhdGUiOjEyMDAwMDAwMDAwMH19",
          "dependencies": [
            "module.network.aws_internet_gateway.igw",
            "module.network.aws_vpc.vpc"
          ],
          "create_before_destroy": true
        }
      ]
    },
    {
      "module": "module.network",
      "mode": "managed",
      "type": "aws_route_table_association",
      "name": "app-subnet-association",
      "provider": "provider[\"registry.terraform.io/hashicorp/aws\"]",
      "instances": [
        {
          "index_key": 0,
          "schema_version": 0,
          "attributes": {
            "gateway_id": "",
            "id": "rtbassoc-0d00fb6ef8b944424",
            "route_table_id": "rtb-03edd0b68cf06c450",
            "subnet_id": "subnet-09435f48a9176fd13"
          },
          "sensitive_attributes": [],
          "private": "bnVsbA==",
          "dependencies": [
            "module.network.aws_eip.nat-eip",
            "module.network.aws_nat_gateway.nat-gateway",
            "module.network.aws_route_table.app-rt",
            "module.network.aws_subnet.app-subnets",
            "module.network.aws_subnet.public-subnets",
            "module.network.aws_vpc.vpc"
          ],
          "create_before_destroy": true
        },
        {
          "index_key": 1,
          "schema_version": 0,
          "attributes": {
            "gateway_id": "",
            "id": "rtbassoc-064fd47db446e8dc8",
            "route_table_id": "rtb-03daf2bfe17c30f5a",
            "subnet_id": "subnet-044e2a311bc5ca92e"
          },
          "sensitive_attributes": [],
          "private": "bnVsbA==",
          "dependencies": [
            "module.network.aws_eip.nat-eip",
            "module.network.aws_nat_gateway.nat-gateway",
            "module.network.aws_route_table.app-rt",
            "module.network.aws_subnet.app-subnets",
            "module.network.aws_subnet.public-subnets",
            "module.network.aws_vpc.vpc"
          ],
          "create_before_destroy": true
        },
        {
          "index_key": 2,
          "schema_version": 0,
          "attributes": {
            "gateway_id": "",
            "id": "rtbassoc-0c2d55b7b2f28bd34",
            "route_table_id": "rtb-0a171907a20aa8e8e",
            "subnet_id": "subnet-04e7db5cf8d04465e"
          },
          "sensitive_attributes": [],
          "private": "bnVsbA==",
          "dependencies": [
            "module.network.aws_eip.nat-eip",
            "module.network.aws_nat_gateway.nat-gateway",
            "module.network.aws_route_table.app-rt",
            "module.network.aws_subnet.app-subnets",
            "module.network.aws_subnet.public-subnets",
            "module.network.aws_vpc.vpc"
          ],
          "create_before_destroy": true
        }
      ]
    },
    {
      "module": "module.network",
      "mode": "managed",
      "type": "aws_route_table_association",
      "name": "database-subnet-association",
      "provider": "provider[\"registry.terraform.io/hashicorp/aws\"]",
      "instances": [
        {
          "index_key": 0,
          "schema_version": 0,
          "attributes": {
            "gateway_id": "",
            "id": "rtbassoc-01ad0ae7076099c82",
            "route_table_id": "rtb-0c40948dd9fe08509",
            "subnet_id": "subnet-0cdc3f3354a897c85"
          },
          "sensitive_attributes": [],
          "private": "bnVsbA==",
          "dependencies": [
            "module.network.aws_eip.nat-eip",
            "module.network.aws_nat_gateway.nat-gateway",
            "module.network.aws_route_table.database-rt",
            "module.network.aws_subnet.database-subnets",
            "module.network.aws_subnet.public-subnets",
            "module.network.aws_vpc.vpc"
          ],
          "create_before_destroy": true
        },
        {
          "index_key": 1,
          "schema_version": 0,
          "attributes": {
            "gateway_id": "",
            "id": "rtbassoc-0c18f327570b5e094",
            "route_table_id": "rtb-001a0c0216360b029",
            "subnet_id": "subnet-05ab00755f1543bb0"
          },
          "sensitive_attributes": [],
          "private": "bnVsbA==",
          "dependencies": [
            "module.network.aws_eip.nat-eip",
            "module.network.aws_nat_gateway.nat-gateway",
            "module.network.aws_route_table.database-rt",
            "module.network.aws_subnet.database-subnets",
            "module.network.aws_subnet.public-subnets",
            "module.network.aws_vpc.vpc"
          ],
          "create_before_destroy": true
        },
        {
          "index_key": 2,
          "schema_version": 0,
          "attributes": {
            "gateway_id": "",
            "id": "rtbassoc-0195da7fa93e838da",
            "route_table_id": "rtb-0143dbda34d919207",
            "subnet_id": "subnet-0976a8c9e058a2b0a"
          },
          "sensitive_attributes": [],
          "private": "bnVsbA==",
          "dependencies": [
            "module.network.aws_eip.nat-eip",
            "module.network.aws_nat_gateway.nat-gateway",
            "module.network.aws_route_table.database-rt",
            "module.network.aws_subnet.database-subnets",
            "module.network.aws_subnet.public-subnets",
            "module.network.aws_vpc.vpc"
          ],
          "create_before_destroy": true
        }
      ]
    },
    {
      "module": "module.network",
      "mode": "managed",
      "type": "aws_route_table_association",
      "name": "public-subnet-association",
      "provider": "provider[\"registry.terraform.io/hashicorp/aws\"]",
      "instances": [
        {
          "index_key": 0,
          "schema_version": 0,
          "attributes": {
            "gateway_id": "",
            "id": "rtbassoc-030a0844d59b50a87",
            "route_table_id": "rtb-013cbcf00dae5afb5",
            "subnet_id": "subnet-0685a9155fb3397ca"
          },
          "sensitive_attributes": [],
          "private": "bnVsbA==",
          "dependencies": [
            "module.network.aws_internet_gateway.igw",
            "module.network.aws_route_table.public-rt",
            "module.network.aws_subnet.public-subnets",
            "module.network.aws_vpc.vpc"
          ],
          "create_before_destroy": true
        },
        {
          "index_key": 1,
          "schema_version": 0,
          "attributes": {
            "gateway_id": "",
            "id": "rtbassoc-0cad3224bb5d9c728",
            "route_table_id": "rtb-013cbcf00dae5afb5",
            "subnet_id": "subnet-06a36890324a87965"
          },
          "sensitive_attributes": [],
          "private": "bnVsbA==",
          "dependencies": [
            "module.network.aws_internet_gateway.igw",
            "module.network.aws_route_table.public-rt",
            "module.network.aws_subnet.public-subnets",
            "module.network.aws_vpc.vpc"
          ],
          "create_before_destroy": true
        },
        {
          "index_key": 2,
          "schema_version": 0,
          "attributes": {
            "gateway_id": "",
            "id": "rtbassoc-02bad068242879673",
            "route_table_id": "rtb-013cbcf00dae5afb5",
            "subnet_id": "subnet-0d61680fe451b0994"
          },
          "sensitive_attributes": [],
          "private": "bnVsbA==",
          "dependencies": [
            "module.network.aws_internet_gateway.igw",
            "module.network.aws_route_table.public-rt",
            "module.network.aws_subnet.public-subnets",
            "module.network.aws_vpc.vpc"
          ],
          "create_before_destroy": true
        }
      ]
    },
    {
      "module": "module.network",
      "mode": "managed",
      "type": "aws_security_group",
      "name": "app-sg",
      "provider": "provider[\"registry.terraform.io/hashicorp/aws\"]",
      "instances": [
        {
          "schema_version": 1,
          "attributes": {
            "arn": "arn:aws:ec2:us-east-1:243981758611:security-group/sg-01d99b22dd25f09ee",
            "description": "Allow access from jump/alb",
            "egress": [
              {
                "cidr_blocks": [
                  "0.0.0.0/0"
                ],
                "description": "",
                "from_port": 0,
                "ipv6_cidr_blocks": [],
                "prefix_list_ids": [],
                "protocol": "-1",
                "security_groups": [],
                "self": false,
                "to_port": 0
              }
            ],
            "id": "sg-01d99b22dd25f09ee",
            "ingress": [
              {
                "cidr_blocks": [
                  "0.0.0.0/0"
                ],
                "description": "",
                "from_port": 1521,
                "ipv6_cidr_blocks": [],
                "prefix_list_ids": [],
                "protocol": "tcp",
                "security_groups": [],
                "self": false,
                "to_port": 1521
              },
              {
                "cidr_blocks": [
                  "0.0.0.0/0"
                ],
                "description": "Allows Amazon RDS Aurora (MySQL) Access",
                "from_port": 3306,
                "ipv6_cidr_blocks": [],
                "prefix_list_ids": [],
                "protocol": "tcp",
                "security_groups": [],
                "self": false,
                "to_port": 3306
              },
              {
                "cidr_blocks": [
                  "0.0.0.0/0"
                ],
                "description": "Allows SQL Server Access",
                "from_port": 1433,
                "ipv6_cidr_blocks": [],
                "prefix_list_ids": [],
                "protocol": "tcp",
                "security_groups": [],
                "self": false,
                "to_port": 1433
              },
              {
                "cidr_blocks": [
                  "0.0.0.0/0"
                ],
                "description": "Allows SQL Server Access",
                "from_port": 5432,
                "ipv6_cidr_blocks": [],
                "prefix_list_ids": [],
                "protocol": "tcp",
                "security_groups": [],
                "self": false,
                "to_port": 5432
              },
              {
                "cidr_blocks": [],
                "description": "allow rdp from jump server",
                "from_port": 3389,
                "ipv6_cidr_blocks": [],
                "prefix_list_ids": [],
                "protocol": "tcp",
                "security_groups": [
                  "sg-056b4c17bd0a70239"
                ],
                "self": false,
                "to_port": 3389
              }
            ],
            "name": "default-us-east-1-app-sg",
            "name_prefix": "",
            "owner_id": "243981758611",
            "revoke_rules_on_delete": false,
            "tags": {
              "Name": "default-us-east-1-app-sg",
              "Project": "team1",
              "environment": "default"
            },
            "tags_all": {
              "Name": "default-us-east-1-app-sg",
              "Project": "team1",
              "environment": "default"
            },
            "timeouts": null,
            "vpc_id": "vpc-08d99dd3935e41c09"
          },
          "sensitive_attributes": [],
          "private": "eyJlMmJmYjczMC1lY2FhLTExZTYtOGY4OC0zNDM2M2JjN2M0YzAiOnsiY3JlYXRlIjo2MDAwMDAwMDAwMDAsImRlbGV0ZSI6OTAwMDAwMDAwMDAwfSwic2NoZW1hX3ZlcnNpb24iOiIxIn0=",
          "dependencies": [
            "module.network.aws_security_group.public-sg",
            "module.network.aws_vpc.vpc"
          ],
          "create_before_destroy": true
        }
      ]
    },
    {
      "module": "module.network",
      "mode": "managed",
      "type": "aws_security_group",
      "name": "database-sg",
      "provider": "provider[\"registry.terraform.io/hashicorp/aws\"]",
      "instances": [
        {
          "schema_version": 1,
          "attributes": {
            "arn": "arn:aws:ec2:us-east-1:243981758611:security-group/sg-0a41879dbd8e62172",
            "description": "Allow TLS inbound traffic",
            "egress": [
              {
                "cidr_blocks": [
                  "0.0.0.0/0"
                ],
                "description": "",
                "from_port": 0,
                "ipv6_cidr_blocks": [
                  "::/0"
                ],
                "prefix_list_ids": [],
                "protocol": "-1",
                "security_groups": [],
                "self": false,
                "to_port": 0
              }
            ],
            "id": "sg-0a41879dbd8e62172",
            "ingress": [
              {
                "cidr_blocks": [
                  "10.0.0.0/16"
                ],
                "description": "Allows SQL Server Access",
                "from_port": 1433,
                "ipv6_cidr_blocks": [],
                "prefix_list_ids": [],
                "protocol": "tcp",
                "security_groups": [],
                "self": false,
                "to_port": 1433
              }
            ],
            "name": "default-us-east-1-database_sg",
            "name_prefix": "",
            "owner_id": "243981758611",
            "revoke_rules_on_delete": false,
            "tags": {
              "Name": "default-us-east-1-database-sg",
              "Project": "team1",
              "environment": "default"
            },
            "tags_all": {
              "Name": "default-us-east-1-database-sg",
              "Project": "team1",
              "environment": "default"
            },
            "timeouts": null,
            "vpc_id": "vpc-08d99dd3935e41c09"
          },
          "sensitive_attributes": [],
          "private": "eyJlMmJmYjczMC1lY2FhLTExZTYtOGY4OC0zNDM2M2JjN2M0YzAiOnsiY3JlYXRlIjo2MDAwMDAwMDAwMDAsImRlbGV0ZSI6OTAwMDAwMDAwMDAwfSwic2NoZW1hX3ZlcnNpb24iOiIxIn0=",
          "dependencies": [
            "module.network.aws_vpc.vpc"
          ],
          "create_before_destroy": true
        }
      ]
    },
    {
      "module": "module.network",
      "mode": "managed",
      "type": "aws_security_group",
      "name": "public-sg",
      "provider": "provider[\"registry.terraform.io/hashicorp/aws\"]",
      "instances": [
        {
          "schema_version": 1,
          "attributes": {
            "arn": "arn:aws:ec2:us-east-1:243981758611:security-group/sg-056b4c17bd0a70239",
            "description": "Allow public access to jump",
            "egress": [
              {
                "cidr_blocks": [
                  "0.0.0.0/0"
                ],
                "description": "",
                "from_port": 0,
                "ipv6_cidr_blocks": [],
                "prefix_list_ids": [],
                "protocol": "-1",
                "security_groups": [],
                "self": false,
                "to_port": 0
              }
            ],
            "id": "sg-056b4c17bd0a70239",
            "ingress": [
              {
                "cidr_blocks": [
                  "0.0.0.0/0"
                ],
                "description": "allow rdp access",
                "from_port": 3389,
                "ipv6_cidr_blocks": [],
                "prefix_list_ids": [],
                "protocol": "tcp",
                "security_groups": [],
                "self": false,
                "to_port": 3389
              }
            ],
            "name": "default-us-east-1-public-sg",
            "name_prefix": "",
            "owner_id": "243981758611",
            "revoke_rules_on_delete": false,
            "tags": {
              "Name": "default-us-east-1-public-sg",
              "Project": "team1",
              "environment": "default"
            },
            "tags_all": {
              "Name": "default-us-east-1-public-sg",
              "Project": "team1",
              "environment": "default"
            },
            "timeouts": null,
            "vpc_id": "vpc-08d99dd3935e41c09"
          },
          "sensitive_attributes": [],
          "private": "eyJlMmJmYjczMC1lY2FhLTExZTYtOGY4OC0zNDM2M2JjN2M0YzAiOnsiY3JlYXRlIjo2MDAwMDAwMDAwMDAsImRlbGV0ZSI6OTAwMDAwMDAwMDAwfSwic2NoZW1hX3ZlcnNpb24iOiIxIn0=",
          "dependencies": [
            "module.network.aws_vpc.vpc"
          ],
          "create_before_destroy": true
        }
      ]
    },
    {
      "module": "module.network",
      "mode": "managed",
      "type": "aws_subnet",
      "name": "app-subnets",
      "provider": "provider[\"registry.terraform.io/hashicorp/aws\"]",
      "instances": [
        {
          "index_key": 0,
          "schema_version": 1,
          "attributes": {
            "arn": "arn:aws:ec2:us-east-1:243981758611:subnet/subnet-09435f48a9176fd13",
            "assign_ipv6_address_on_creation": false,
            "availability_zone": "us-east-1a",
            "availability_zone_id": "use1-az2",
            "cidr_block": "10.0.11.0/24",
            "customer_owned_ipv4_pool": "",
            "enable_dns64": false,
            "enable_resource_name_dns_a_record_on_launch": false,
            "enable_resource_name_dns_aaaa_record_on_launch": false,
            "id": "subnet-09435f48a9176fd13",
            "ipv6_cidr_block": "",
            "ipv6_cidr_block_association_id": "",
            "ipv6_native": false,
            "map_customer_owned_ip_on_launch": false,
            "map_public_ip_on_launch": false,
            "outpost_arn": "",
            "owner_id": "243981758611",
            "private_dns_hostname_type_on_launch": "ip-name",
            "tags": {
              "Name": "us-east-1-app-subnet-1",
              "Project": "team1",
              "environment": "default"
            },
            "tags_all": {
              "Name": "us-east-1-app-subnet-1",
              "Project": "team1",
              "environment": "default"
            },
            "timeouts": null,
            "vpc_id": "vpc-08d99dd3935e41c09"
          },
          "sensitive_attributes": [],
          "private": "eyJlMmJmYjczMC1lY2FhLTExZTYtOGY4OC0zNDM2M2JjN2M0YzAiOnsiY3JlYXRlIjo2MDAwMDAwMDAwMDAsImRlbGV0ZSI6MTIwMDAwMDAwMDAwMH0sInNjaGVtYV92ZXJzaW9uIjoiMSJ9",
          "dependencies": [
            "module.network.aws_vpc.vpc"
          ],
          "create_before_destroy": true
        },
        {
          "index_key": 1,
          "schema_version": 1,
          "attributes": {
            "arn": "arn:aws:ec2:us-east-1:243981758611:subnet/subnet-044e2a311bc5ca92e",
            "assign_ipv6_address_on_creation": false,
            "availability_zone": "us-east-1b",
            "availability_zone_id": "use1-az4",
            "cidr_block": "10.0.12.0/24",
            "customer_owned_ipv4_pool": "",
            "enable_dns64": false,
            "enable_resource_name_dns_a_record_on_launch": false,
            "enable_resource_name_dns_aaaa_record_on_launch": false,
            "id": "subnet-044e2a311bc5ca92e",
            "ipv6_cidr_block": "",
            "ipv6_cidr_block_association_id": "",
            "ipv6_native": false,
            "map_customer_owned_ip_on_launch": false,
            "map_public_ip_on_launch": false,
            "outpost_arn": "",
            "owner_id": "243981758611",
            "private_dns_hostname_type_on_launch": "ip-name",
            "tags": {
              "Name": "us-east-1-app-subnet-2",
              "Project": "team1",
              "environment": "default"
            },
            "tags_all": {
              "Name": "us-east-1-app-subnet-2",
              "Project": "team1",
              "environment": "default"
            },
            "timeouts": null,
            "vpc_id": "vpc-08d99dd3935e41c09"
          },
          "sensitive_attributes": [],
          "private": "eyJlMmJmYjczMC1lY2FhLTExZTYtOGY4OC0zNDM2M2JjN2M0YzAiOnsiY3JlYXRlIjo2MDAwMDAwMDAwMDAsImRlbGV0ZSI6MTIwMDAwMDAwMDAwMH0sInNjaGVtYV92ZXJzaW9uIjoiMSJ9",
          "dependencies": [
            "module.network.aws_vpc.vpc"
          ],
          "create_before_destroy": true
        },
        {
          "index_key": 2,
          "schema_version": 1,
          "attributes": {
            "arn": "arn:aws:ec2:us-east-1:243981758611:subnet/subnet-04e7db5cf8d04465e",
            "assign_ipv6_address_on_creation": false,
            "availability_zone": "us-east-1c",
            "availability_zone_id": "use1-az6",
            "cidr_block": "10.0.13.0/24",
            "customer_owned_ipv4_pool": "",
            "enable_dns64": false,
            "enable_resource_name_dns_a_record_on_launch": false,
            "enable_resource_name_dns_aaaa_record_on_launch": false,
            "id": "subnet-04e7db5cf8d04465e",
            "ipv6_cidr_block": "",
            "ipv6_cidr_block_association_id": "",
            "ipv6_native": false,
            "map_customer_owned_ip_on_launch": false,
            "map_public_ip_on_launch": false,
            "outpost_arn": "",
            "owner_id": "243981758611",
            "private_dns_hostname_type_on_launch": "ip-name",
            "tags": {
              "Name": "us-east-1-app-subnet-3",
              "Project": "team1",
              "environment": "default"
            },
            "tags_all": {
              "Name": "us-east-1-app-subnet-3",
              "Project": "team1",
              "environment": "default"
            },
            "timeouts": null,
            "vpc_id": "vpc-08d99dd3935e41c09"
          },
          "sensitive_attributes": [],
          "private": "eyJlMmJmYjczMC1lY2FhLTExZTYtOGY4OC0zNDM2M2JjN2M0YzAiOnsiY3JlYXRlIjo2MDAwMDAwMDAwMDAsImRlbGV0ZSI6MTIwMDAwMDAwMDAwMH0sInNjaGVtYV92ZXJzaW9uIjoiMSJ9",
          "dependencies": [
            "module.network.aws_vpc.vpc"
          ],
          "create_before_destroy": true
        }
      ]
    },
    {
      "module": "module.network",
      "mode": "managed",
      "type": "aws_subnet",
      "name": "database-subnets",
      "provider": "provider[\"registry.terraform.io/hashicorp/aws\"]",
      "instances": [
        {
          "index_key": 0,
          "schema_version": 1,
          "attributes": {
            "arn": "arn:aws:ec2:us-east-1:243981758611:subnet/subnet-0cdc3f3354a897c85",
            "assign_ipv6_address_on_creation": false,
            "availability_zone": "us-east-1a",
            "availability_zone_id": "use1-az2",
            "cidr_block": "10.0.111.0/24",
            "customer_owned_ipv4_pool": "",
            "enable_dns64": false,
            "enable_resource_name_dns_a_record_on_launch": false,
            "enable_resource_name_dns_aaaa_record_on_launch": false,
            "id": "subnet-0cdc3f3354a897c85",
            "ipv6_cidr_block": "",
            "ipv6_cidr_block_association_id": "",
            "ipv6_native": false,
            "map_customer_owned_ip_on_launch": false,
            "map_public_ip_on_launch": false,
            "outpost_arn": "",
            "owner_id": "243981758611",
            "private_dns_hostname_type_on_launch": "ip-name",
            "tags": {
              "Name": "us-east-1-database-subnet-1",
              "Project": "team1",
              "environment": "default"
            },
            "tags_all": {
              "Name": "us-east-1-database-subnet-1",
              "Project": "team1",
              "environment": "default"
            },
            "timeouts": null,
            "vpc_id": "vpc-08d99dd3935e41c09"
          },
          "sensitive_attributes": [],
          "private": "eyJlMmJmYjczMC1lY2FhLTExZTYtOGY4OC0zNDM2M2JjN2M0YzAiOnsiY3JlYXRlIjo2MDAwMDAwMDAwMDAsImRlbGV0ZSI6MTIwMDAwMDAwMDAwMH0sInNjaGVtYV92ZXJzaW9uIjoiMSJ9",
          "dependencies": [
            "module.network.aws_vpc.vpc"
          ],
          "create_before_destroy": true
        },
        {
          "index_key": 1,
          "schema_version": 1,
          "attributes": {
            "arn": "arn:aws:ec2:us-east-1:243981758611:subnet/subnet-05ab00755f1543bb0",
            "assign_ipv6_address_on_creation": false,
            "availability_zone": "us-east-1b",
            "availability_zone_id": "use1-az4",
            "cidr_block": "10.0.122.0/24",
            "customer_owned_ipv4_pool": "",
            "enable_dns64": false,
            "enable_resource_name_dns_a_record_on_launch": false,
            "enable_resource_name_dns_aaaa_record_on_launch": false,
            "id": "subnet-05ab00755f1543bb0",
            "ipv6_cidr_block": "",
            "ipv6_cidr_block_association_id": "",
            "ipv6_native": false,
            "map_customer_owned_ip_on_launch": false,
            "map_public_ip_on_launch": false,
            "outpost_arn": "",
            "owner_id": "243981758611",
            "private_dns_hostname_type_on_launch": "ip-name",
            "tags": {
              "Name": "us-east-1-database-subnet-2",
              "Project": "team1",
              "environment": "default"
            },
            "tags_all": {
              "Name": "us-east-1-database-subnet-2",
              "Project": "team1",
              "environment": "default"
            },
            "timeouts": null,
            "vpc_id": "vpc-08d99dd3935e41c09"
          },
          "sensitive_attributes": [],
          "private": "eyJlMmJmYjczMC1lY2FhLTExZTYtOGY4OC0zNDM2M2JjN2M0YzAiOnsiY3JlYXRlIjo2MDAwMDAwMDAwMDAsImRlbGV0ZSI6MTIwMDAwMDAwMDAwMH0sInNjaGVtYV92ZXJzaW9uIjoiMSJ9",
          "dependencies": [
            "module.network.aws_vpc.vpc"
          ],
          "create_before_destroy": true
        },
        {
          "index_key": 2,
          "schema_version": 1,
          "attributes": {
            "arn": "arn:aws:ec2:us-east-1:243981758611:subnet/subnet-0976a8c9e058a2b0a",
            "assign_ipv6_address_on_creation": false,
            "availability_zone": "us-east-1c",
            "availability_zone_id": "use1-az6",
            "cidr_block": "10.0.133.0/24",
            "customer_owned_ipv4_pool": "",
            "enable_dns64": false,
            "enable_resource_name_dns_a_record_on_launch": false,
            "enable_resource_name_dns_aaaa_record_on_launch": false,
            "id": "subnet-0976a8c9e058a2b0a",
            "ipv6_cidr_block": "",
            "ipv6_cidr_block_association_id": "",
            "ipv6_native": false,
            "map_customer_owned_ip_on_launch": false,
            "map_public_ip_on_launch": false,
            "outpost_arn": "",
            "owner_id": "243981758611",
            "private_dns_hostname_type_on_launch": "ip-name",
            "tags": {
              "Name": "us-east-1-database-subnet-3",
              "Project": "team1",
              "environment": "default"
            },
            "tags_all": {
              "Name": "us-east-1-database-subnet-3",
              "Project": "team1",
              "environment": "default"
            },
            "timeouts": null,
            "vpc_id": "vpc-08d99dd3935e41c09"
          },
          "sensitive_attributes": [],
          "private": "eyJlMmJmYjczMC1lY2FhLTExZTYtOGY4OC0zNDM2M2JjN2M0YzAiOnsiY3JlYXRlIjo2MDAwMDAwMDAwMDAsImRlbGV0ZSI6MTIwMDAwMDAwMDAwMH0sInNjaGVtYV92ZXJzaW9uIjoiMSJ9",
          "dependencies": [
            "module.network.aws_vpc.vpc"
          ],
          "create_before_destroy": true
        }
      ]
    },
    {
      "module": "module.network",
      "mode": "managed",
      "type": "aws_subnet",
      "name": "public-subnets",
      "provider": "provider[\"registry.terraform.io/hashicorp/aws\"]",
      "instances": [
        {
          "index_key": 0,
          "schema_version": 1,
          "attributes": {
            "arn": "arn:aws:ec2:us-east-1:243981758611:subnet/subnet-0685a9155fb3397ca",
            "assign_ipv6_address_on_creation": false,
            "availability_zone": "us-east-1a",
            "availability_zone_id": "use1-az2",
            "cidr_block": "10.0.1.0/24",
            "customer_owned_ipv4_pool": "",
            "enable_dns64": false,
            "enable_resource_name_dns_a_record_on_launch": false,
            "enable_resource_name_dns_aaaa_record_on_launch": false,
            "id": "subnet-0685a9155fb3397ca",
            "ipv6_cidr_block": "",
            "ipv6_cidr_block_association_id": "",
            "ipv6_native": false,
            "map_customer_owned_ip_on_launch": false,
            "map_public_ip_on_launch": false,
            "outpost_arn": "",
            "owner_id": "243981758611",
            "private_dns_hostname_type_on_launch": "ip-name",
            "tags": {
              "Name": "us-east-1-public-subnet-1",
              "Project": "team1",
              "environment": "default"
            },
            "tags_all": {
              "Name": "us-east-1-public-subnet-1",
              "Project": "team1",
              "environment": "default"
            },
            "timeouts": null,
            "vpc_id": "vpc-08d99dd3935e41c09"
          },
          "sensitive_attributes": [],
          "private": "eyJlMmJmYjczMC1lY2FhLTExZTYtOGY4OC0zNDM2M2JjN2M0YzAiOnsiY3JlYXRlIjo2MDAwMDAwMDAwMDAsImRlbGV0ZSI6MTIwMDAwMDAwMDAwMH0sInNjaGVtYV92ZXJzaW9uIjoiMSJ9",
          "dependencies": [
            "module.network.aws_vpc.vpc"
          ],
          "create_before_destroy": true
        },
        {
          "index_key": 1,
          "schema_version": 1,
          "attributes": {
            "arn": "arn:aws:ec2:us-east-1:243981758611:subnet/subnet-06a36890324a87965",
            "assign_ipv6_address_on_creation": false,
            "availability_zone": "us-east-1b",
            "availability_zone_id": "use1-az4",
            "cidr_block": "10.0.2.0/24",
            "customer_owned_ipv4_pool": "",
            "enable_dns64": false,
            "enable_resource_name_dns_a_record_on_launch": false,
            "enable_resource_name_dns_aaaa_record_on_launch": false,
            "id": "subnet-06a36890324a87965",
            "ipv6_cidr_block": "",
            "ipv6_cidr_block_association_id": "",
            "ipv6_native": false,
            "map_customer_owned_ip_on_launch": false,
            "map_public_ip_on_launch": false,
            "outpost_arn": "",
            "owner_id": "243981758611",
            "private_dns_hostname_type_on_launch": "ip-name",
            "tags": {
              "Name": "us-east-1-public-subnet-2",
              "Project": "team1",
              "environment": "default"
            },
            "tags_all": {
              "Name": "us-east-1-public-subnet-2",
              "Project": "team1",
              "environment": "default"
            },
            "timeouts": null,
            "vpc_id": "vpc-08d99dd3935e41c09"
          },
          "sensitive_attributes": [],
          "private": "eyJlMmJmYjczMC1lY2FhLTExZTYtOGY4OC0zNDM2M2JjN2M0YzAiOnsiY3JlYXRlIjo2MDAwMDAwMDAwMDAsImRlbGV0ZSI6MTIwMDAwMDAwMDAwMH0sInNjaGVtYV92ZXJzaW9uIjoiMSJ9",
          "dependencies": [
            "module.network.aws_vpc.vpc"
          ],
          "create_before_destroy": true
        },
        {
          "index_key": 2,
          "schema_version": 1,
          "attributes": {
            "arn": "arn:aws:ec2:us-east-1:243981758611:subnet/subnet-0d61680fe451b0994",
            "assign_ipv6_address_on_creation": false,
            "availability_zone": "us-east-1c",
            "availability_zone_id": "use1-az6",
            "cidr_block": "10.0.3.0/24",
            "customer_owned_ipv4_pool": "",
            "enable_dns64": false,
            "enable_resource_name_dns_a_record_on_launch": false,
            "enable_resource_name_dns_aaaa_record_on_launch": false,
            "id": "subnet-0d61680fe451b0994",
            "ipv6_cidr_block": "",
            "ipv6_cidr_block_association_id": "",
            "ipv6_native": false,
            "map_customer_owned_ip_on_launch": false,
            "map_public_ip_on_launch": false,
            "outpost_arn": "",
            "owner_id": "243981758611",
            "private_dns_hostname_type_on_launch": "ip-name",
            "tags": {
              "Name": "us-east-1-public-subnet-3",
              "Project": "team1",
              "environment": "default"
            },
            "tags_all": {
              "Name": "us-east-1-public-subnet-3",
              "Project": "team1",
              "environment": "default"
            },
            "timeouts": null,
            "vpc_id": "vpc-08d99dd3935e41c09"
          },
          "sensitive_attributes": [],
          "private": "eyJlMmJmYjczMC1lY2FhLTExZTYtOGY4OC0zNDM2M2JjN2M0YzAiOnsiY3JlYXRlIjo2MDAwMDAwMDAwMDAsImRlbGV0ZSI6MTIwMDAwMDAwMDAwMH0sInNjaGVtYV92ZXJzaW9uIjoiMSJ9",
          "dependencies": [
            "module.network.aws_vpc.vpc"
          ],
          "create_before_destroy": true
        }
      ]
    },
    {
      "module": "module.network",
      "mode": "managed",
      "type": "aws_vpc",
      "name": "vpc",
      "provider": "provider[\"registry.terraform.io/hashicorp/aws\"]",
      "instances": [
        {
          "schema_version": 1,
          "attributes": {
            "arn": "arn:aws:ec2:us-east-1:243981758611:vpc/vpc-08d99dd3935e41c09",
            "assign_generated_ipv6_cidr_block": false,
            "cidr_block": "10.0.0.0/16",
            "default_network_acl_id": "acl-0dc7f845a6173840a",
            "default_route_table_id": "rtb-084565cdbc2e14179",
            "default_security_group_id": "sg-07ff214a777158cc0",
            "dhcp_options_id": "dopt-bcadb2c6",
            "enable_classiclink": false,
            "enable_classiclink_dns_support": false,
            "enable_dns_hostnames": true,
            "enable_dns_support": true,
            "enable_network_address_usage_metrics": false,
            "id": "vpc-08d99dd3935e41c09",
            "instance_tenancy": "default",
            "ipv4_ipam_pool_id": null,
            "ipv4_netmask_length": null,
            "ipv6_association_id": "",
            "ipv6_cidr_block": "",
            "ipv6_cidr_block_network_border_group": "",
            "ipv6_ipam_pool_id": "",
            "ipv6_netmask_length": 0,
            "main_route_table_id": "rtb-084565cdbc2e14179",
            "owner_id": "243981758611",
            "tags": {
              "Name": "team1-vpc",
              "Project": "team1",
              "environment": "default"
            },
            "tags_all": {
              "Name": "team1-vpc",
              "Project": "team1",
              "environment": "default"
            }
          },
          "sensitive_attributes": [],
          "private": "eyJzY2hlbWFfdmVyc2lvbiI6IjEifQ==",
          "create_before_destroy": true
        }
      ]
    },
    {
      "module": "module.network",
      "mode": "managed",
      "type": "aws_vpc_endpoint",
      "name": "ec2",
      "provider": "provider[\"registry.terraform.io/hashicorp/aws\"]",
      "instances": [
        {
          "schema_version": 0,
          "attributes": {
            "arn": "arn:aws:ec2:us-east-1:243981758611:vpc-endpoint/vpce-01e264e55a03ea3d5",
            "auto_accept": null,
            "cidr_blocks": [],
            "dns_entry": [],
            "dns_options": [
              {
                "dns_record_ip_type": "ipv4"
              }
            ],
            "id": "vpce-01e264e55a03ea3d5",
            "ip_address_type": "ipv4",
            "network_interface_ids": [],
            "owner_id": "243981758611",
            "policy": "{\"Statement\":[{\"Action\":\"*\",\"Effect\":\"Allow\",\"Principal\":\"*\",\"Resource\":\"*\"}]}",
            "prefix_list_id": null,
            "private_dns_enabled": true,
            "requester_managed": false,
            "route_table_ids": [],
            "security_group_ids": [
              "sg-0a41879dbd8e62172"
            ],
            "service_name": "com.amazonaws.us-east-1.ec2",
            "state": "available",
            "subnet_ids": [],
            "tags": {
              "Name": "us-east-1-vpc-endpoint",
              "Project": "team1",
              "environment": "default"
            },
            "tags_all": {
              "Name": "us-east-1-vpc-endpoint",
              "Project": "team1",
              "environment": "default"
            },
            "timeouts": null,
            "vpc_endpoint_type": "Interface",
            "vpc_id": "vpc-08d99dd3935e41c09"
          },
          "sensitive_attributes": [],
          "private": "eyJlMmJmYjczMC1lY2FhLTExZTYtOGY4OC0zNDM2M2JjN2M0YzAiOnsiY3JlYXRlIjo2MDAwMDAwMDAwMDAsImRlbGV0ZSI6NjAwMDAwMDAwMDAwLCJ1cGRhdGUiOjYwMDAwMDAwMDAwMH19",
          "dependencies": [
            "module.network.aws_security_group.database-sg",
            "module.network.aws_vpc.vpc"
          ],
          "create_before_destroy": true
        }
      ]
    },
    {
      "module": "module.rds",
      "mode": "data",
      "type": "aws_db_instance",
      "name": "database",
      "provider": "provider[\"registry.terraform.io/hashicorp/aws\"]",
      "instances": [
        {
          "schema_version": 0,
          "attributes": {
            "address": "mssqldb.cagishv3jlbu.us-east-1.rds.amazonaws.com",
            "allocated_storage": 20,
            "auto_minor_version_upgrade": true,
            "availability_zone": "us-east-1a",
            "backup_retention_period": 1,
            "ca_cert_identifier": "rds-ca-2019",
            "db_cluster_identifier": "",
            "db_instance_arn": "arn:aws:rds:us-east-1:243981758611:db:mssqldb",
            "db_instance_class": "db.m6i.xlarge",
            "db_instance_identifier": "mssqldb",
            "db_instance_port": 0,
            "db_name": "",
            "db_parameter_groups": [
              "mssqldb-20221203050253742600000001"
            ],
            "db_security_groups": [],
            "db_subnet_group": "mssqldb-20221203050048788300000001",
            "enabled_cloudwatch_logs_exports": [
              "error"
            ],
            "endpoint": "mssqldb.cagishv3jlbu.us-east-1.rds.amazonaws.com:1433",
            "engine": "sqlserver-ee",
            "engine_version": "15.00.4236.7.v1",
            "hosted_zone_id": "Z2R2ITUGPM61AM",
            "id": "mssqldb",
            "iops": 0,
            "kms_key_id": "",
            "license_model": "license-included",
            "master_username": "awssct",
            "monitoring_interval": 0,
            "monitoring_role_arn": "",
            "multi_az": false,
            "network_type": "IPV4",
            "option_group_memberships": [
              "mssqldb-20221203042346532500000001"
            ],
            "port": 1433,
            "preferred_backup_window": "03:00-06:00",
            "preferred_maintenance_window": "mon:00:00-mon:03:00",
            "publicly_accessible": false,
            "replicate_source_db": "",
            "resource_id": "db-QWZONTUXDCAFY5LU7EPTVJM274",
            "storage_encrypted": false,
            "storage_throughput": 0,
            "storage_type": "gp2",
            "tags": {
              "Name": "default-us-east-1-rds-target",
              "Project": "team1",
              "environment": "default"
            },
            "timezone": "Central Standard Time",
            "vpc_security_groups": [
              "sg-0a41879dbd8e62172"
            ]
          },
          "sensitive_attributes": []
        }
      ]
    },
    {
      "module": "module.rds.module.rds",
      "mode": "managed",
      "type": "random_password",
      "name": "master_password",
      "provider": "provider[\"registry.terraform.io/hashicorp/random\"]",
      "instances": [
        {
          "index_key": 0,
          "schema_version": 3,
          "attributes": {
            "bcrypt_hash": "$2a$10$OWawfQdv4Z3TepSE0CNEaugskjfWUsOOFEiuTvwSh5MQcssIjurga",
            "id": "none",
            "keepers": null,
            "length": 16,
            "lower": true,
            "min_lower": 0,
            "min_numeric": 0,
            "min_special": 0,
            "min_upper": 0,
            "number": true,
            "numeric": true,
            "override_special": null,
            "result": "AYgW7distWeGeteU",
            "special": false,
            "upper": true
          },
          "sensitive_attributes": [],
          "dependencies": [
            "module.ds.aws_directory_service_directory.ds",
            "module.ds.aws_secretsmanager_secret.admin",
            "module.ds.aws_secretsmanager_secret_version.admin",
            "module.network.aws_eip.nat-eip",
            "module.network.aws_internet_gateway.igw",
            "module.network.aws_nat_gateway.nat-gateway",
            "module.network.aws_route_table.app-rt",
            "module.network.aws_route_table.database-rt",
            "module.network.aws_route_table.public-rt",
            "module.network.aws_route_table_association.app-subnet-association",
            "module.network.aws_route_table_association.database-subnet-association",
            "module.network.aws_route_table_association.public-subnet-association",
            "module.network.aws_security_group.app-sg",
            "module.network.aws_security_group.database-sg",
            "module.network.aws_security_group.public-sg",
            "module.network.aws_subnet.app-subnets",
            "module.network.aws_subnet.database-subnets",
            "module.network.aws_subnet.public-subnets",
            "module.network.aws_vpc.vpc",
            "module.network.aws_vpc_endpoint.ec2"
          ],
          "create_before_destroy": true
        }
      ]
    },
    {
      "module": "module.rds.module.rds.module.db_instance",
      "mode": "data",
      "type": "aws_iam_policy_document",
      "name": "enhanced_monitoring",
      "provider": "provider[\"registry.terraform.io/hashicorp/aws\"]",
      "instances": [
        {
          "schema_version": 0,
          "attributes": {
            "id": "1813475199",
            "json": "{\n  \"Version\": \"2012-10-17\",\n  \"Statement\": [\n    {\n      \"Sid\": \"\",\n      \"Effect\": \"Allow\",\n      \"Action\": \"sts:AssumeRole\",\n      \"Principal\": {\n        \"Service\": \"monitoring.rds.amazonaws.com\"\n      }\n    }\n  ]\n}",
            "override_json": null,
            "override_policy_documents": null,
            "policy_id": null,
            "source_json": null,
            "source_policy_documents": null,
            "statement": [
              {
                "actions": [
                  "sts:AssumeRole"
                ],
                "condition": [],
                "effect": "Allow",
                "not_actions": [],
                "not_principals": [],
                "not_resources": [],
                "principals": [
                  {
                    "identifiers": [
                      "monitoring.rds.amazonaws.com"
                    ],
                    "type": "Service"
                  }
                ],
                "resources": [],
                "sid": ""
              }
            ],
            "version": "2012-10-17"
          },
          "sensitive_attributes": []
        }
      ]
    },
    {
      "module": "module.rds.module.rds.module.db_instance",
      "mode": "data",
      "type": "aws_partition",
      "name": "current",
      "provider": "provider[\"registry.terraform.io/hashicorp/aws\"]",
      "instances": [
        {
          "schema_version": 0,
          "attributes": {
            "dns_suffix": "amazonaws.com",
            "id": "aws",
            "partition": "aws",
            "reverse_dns_prefix": "com.amazonaws"
          },
          "sensitive_attributes": []
        }
      ]
    },
    {
      "module": "module.rds.module.rds.module.db_instance",
      "mode": "managed",
      "type": "aws_db_instance",
      "name": "this",
      "provider": "provider[\"registry.terraform.io/hashicorp/aws\"]",
      "instances": [
        {
          "index_key": 0,
          "schema_version": 1,
          "attributes": {
            "address": "mssqldb.cagishv3jlbu.us-east-1.rds.amazonaws.com",
            "allocated_storage": 20,
            "allow_major_version_upgrade": false,
            "apply_immediately": false,
            "arn": "arn:aws:rds:us-east-1:243981758611:db:mssqldb",
            "auto_minor_version_upgrade": true,
            "availability_zone": "us-east-1a",
            "backup_retention_period": 1,
            "backup_window": "03:00-06:00",
            "blue_green_update": [],
            "ca_cert_identifier": "rds-ca-2019",
            "character_set_name": "SQL_Latin1_General_CP1_CI_AS",
            "copy_tags_to_snapshot": false,
            "custom_iam_instance_profile": "",
            "customer_owned_ip_enabled": false,
            "db_name": "",
            "db_subnet_group_name": "mssqldb-20221203050048788300000001",
            "delete_automated_backups": true,
            "deletion_protection": false,
            "domain": "d-9067a0a806",
            "domain_iam_role_name": "us-east-1-rds-ad-role",
            "enabled_cloudwatch_logs_exports": [],
            "endpoint": "mssqldb.cagishv3jlbu.us-east-1.rds.amazonaws.com:1433",
            "engine": "sqlserver-ee",
            "engine_version": "15.00.4236.7.v1",
            "engine_version_actual": "15.00.4236.7.v1",
            "final_snapshot_identifier": null,
            "hosted_zone_id": "Z2R2ITUGPM61AM",
            "iam_database_authentication_enabled": false,
            "id": "mssqldb",
            "identifier": "mssqldb",
            "identifier_prefix": "",
            "instance_class": "db.m6i.xlarge",
            "iops": 0,
            "kms_key_id": "",
            "latest_restorable_time": "2022-12-03T06:18:01Z",
            "license_model": "license-included",
            "maintenance_window": "mon:00:00-mon:03:00",
            "max_allocated_storage": 200,
            "monitoring_interval": 0,
            "monitoring_role_arn": "",
            "multi_az": false,
            "name": "",
            "nchar_character_set_name": "",
            "network_type": "IPV4",
            "option_group_name": "mssqldb-20221203042346532500000001",
            "parameter_group_name": "mssqldb-20221203050253742600000001",
            "password": "AYgW7distWeGeteU",
            "performance_insights_enabled": false,
            "performance_insights_kms_key_id": "",
            "performance_insights_retention_period": 0,
            "port": 1433,
            "publicly_accessible": false,
            "replica_mode": "",
            "replicas": [],
            "replicate_source_db": "",
            "resource_id": "db-QWZONTUXDCAFY5LU7EPTVJM274",
            "restore_to_point_in_time": [],
            "s3_import": [],
            "security_group_names": [],
            "skip_final_snapshot": true,
            "snapshot_identifier": null,
            "status": "available",
            "storage_encrypted": false,
            "storage_throughput": 0,
            "storage_type": "gp2",
            "tags": {
              "Name": "default-us-east-1-rds-target",
              "Project": "team1",
              "environment": "default"
            },
            "tags_all": {
              "Name": "default-us-east-1-rds-target",
              "Project": "team1",
              "environment": "default"
            },
            "timeouts": {
              "create": null,
              "delete": null,
              "update": null
            },
            "timezone": "Central Standard Time",
            "username": "awssct",
            "vpc_security_group_ids": [
              "sg-0a41879dbd8e62172"
            ]
          },
          "sensitive_attributes": [
            [
              {
                "type": "get_attr",
                "value": "password"
              }
            ]
          ],
          "private": "eyJlMmJmYjczMC1lY2FhLTExZTYtOGY4OC0zNDM2M2JjN2M0YzAiOnsiY3JlYXRlIjoyNDAwMDAwMDAwMDAwLCJkZWxldGUiOjM2MDAwMDAwMDAwMDAsInVwZGF0ZSI6NDgwMDAwMDAwMDAwMH0sInNjaGVtYV92ZXJzaW9uIjoiMSJ9",
          "dependencies": [
            "module.ds.aws_directory_service_directory.ds",
            "module.ds.aws_secretsmanager_secret.admin",
            "module.ds.aws_secretsmanager_secret_version.admin",
            "module.iam.aws_iam_role.rds-ad-role",
            "module.network.aws_eip.nat-eip",
            "module.network.aws_internet_gateway.igw",
            "module.network.aws_nat_gateway.nat-gateway",
            "module.network.aws_route_table.app-rt",
            "module.network.aws_route_table.database-rt",
            "module.network.aws_route_table.public-rt",
            "module.network.aws_route_table_association.app-subnet-association",
            "module.network.aws_route_table_association.database-subnet-association",
            "module.network.aws_route_table_association.public-subnet-association",
            "module.network.aws_security_group.app-sg",
            "module.network.aws_security_group.database-sg",
            "module.network.aws_security_group.public-sg",
            "module.network.aws_subnet.app-subnets",
            "module.network.aws_subnet.database-subnets",
            "module.network.aws_subnet.public-subnets",
            "module.network.aws_vpc.vpc",
            "module.network.aws_vpc_endpoint.ec2",
            "module.rds.module.rds.module.db_instance.aws_cloudwatch_log_group.this",
            "module.rds.module.rds.module.db_instance.aws_iam_role.enhanced_monitoring",
            "module.rds.module.rds.module.db_instance.random_id.snapshot_identifier",
            "module.rds.module.rds.module.db_option_group.aws_db_option_group.this",
            "module.rds.module.rds.module.db_parameter_group.aws_db_parameter_group.this",
            "module.rds.module.rds.module.db_subnet_group.aws_db_subnet_group.this",
            "module.rds.module.rds.random_password.master_password",
            "module.sftp.aws_s3_bucket.sftp-bucket",
            "module.sftp.aws_s3_bucket_acl.sftp",
            "module.sftp.aws_transfer_server.service_managed"
          ]
        }
      ]
    },
    {
      "module": "module.rds.module.rds.module.db_option_group",
      "mode": "managed",
      "type": "aws_db_option_group",
      "name": "this",
      "provider": "provider[\"registry.terraform.io/hashicorp/aws\"]",
      "instances": [
        {
          "index_key": 0,
          "schema_version": 0,
          "attributes": {
            "arn": "arn:aws:rds:us-east-1:243981758611:og:mssqldb-20221203042346532500000001",
            "engine_name": "sqlserver-ee",
            "id": "mssqldb-20221203042346532500000001",
            "major_engine_version": "15.00",
            "name": "mssqldb-20221203042346532500000001",
            "name_prefix": "mssqldb-",
            "option": [],
            "option_group_description": "mssqldb option group",
            "tags": {
              "Name": "mssqldb",
              "Project": "team1",
              "environment": "default"
            },
            "tags_all": {
              "Name": "mssqldb",
              "Project": "team1",
              "environment": "default"
            },
            "timeouts": {
              "delete": null
            }
          },
          "sensitive_attributes": [],
          "private": "eyJlMmJmYjczMC1lY2FhLTExZTYtOGY4OC0zNDM2M2JjN2M0YzAiOnsiZGVsZXRlIjo5MDAwMDAwMDAwMDB9fQ==",
          "dependencies": [
            "module.ds.aws_directory_service_directory.ds",
            "module.ds.aws_secretsmanager_secret.admin",
            "module.ds.aws_secretsmanager_secret_version.admin",
            "module.network.aws_eip.nat-eip",
            "module.network.aws_internet_gateway.igw",
            "module.network.aws_nat_gateway.nat-gateway",
            "module.network.aws_route_table.app-rt",
            "module.network.aws_route_table.database-rt",
            "module.network.aws_route_table.public-rt",
            "module.network.aws_route_table_association.app-subnet-association",
            "module.network.aws_route_table_association.database-subnet-association",
            "module.network.aws_route_table_association.public-subnet-association",
            "module.network.aws_security_group.app-sg",
            "module.network.aws_security_group.database-sg",
            "module.network.aws_security_group.public-sg",
            "module.network.aws_subnet.app-subnets",
            "module.network.aws_subnet.database-subnets",
            "module.network.aws_subnet.public-subnets",
            "module.network.aws_vpc.vpc",
            "module.network.aws_vpc_endpoint.ec2"
          ],
          "create_before_destroy": true
        }
      ]
    },
    {
      "module": "module.rds.module.rds.module.db_parameter_group",
      "mode": "managed",
      "type": "aws_db_parameter_group",
      "name": "this",
      "provider": "provider[\"registry.terraform.io/hashicorp/aws\"]",
      "instances": [
        {
          "index_key": 0,
          "schema_version": 0,
          "attributes": {
            "arn": "arn:aws:rds:us-east-1:243981758611:pg:mssqldb-20221203050253742600000001",
            "description": "mssqldb parameter group",
            "family": "sqlserver-ee-15.0",
            "id": "mssqldb-20221203050253742600000001",
            "name": "mssqldb-20221203050253742600000001",
            "name_prefix": "mssqldb-",
            "parameter": [],
            "tags": {
              "Name": "mssqldb",
              "Project": "team1",
              "environment": "default"
            },
            "tags_all": {
              "Name": "mssqldb",
              "Project": "team1",
              "environment": "default"
            }
          },
          "sensitive_attributes": [],
          "private": "bnVsbA==",
          "dependencies": [
            "module.ds.aws_directory_service_directory.ds",
            "module.ds.aws_secretsmanager_secret.admin",
            "module.ds.aws_secretsmanager_secret_version.admin",
            "module.network.aws_eip.nat-eip",
            "module.network.aws_internet_gateway.igw",
            "module.network.aws_nat_gateway.nat-gateway",
            "module.network.aws_route_table.app-rt",
            "module.network.aws_route_table.database-rt",
            "module.network.aws_route_table.public-rt",
            "module.network.aws_route_table_association.app-subnet-association",
            "module.network.aws_route_table_association.database-subnet-association",
            "module.network.aws_route_table_association.public-subnet-association",
            "module.network.aws_security_group.app-sg",
            "module.network.aws_security_group.database-sg",
            "module.network.aws_security_group.public-sg",
            "module.network.aws_subnet.app-subnets",
            "module.network.aws_subnet.database-subnets",
            "module.network.aws_subnet.public-subnets",
            "module.network.aws_vpc.vpc",
            "module.network.aws_vpc_endpoint.ec2"
          ],
          "create_before_destroy": true
        }
      ]
    },
    {
      "module": "module.rds.module.rds.module.db_subnet_group",
      "mode": "managed",
      "type": "aws_db_subnet_group",
      "name": "this",
      "provider": "provider[\"registry.terraform.io/hashicorp/aws\"]",
      "instances": [
        {
          "index_key": 0,
          "schema_version": 0,
          "attributes": {
            "arn": "arn:aws:rds:us-east-1:243981758611:subgrp:mssqldb-20221203050048788300000001",
            "description": "mssqldb subnet group",
            "id": "mssqldb-20221203050048788300000001",
            "name": "mssqldb-20221203050048788300000001",
            "name_prefix": "mssqldb-",
            "subnet_ids": [
              "subnet-05ab00755f1543bb0",
              "subnet-0976a8c9e058a2b0a",
              "subnet-0cdc3f3354a897c85"
            ],
            "supported_network_types": [
              "IPV4"
            ],
            "tags": {
              "Name": "mssqldb",
              "Project": "team1",
              "environment": "default"
            },
            "tags_all": {
              "Name": "mssqldb",
              "Project": "team1",
              "environment": "default"
            }
          },
          "sensitive_attributes": [],
          "private": "bnVsbA==",
          "dependencies": [
            "module.ds.aws_directory_service_directory.ds",
            "module.ds.aws_secretsmanager_secret.admin",
            "module.ds.aws_secretsmanager_secret_version.admin",
            "module.network.aws_eip.nat-eip",
            "module.network.aws_internet_gateway.igw",
            "module.network.aws_nat_gateway.nat-gateway",
            "module.network.aws_route_table.app-rt",
            "module.network.aws_route_table.database-rt",
            "module.network.aws_route_table.public-rt",
            "module.network.aws_route_table_association.app-subnet-association",
            "module.network.aws_route_table_association.database-subnet-association",
            "module.network.aws_route_table_association.public-subnet-association",
            "module.network.aws_security_group.app-sg",
            "module.network.aws_security_group.database-sg",
            "module.network.aws_security_group.public-sg",
            "module.network.aws_subnet.app-subnets",
            "module.network.aws_subnet.database-subnets",
            "module.network.aws_subnet.public-subnets",
            "module.network.aws_vpc.vpc",
            "module.network.aws_vpc_endpoint.ec2"
          ],
          "create_before_destroy": true
        }
      ]
    },
    {
      "module": "module.sftp",
      "mode": "managed",
      "type": "aws_s3_bucket",
      "name": "sftp-bucket",
      "provider": "provider[\"registry.terraform.io/hashicorp/aws\"]",
      "instances": [
        {
          "schema_version": 0,
          "attributes": {
            "acceleration_status": "",
            "acl": null,
            "arn": "arn:aws:s3:::us-east-1-sftp-bucket-team1",
            "bucket": "us-east-1-sftp-bucket-team1",
            "bucket_domain_name": "us-east-1-sftp-bucket-team1.s3.amazonaws.com",
            "bucket_prefix": null,
            "bucket_regional_domain_name": "us-east-1-sftp-bucket-team1.s3.amazonaws.com",
            "cors_rule": [],
            "force_destroy": false,
            "grant": [
              {
                "id": "1a43f0e133f6d78c03691805daeeba9eff39c6b63bdab6d1f275bafc02536104",
                "permissions": [
                  "FULL_CONTROL"
                ],
                "type": "CanonicalUser",
                "uri": ""
              }
            ],
            "hosted_zone_id": "Z3AQBSTGFYJSTF",
            "id": "us-east-1-sftp-bucket-team1",
            "lifecycle_rule": [],
            "logging": [],
            "object_lock_configuration": [],
            "object_lock_enabled": false,
            "policy": "",
            "region": "us-east-1",
            "replication_configuration": [],
            "request_payer": "BucketOwner",
            "server_side_encryption_configuration": [],
            "tags": {
              "Environment": "dev",
              "Name": "us-east-1-sftp-bucket",
              "Project": "team1"
            },
            "tags_all": {
              "Environment": "dev",
              "Name": "us-east-1-sftp-bucket",
              "Project": "team1"
            },
            "timeouts": null,
            "versioning": [
              {
                "enabled": false,
                "mfa_delete": false
              }
            ],
            "website": [],
            "website_domain": null,
            "website_endpoint": null
          },
          "sensitive_attributes": [],
          "private": "eyJlMmJmYjczMC1lY2FhLTExZTYtOGY4OC0zNDM2M2JjN2M0YzAiOnsiY3JlYXRlIjoxMjAwMDAwMDAwMDAwLCJkZWxldGUiOjM2MDAwMDAwMDAwMDAsInJlYWQiOjEyMDAwMDAwMDAwMDAsInVwZGF0ZSI6MTIwMDAwMDAwMDAwMH19",
          "dependencies": [
            "module.network.aws_eip.nat-eip",
            "module.network.aws_internet_gateway.igw",
            "module.network.aws_nat_gateway.nat-gateway",
            "module.network.aws_route_table.app-rt",
            "module.network.aws_route_table.database-rt",
            "module.network.aws_route_table.public-rt",
            "module.network.aws_route_table_association.app-subnet-association",
            "module.network.aws_route_table_association.database-subnet-association",
            "module.network.aws_route_table_association.public-subnet-association",
            "module.network.aws_security_group.app-sg",
            "module.network.aws_security_group.database-sg",
            "module.network.aws_security_group.public-sg",
            "module.network.aws_subnet.app-subnets",
            "module.network.aws_subnet.database-subnets",
            "module.network.aws_subnet.public-subnets",
            "module.network.aws_vpc.vpc",
            "module.network.aws_vpc_endpoint.ec2"
          ],
          "create_before_destroy": true
        }
      ]
    },
    {
      "module": "module.sftp",
      "mode": "managed",
      "type": "aws_s3_bucket_acl",
      "name": "sftp",
      "provider": "provider[\"registry.terraform.io/hashicorp/aws\"]",
      "instances": [
        {
          "schema_version": 0,
          "attributes": {
            "access_control_policy": [
              {
                "grant": [
                  {
                    "grantee": [
                      {
                        "display_name": "f25f4bafd3c54b4daf3f4cda67b288e8",
                        "email_address": "",
                        "id": "1a43f0e133f6d78c03691805daeeba9eff39c6b63bdab6d1f275bafc02536104",
                        "type": "CanonicalUser",
                        "uri": ""
                      }
                    ],
                    "permission": "FULL_CONTROL"
                  }
                ],
                "owner": [
                  {
                    "display_name": "f25f4bafd3c54b4daf3f4cda67b288e8",
                    "id": "1a43f0e133f6d78c03691805daeeba9eff39c6b63bdab6d1f275bafc02536104"
                  }
                ]
              }
            ],
            "acl": "private",
            "bucket": "us-east-1-sftp-bucket-team1",
            "expected_bucket_owner": "",
            "id": "us-east-1-sftp-bucket-team1,private"
          },
          "sensitive_attributes": [],
          "private": "bnVsbA==",
          "dependencies": [
            "module.network.aws_eip.nat-eip",
            "module.network.aws_internet_gateway.igw",
            "module.network.aws_nat_gateway.nat-gateway",
            "module.network.aws_route_table.app-rt",
            "module.network.aws_route_table.database-rt",
            "module.network.aws_route_table.public-rt",
            "module.network.aws_route_table_association.app-subnet-association",
            "module.network.aws_route_table_association.database-subnet-association",
            "module.network.aws_route_table_association.public-subnet-association",
            "module.network.aws_security_group.app-sg",
            "module.network.aws_security_group.database-sg",
            "module.network.aws_security_group.public-sg",
            "module.network.aws_subnet.app-subnets",
            "module.network.aws_subnet.database-subnets",
            "module.network.aws_subnet.public-subnets",
            "module.network.aws_vpc.vpc",
            "module.network.aws_vpc_endpoint.ec2",
            "module.sftp.aws_s3_bucket.sftp-bucket"
          ],
          "create_before_destroy": true
        }
      ]
    },
    {
      "module": "module.sftp",
      "mode": "managed",
      "type": "aws_transfer_server",
      "name": "service_managed",
      "provider": "provider[\"registry.terraform.io/hashicorp/aws\"]",
      "instances": [
        {
          "schema_version": 0,
          "attributes": {
            "arn": "arn:aws:transfer:us-east-1:243981758611:server/s-5cee2f0c2bdf41269",
            "certificate": "",
            "directory_id": "",
            "domain": "S3",
            "endpoint": "s-5cee2f0c2bdf41269.server.transfer.us-east-1.amazonaws.com",
            "endpoint_details": [],
            "endpoint_type": "PUBLIC",
            "force_destroy": false,
            "function": "",
            "host_key": null,
            "host_key_fingerprint": "SHA256:uk6B94bdGFFAixre5CTBbhNK2YLcCiZKN3pBKWkQl9g=",
            "id": "s-5cee2f0c2bdf41269",
            "identity_provider_type": "SERVICE_MANAGED",
            "invocation_role": "",
            "logging_role": "",
            "post_authentication_login_banner": "",
            "pre_authentication_login_banner": "",
            "protocols": [
              "SFTP"
            ],
            "security_policy_name": "TransferSecurityPolicy-2018-11",
            "tags": {
              "Name": "us-east-1-sftp-service",
              "Project": "team1",
              "environment": "dev"
            },
            "tags_all": {
              "Name": "us-east-1-sftp-service",
              "Project": "team1",
              "environment": "dev"
            },
            "url": "",
            "workflow_details": []
          },
          "sensitive_attributes": [],
          "private": "bnVsbA==",
          "dependencies": [
            "module.network.aws_eip.nat-eip",
            "module.network.aws_internet_gateway.igw",
            "module.network.aws_nat_gateway.nat-gateway",
            "module.network.aws_route_table.app-rt",
            "module.network.aws_route_table.database-rt",
            "module.network.aws_route_table.public-rt",
            "module.network.aws_route_table_association.app-subnet-association",
            "module.network.aws_route_table_association.database-subnet-association",
            "module.network.aws_route_table_association.public-subnet-association",
            "module.network.aws_security_group.app-sg",
            "module.network.aws_security_group.database-sg",
            "module.network.aws_security_group.public-sg",
            "module.network.aws_subnet.app-subnets",
            "module.network.aws_subnet.database-subnets",
            "module.network.aws_subnet.public-subnets",
            "module.network.aws_vpc.vpc",
            "module.network.aws_vpc_endpoint.ec2"
          ],
          "create_before_destroy": true
        }
      ]
    }
  ],
  "check_results": null
}
