{
  "version": 4,
  "terraform_version": "1.3.4",
  "serial": 95,
  "lineage": "fa75301a-60f4-5475-ab87-3de7b598f1a7",
  "outputs": {
    "database-subnets": {
      "value": [
        "subnet-0cdd3c3816d296e35",
        "subnet-050a022ff66676831"
      ],
      "type": [
        "tuple",
        [
          "string",
          "string"
        ]
      ]
    },
    "private-subnets": {
      "value": [
        "subnet-082ec5dd6c109085d",
        "subnet-0e6ca8bd646f6ecf7"
      ],
      "type": [
        "tuple",
        [
          "string",
          "string"
        ]
      ]
    },
    "public-subnets": {
      "value": [
        "subnet-04e8c8c7dc79a3c2d",
        "subnet-0bef5f32c4b60abcf"
      ],
      "type": [
        "tuple",
        [
          "string",
          "string"
        ]
      ]
    },
    "vpc_id": {
      "value": "vpc-085e13d48ac220a4d",
      "type": "string"
    }
  },
  "resources": [
    {
      "mode": "data",
      "type": "aws_subnets",
      "name": "public",
      "provider": "provider[\"registry.terraform.io/hashicorp/aws\"]",
      "instances": [
        {
          "schema_version": 0,
          "attributes": {
            "filter": [
              {
                "name": "vpc-id",
                "values": [
                  "vpc-085e13d48ac220a4d"
                ]
              }
            ],
            "id": "us-east-1",
            "ids": [],
            "tags": {
              "Tier": "Public"
            },
            "timeouts": null
          },
          "sensitive_attributes": []
        }
      ]
    },
    {
      "mode": "managed",
      "type": "aws_iam_instance_profile",
      "name": "ec2-profile",
      "provider": "provider[\"registry.terraform.io/hashicorp/aws\"]",
      "instances": [
        {
          "schema_version": 0,
          "attributes": {
            "arn": "arn:aws:iam::967212246732:instance-profile/us-east-1-ec2-instance-profile",
            "create_date": "2022-12-01T22:49:09Z",
            "id": "us-east-1-ec2-instance-profile",
            "name": "us-east-1-ec2-instance-profile",
            "name_prefix": null,
            "path": "/",
            "role": "terraform-20221201224908756200000002",
            "tags": {},
            "tags_all": {},
            "unique_id": "AIPA6CMSXU3GIPXNXQI3B"
          },
          "sensitive_attributes": [],
          "private": "bnVsbA==",
          "dependencies": [
            "aws_iam_role.role"
          ]
        }
      ]
    },
    {
      "mode": "managed",
      "type": "aws_iam_policy",
      "name": "policy",
      "provider": "provider[\"registry.terraform.io/hashicorp/aws\"]",
      "instances": [
        {
          "schema_version": 0,
          "attributes": {
            "arn": "arn:aws:iam::967212246732:policy/terraform-20221201224908755800000001",
            "description": "",
            "id": "arn:aws:iam::967212246732:policy/terraform-20221201224908755800000001",
            "name": "terraform-20221201224908755800000001",
            "name_prefix": null,
            "path": "/",
            "policy": "{\"Statement\":[{\"Action\":\"ec2:*\",\"Effect\":\"Allow\",\"Resource\":\"*\"},{\"Action\":[\"ds:CreateComputer\",\"ds:DescribeDirectories\"],\"Effect\":\"Allow\",\"Resource\":\"*\"},{\"Action\":[\"s3:GetBucketLocation\",\"s3:PutObject\",\"s3:GetObject\",\"s3:DeleteObject\",\"s3:GetEncryptionConfiguration\",\"s3:AbortMultipartUpload\",\"s3:ListMultipartUploadParts\",\"s3:ListBucket\",\"s3:ListBucketMultipartUploads\"],\"Effect\":\"Allow\",\"Resource\":\"*\"}],\"Version\":\"2012-10-17\"}",
            "policy_id": "ANPA6CMSXU3GJDS7VIQUY",
            "tags": {},
            "tags_all": {}
          },
          "sensitive_attributes": [],
          "private": "bnVsbA=="
        }
      ]
    },
    {
      "mode": "managed",
      "type": "aws_iam_policy",
      "name": "rds-sftp-policy",
      "provider": "provider[\"registry.terraform.io/hashicorp/aws\"]",
      "instances": [
        {
          "schema_version": 0,
          "attributes": {
            "arn": "arn:aws:iam::967212246732:policy/us-east-1-sftp-transfer-policy",
            "description": "",
            "id": "arn:aws:iam::967212246732:policy/us-east-1-sftp-transfer-policy",
            "name": "us-east-1-sftp-transfer-policy",
            "name_prefix": null,
            "path": "/",
            "policy": "{\"Statement\":[{\"Action\":[\"s3:ListBucket\"],\"Effect\":\"Allow\",\"Resource\":\"arn:aws:s3:::team1-sftp-bucket\",\"Sid\":\"AllowListingOfUserFolder\"},{\"Action\":[\"s3:PutObject\",\"s3:GetObject\",\"s3:DeleteObject\",\"s3:DeleteObjectVersion\",\"s3:GetBucketLocation\",\"s3:GetObjectVersion\",\"s3:GetObjectACL\",\"s3:PutObjectACL\"],\"Effect\":\"Allow\",\"Resource\":\"arn:aws:s3:::team1-sftp-bucket/*\",\"Sid\":\"\"}],\"Version\":\"2012-10-17\"}",
            "policy_id": "ANPA6CMSXU3GDTPYGMZJL",
            "tags": {},
            "tags_all": {}
          },
          "sensitive_attributes": [],
          "private": "bnVsbA==",
          "dependencies": [
            "aws_s3_bucket.sftp"
          ]
        }
      ]
    },
    {
      "mode": "managed",
      "type": "aws_iam_policy_attachment",
      "name": "policy-attach",
      "provider": "provider[\"registry.terraform.io/hashicorp/aws\"]",
      "instances": [
        {
          "schema_version": 0,
          "attributes": {
            "groups": [],
            "id": "us-east-1-sftp policy attachment",
            "name": "us-east-1-sftp policy attachment",
            "policy_arn": "arn:aws:iam::967212246732:policy/us-east-1-sftp-transfer-policy",
            "roles": [
              "us-east-1-sftp-transfer-role"
            ],
            "users": []
          },
          "sensitive_attributes": [],
          "private": "bnVsbA==",
          "dependencies": [
            "aws_iam_policy.rds-sftp-policy",
            "aws_iam_role.rds-sftp-role",
            "aws_s3_bucket.sftp"
          ]
        }
      ]
    },
    {
      "mode": "managed",
      "type": "aws_iam_role",
      "name": "rds-sftp-role",
      "provider": "provider[\"registry.terraform.io/hashicorp/aws\"]",
      "instances": [
        {
          "schema_version": 0,
          "attributes": {
            "arn": "arn:aws:iam::967212246732:role/us-east-1-sftp-transfer-role",
            "assume_role_policy": "{\"Statement\":[{\"Action\":\"sts:AssumeRole\",\"Effect\":\"Allow\",\"Principal\":{\"Service\":[\"transfer.amazonaws.com\",\"rds.amazonaws.com\"]},\"Sid\":\"\"}],\"Version\":\"2012-10-17\"}",
            "create_date": "2022-12-01T22:49:09Z",
            "description": "Allow AWS Transfer to call AWS services on your behalf.",
            "force_detach_policies": false,
            "id": "us-east-1-sftp-transfer-role",
            "inline_policy": [],
            "managed_policy_arns": [
              "arn:aws:iam::967212246732:policy/us-east-1-sftp-transfer-policy"
            ],
            "max_session_duration": 3600,
            "name": "us-east-1-sftp-transfer-role",
            "name_prefix": "",
            "path": "/",
            "permissions_boundary": null,
            "tags": {},
            "tags_all": {},
            "unique_id": "AROA6CMSXU3GKM4PHWEYS"
          },
          "sensitive_attributes": [],
          "private": "bnVsbA=="
        }
      ]
    },
    {
      "mode": "managed",
      "type": "aws_iam_role",
      "name": "role",
      "provider": "provider[\"registry.terraform.io/hashicorp/aws\"]",
      "instances": [
        {
          "schema_version": 0,
          "attributes": {
            "arn": "arn:aws:iam::967212246732:role/terraform-20221201224908756200000002",
            "assume_role_policy": "{\"Statement\":[{\"Action\":\"sts:AssumeRole\",\"Effect\":\"Allow\",\"Principal\":{\"Service\":\"ec2.amazonaws.com\"},\"Sid\":\"\"}],\"Version\":\"2012-10-17\"}",
            "create_date": "2022-12-01T22:49:09Z",
            "description": "",
            "force_detach_policies": false,
            "id": "terraform-20221201224908756200000002",
            "inline_policy": [],
            "managed_policy_arns": [
              "arn:aws:iam::967212246732:policy/terraform-20221201224908755800000001"
            ],
            "max_session_duration": 3600,
            "name": "terraform-20221201224908756200000002",
            "name_prefix": "terraform-",
            "path": "/",
            "permissions_boundary": null,
            "tags": {},
            "tags_all": {},
            "unique_id": "AROA6CMSXU3GPDYJXOXCU"
          },
          "sensitive_attributes": [],
          "private": "bnVsbA=="
        }
      ]
    },
    {
      "mode": "managed",
      "type": "aws_iam_role_policy_attachment",
      "name": "attach_ssm_role",
      "provider": "provider[\"registry.terraform.io/hashicorp/aws\"]",
      "instances": [
        {
          "schema_version": 0,
          "attributes": {
            "id": "terraform-20221201224908756200000002-20221201224909910200000003",
            "policy_arn": "arn:aws:iam::967212246732:policy/terraform-20221201224908755800000001",
            "role": "terraform-20221201224908756200000002"
          },
          "sensitive_attributes": [],
          "private": "bnVsbA==",
          "dependencies": [
            "aws_iam_policy.policy",
            "aws_iam_role.role"
          ]
        }
      ]
    },
    {
      "mode": "managed",
      "type": "aws_s3_bucket",
      "name": "sftp",
      "provider": "provider[\"registry.terraform.io/hashicorp/aws\"]",
      "instances": [
        {
          "schema_version": 0,
          "attributes": {
            "acceleration_status": "",
            "acl": null,
            "arn": "arn:aws:s3:::team1-sftp-bucket",
            "bucket": "team1-sftp-bucket",
            "bucket_domain_name": "team1-sftp-bucket.s3.amazonaws.com",
            "bucket_prefix": null,
            "bucket_regional_domain_name": "team1-sftp-bucket.s3.amazonaws.com",
            "cors_rule": [],
            "force_destroy": false,
            "grant": [
              {
                "id": "c81a3f677da8d9eb5d47970b63d7f35683a7648454312609dbbd467a2345f755",
                "permissions": [
                  "FULL_CONTROL"
                ],
                "type": "CanonicalUser",
                "uri": ""
              }
            ],
            "hosted_zone_id": "Z3AQBSTGFYJSTF",
            "id": "team1-sftp-bucket",
            "lifecycle_rule": [],
            "logging": [],
            "object_lock_configuration": [],
            "object_lock_enabled": false,
            "policy": "",
            "region": "us-east-1",
            "replication_configuration": [],
            "request_payer": "BucketOwner",
            "server_side_encryption_configuration": [],
            "tags": {
              "Environment": "dev",
              "Name": "team1-sftp-bucket",
              "Project": "team1"
            },
            "tags_all": {
              "Environment": "dev",
              "Name": "team1-sftp-bucket",
              "Project": "team1"
            },
            "timeouts": null,
            "versioning": [
              {
                "enabled": false,
                "mfa_delete": false
              }
            ],
            "website": [],
            "website_domain": null,
            "website_endpoint": null
          },
          "sensitive_attributes": [],
          "private": "eyJlMmJmYjczMC1lY2FhLTExZTYtOGY4OC0zNDM2M2JjN2M0YzAiOnsiY3JlYXRlIjoxMjAwMDAwMDAwMDAwLCJkZWxldGUiOjM2MDAwMDAwMDAwMDAsInJlYWQiOjEyMDAwMDAwMDAwMDAsInVwZGF0ZSI6MTIwMDAwMDAwMDAwMH19"
        }
      ]
    },
    {
      "mode": "managed",
      "type": "aws_s3_bucket_acl",
      "name": "sftp",
      "provider": "provider[\"registry.terraform.io/hashicorp/aws\"]",
      "instances": [
        {
          "schema_version": 0,
          "attributes": {
            "access_control_policy": [
              {
                "grant": [
                  {
                    "grantee": [
                      {
                        "display_name": "aws.sandbox",
                        "email_address": "",
                        "id": "c81a3f677da8d9eb5d47970b63d7f35683a7648454312609dbbd467a2345f755",
                        "type": "CanonicalUser",
                        "uri": ""
                      }
                    ],
                    "permission": "FULL_CONTROL"
                  }
                ],
                "owner": [
                  {
                    "display_name": "aws.sandbox",
                    "id": "c81a3f677da8d9eb5d47970b63d7f35683a7648454312609dbbd467a2345f755"
                  }
                ]
              }
            ],
            "acl": "private",
            "bucket": "team1-sftp-bucket",
            "expected_bucket_owner": "",
            "id": "team1-sftp-bucket,private"
          },
          "sensitive_attributes": [],
          "private": "bnVsbA==",
          "dependencies": [
            "aws_s3_bucket.sftp"
          ]
        }
      ]
    },
    {
      "mode": "managed",
      "type": "aws_security_group",
      "name": "public-sg",
      "provider": "provider[\"registry.terraform.io/hashicorp/aws\"]",
      "instances": [
        {
          "schema_version": 1,
          "attributes": {
            "arn": "arn:aws:ec2:us-east-1:967212246732:security-group/sg-07cef5a0345f3fe78",
            "description": "Allow public access to jump",
            "egress": [
              {
                "cidr_blocks": [
                  "0.0.0.0/0"
                ],
                "description": "",
                "from_port": 0,
                "ipv6_cidr_blocks": [],
                "prefix_list_ids": [],
                "protocol": "-1",
                "security_groups": [],
                "self": false,
                "to_port": 0
              }
            ],
            "id": "sg-07cef5a0345f3fe78",
            "ingress": [
              {
                "cidr_blocks": [
                  "0.0.0.0/0"
                ],
                "description": "",
                "from_port": 3389,
                "ipv6_cidr_blocks": [],
                "prefix_list_ids": [],
                "protocol": "tcp",
                "security_groups": [],
                "self": false,
                "to_port": 3389
              }
            ],
            "name": "us-east-1-public-sg",
            "name_prefix": "",
            "owner_id": "967212246732",
            "revoke_rules_on_delete": false,
            "tags": {
              "Name": "us-east-1-public-sg",
              "Project": "team1",
              "environment": "dev"
            },
            "tags_all": {
              "Name": "us-east-1-public-sg",
              "Project": "team1",
              "environment": "dev"
            },
            "timeouts": null,
            "vpc_id": "vpc-085e13d48ac220a4d"
          },
          "sensitive_attributes": [],
          "private": "eyJlMmJmYjczMC1lY2FhLTExZTYtOGY4OC0zNDM2M2JjN2M0YzAiOnsiY3JlYXRlIjo2MDAwMDAwMDAwMDAsImRlbGV0ZSI6OTAwMDAwMDAwMDAwfSwic2NoZW1hX3ZlcnNpb24iOiIxIn0=",
          "dependencies": [
            "module.vpc.aws_vpc.this"
          ]
        }
      ]
    },
    {
      "mode": "managed",
      "type": "aws_transfer_server",
      "name": "service_managed",
      "provider": "provider[\"registry.terraform.io/hashicorp/aws\"]",
      "instances": [
        {
          "schema_version": 0,
          "attributes": {
            "arn": "arn:aws:transfer:us-east-1:967212246732:server/s-c8de69e4bd7c48bfa",
            "certificate": "",
            "directory_id": "",
            "domain": "S3",
            "endpoint": "s-c8de69e4bd7c48bfa.server.transfer.us-east-1.amazonaws.com",
            "endpoint_details": [],
            "endpoint_type": "PUBLIC",
            "force_destroy": false,
            "function": "",
            "host_key": null,
            "host_key_fingerprint": "SHA256:2TCqAOBnNnW9SRxrclqYp8C3fywJC7jUgYBL7DC1bhg=",
            "id": "s-c8de69e4bd7c48bfa",
            "identity_provider_type": "SERVICE_MANAGED",
            "invocation_role": "",
            "logging_role": "",
            "post_authentication_login_banner": "",
            "pre_authentication_login_banner": "",
            "protocols": [
              "SFTP"
            ],
            "security_policy_name": "TransferSecurityPolicy-2018-11",
            "tags": {
              "Name": "us-east-1-sftp-service",
              "Project": "team1",
              "environment": "dev"
            },
            "tags_all": {
              "Name": "us-east-1-sftp-service",
              "Project": "team1",
              "environment": "dev"
            },
            "url": "",
            "workflow_details": []
          },
          "sensitive_attributes": [],
          "private": "bnVsbA=="
        }
      ]
    },
    {
      "module": "module.vpc",
      "mode": "managed",
      "type": "aws_db_subnet_group",
      "name": "database",
      "provider": "provider[\"registry.terraform.io/hashicorp/aws\"]",
      "instances": [
        {
          "index_key": 0,
          "schema_version": 0,
          "attributes": {
            "arn": "arn:aws:rds:us-east-1:967212246732:subgrp:my-vpc",
            "description": "Database subnet group for my-vpc",
            "id": "my-vpc",
            "name": "my-vpc",
            "name_prefix": "",
            "subnet_ids": [
              "subnet-050a022ff66676831",
              "subnet-0cdd3c3816d296e35"
            ],
            "supported_network_types": [
              "IPV4"
            ],
            "tags": {
              "Environment": "dev",
              "Name": "my-vpc",
              "Terraform": "true"
            },
            "tags_all": {
              "Environment": "dev",
              "Name": "my-vpc",
              "Terraform": "true"
            }
          },
          "sensitive_attributes": [],
          "private": "bnVsbA==",
          "dependencies": [
            "module.vpc.aws_subnet.database",
            "module.vpc.aws_vpc.this",
            "module.vpc.aws_vpc_ipv4_cidr_block_association.this"
          ]
        }
      ]
    },
    {
      "module": "module.vpc",
      "mode": "managed",
      "type": "aws_eip",
      "name": "nat",
      "provider": "provider[\"registry.terraform.io/hashicorp/aws\"]",
      "instances": [
        {
          "index_key": 0,
          "schema_version": 0,
          "attributes": {
            "address": null,
            "allocation_id": "eipalloc-04c89142dacbc3090",
            "associate_with_private_ip": null,
            "association_id": "eipassoc-03faa5ae739c3f5f7",
            "carrier_ip": "",
            "customer_owned_ip": "",
            "customer_owned_ipv4_pool": "",
            "domain": "vpc",
            "id": "eipalloc-04c89142dacbc3090",
            "instance": "",
            "network_border_group": "us-east-1",
            "network_interface": "eni-0d37c5ab28da74cda",
            "private_dns": "ip-10-0-1-72.ec2.internal",
            "private_ip": "10.0.1.72",
            "public_dns": "ec2-35-175-37-186.compute-1.amazonaws.com",
            "public_ip": "35.175.37.186",
            "public_ipv4_pool": "amazon",
            "tags": {
              "Environment": "dev",
              "Name": "my-vpc-us-east-1a",
              "Terraform": "true"
            },
            "tags_all": {
              "Environment": "dev",
              "Name": "my-vpc-us-east-1a",
              "Terraform": "true"
            },
            "timeouts": null,
            "vpc": true
          },
          "sensitive_attributes": [],
          "private": "eyJlMmJmYjczMC1lY2FhLTExZTYtOGY4OC0zNDM2M2JjN2M0YzAiOnsiZGVsZXRlIjoxODAwMDAwMDAwMDAsInJlYWQiOjkwMDAwMDAwMDAwMCwidXBkYXRlIjozMDAwMDAwMDAwMDB9fQ=="
        },
        {
          "index_key": 1,
          "schema_version": 0,
          "attributes": {
            "address": null,
            "allocation_id": "eipalloc-0f743ca96f2247db8",
            "associate_with_private_ip": null,
            "association_id": "eipassoc-06436d3e61f90f8cb",
            "carrier_ip": "",
            "customer_owned_ip": "",
            "customer_owned_ipv4_pool": "",
            "domain": "vpc",
            "id": "eipalloc-0f743ca96f2247db8",
            "instance": "",
            "network_border_group": "us-east-1",
            "network_interface": "eni-04837c1b94b3bae18",
            "private_dns": "ip-10-0-2-197.ec2.internal",
            "private_ip": "10.0.2.197",
            "public_dns": "ec2-44-213-6-110.compute-1.amazonaws.com",
            "public_ip": "44.213.6.110",
            "public_ipv4_pool": "amazon",
            "tags": {
              "Environment": "dev",
              "Name": "my-vpc-us-east-1b",
              "Terraform": "true"
            },
            "tags_all": {
              "Environment": "dev",
              "Name": "my-vpc-us-east-1b",
              "Terraform": "true"
            },
            "timeouts": null,
            "vpc": true
          },
          "sensitive_attributes": [],
          "private": "eyJlMmJmYjczMC1lY2FhLTExZTYtOGY4OC0zNDM2M2JjN2M0YzAiOnsiZGVsZXRlIjoxODAwMDAwMDAwMDAsInJlYWQiOjkwMDAwMDAwMDAwMCwidXBkYXRlIjozMDAwMDAwMDAwMDB9fQ=="
        }
      ]
    },
    {
      "module": "module.vpc",
      "mode": "managed",
      "type": "aws_internet_gateway",
      "name": "this",
      "provider": "provider[\"registry.terraform.io/hashicorp/aws\"]",
      "instances": [
        {
          "index_key": 0,
          "schema_version": 0,
          "attributes": {
            "arn": "arn:aws:ec2:us-east-1:967212246732:internet-gateway/igw-0e90f628bfeeb5011",
            "id": "igw-0e90f628bfeeb5011",
            "owner_id": "967212246732",
            "tags": {
              "Environment": "dev",
              "Name": "my-vpc",
              "Terraform": "true"
            },
            "tags_all": {
              "Environment": "dev",
              "Name": "my-vpc",
              "Terraform": "true"
            },
            "timeouts": null,
            "vpc_id": "vpc-085e13d48ac220a4d"
          },
          "sensitive_attributes": [],
          "private": "eyJlMmJmYjczMC1lY2FhLTExZTYtOGY4OC0zNDM2M2JjN2M0YzAiOnsiY3JlYXRlIjoxMjAwMDAwMDAwMDAwLCJkZWxldGUiOjEyMDAwMDAwMDAwMDAsInVwZGF0ZSI6MTIwMDAwMDAwMDAwMH19",
          "dependencies": [
            "module.vpc.aws_vpc.this",
            "module.vpc.aws_vpc_ipv4_cidr_block_association.this"
          ]
        }
      ]
    },
    {
      "module": "module.vpc",
      "mode": "managed",
      "type": "aws_nat_gateway",
      "name": "this",
      "provider": "provider[\"registry.terraform.io/hashicorp/aws\"]",
      "instances": [
        {
          "index_key": 0,
          "schema_version": 0,
          "attributes": {
            "allocation_id": "eipalloc-04c89142dacbc3090",
            "connectivity_type": "public",
            "id": "nat-07846333cc4097b2b",
            "network_interface_id": "eni-0d37c5ab28da74cda",
            "private_ip": "10.0.1.72",
            "public_ip": "35.175.37.186",
            "subnet_id": "subnet-04e8c8c7dc79a3c2d",
            "tags": {
              "Environment": "dev",
              "Name": "my-vpc-us-east-1a",
              "Terraform": "true"
            },
            "tags_all": {
              "Environment": "dev",
              "Name": "my-vpc-us-east-1a",
              "Terraform": "true"
            }
          },
          "sensitive_attributes": [],
          "private": "bnVsbA==",
          "dependencies": [
            "module.vpc.aws_eip.nat",
            "module.vpc.aws_internet_gateway.this",
            "module.vpc.aws_subnet.public",
            "module.vpc.aws_vpc.this",
            "module.vpc.aws_vpc_ipv4_cidr_block_association.this"
          ]
        },
        {
          "index_key": 1,
          "schema_version": 0,
          "attributes": {
            "allocation_id": "eipalloc-0f743ca96f2247db8",
            "connectivity_type": "public",
            "id": "nat-09120611736ce461c",
            "network_interface_id": "eni-04837c1b94b3bae18",
            "private_ip": "10.0.2.197",
            "public_ip": "44.213.6.110",
            "subnet_id": "subnet-0bef5f32c4b60abcf",
            "tags": {
              "Environment": "dev",
              "Name": "my-vpc-us-east-1b",
              "Terraform": "true"
            },
            "tags_all": {
              "Environment": "dev",
              "Name": "my-vpc-us-east-1b",
              "Terraform": "true"
            }
          },
          "sensitive_attributes": [],
          "private": "bnVsbA==",
          "dependencies": [
            "module.vpc.aws_eip.nat",
            "module.vpc.aws_internet_gateway.this",
            "module.vpc.aws_subnet.public",
            "module.vpc.aws_vpc.this",
            "module.vpc.aws_vpc_ipv4_cidr_block_association.this"
          ]
        }
      ]
    },
    {
      "module": "module.vpc",
      "mode": "managed",
      "type": "aws_route",
      "name": "private_nat_gateway",
      "provider": "provider[\"registry.terraform.io/hashicorp/aws\"]",
      "instances": [
        {
          "index_key": 0,
          "schema_version": 0,
          "attributes": {
            "carrier_gateway_id": "",
            "core_network_arn": "",
            "destination_cidr_block": "0.0.0.0/0",
            "destination_ipv6_cidr_block": "",
            "destination_prefix_list_id": "",
            "egress_only_gateway_id": "",
            "gateway_id": "",
            "id": "r-rtb-0304898cb66dc9d6c1080289494",
            "instance_id": "",
            "instance_owner_id": "",
            "local_gateway_id": "",
            "nat_gateway_id": "nat-07846333cc4097b2b",
            "network_interface_id": "",
            "origin": "CreateRoute",
            "route_table_id": "rtb-0304898cb66dc9d6c",
            "state": "active",
            "timeouts": {
              "create": "5m",
              "delete": null,
              "update": null
            },
            "transit_gateway_id": "",
            "vpc_endpoint_id": "",
            "vpc_peering_connection_id": ""
          },
          "sensitive_attributes": [],
          "private": "eyJlMmJmYjczMC1lY2FhLTExZTYtOGY4OC0zNDM2M2JjN2M0YzAiOnsiY3JlYXRlIjozMDAwMDAwMDAwMDAsImRlbGV0ZSI6MzAwMDAwMDAwMDAwLCJ1cGRhdGUiOjEyMDAwMDAwMDAwMH19",
          "dependencies": [
            "module.vpc.aws_eip.nat",
            "module.vpc.aws_internet_gateway.this",
            "module.vpc.aws_nat_gateway.this",
            "module.vpc.aws_route_table.private",
            "module.vpc.aws_subnet.public",
            "module.vpc.aws_vpc.this",
            "module.vpc.aws_vpc_ipv4_cidr_block_association.this"
          ]
        },
        {
          "index_key": 1,
          "schema_version": 0,
          "attributes": {
            "carrier_gateway_id": "",
            "core_network_arn": "",
            "destination_cidr_block": "0.0.0.0/0",
            "destination_ipv6_cidr_block": "",
            "destination_prefix_list_id": "",
            "egress_only_gateway_id": "",
            "gateway_id": "",
            "id": "r-rtb-047e8ebfde8dac7731080289494",
            "instance_id": "",
            "instance_owner_id": "",
            "local_gateway_id": "",
            "nat_gateway_id": "nat-09120611736ce461c",
            "network_interface_id": "",
            "origin": "CreateRoute",
            "route_table_id": "rtb-047e8ebfde8dac773",
            "state": "active",
            "timeouts": {
              "create": "5m",
              "delete": null,
              "update": null
            },
            "transit_gateway_id": "",
            "vpc_endpoint_id": "",
            "vpc_peering_connection_id": ""
          },
          "sensitive_attributes": [],
          "private": "eyJlMmJmYjczMC1lY2FhLTExZTYtOGY4OC0zNDM2M2JjN2M0YzAiOnsiY3JlYXRlIjozMDAwMDAwMDAwMDAsImRlbGV0ZSI6MzAwMDAwMDAwMDAwLCJ1cGRhdGUiOjEyMDAwMDAwMDAwMH19",
          "dependencies": [
            "module.vpc.aws_eip.nat",
            "module.vpc.aws_internet_gateway.this",
            "module.vpc.aws_nat_gateway.this",
            "module.vpc.aws_route_table.private",
            "module.vpc.aws_subnet.public",
            "module.vpc.aws_vpc.this",
            "module.vpc.aws_vpc_ipv4_cidr_block_association.this"
          ]
        }
      ]
    },
    {
      "module": "module.vpc",
      "mode": "managed",
      "type": "aws_route",
      "name": "public_internet_gateway",
      "provider": "provider[\"registry.terraform.io/hashicorp/aws\"]",
      "instances": [
        {
          "index_key": 0,
          "schema_version": 0,
          "attributes": {
            "carrier_gateway_id": "",
            "core_network_arn": "",
            "destination_cidr_block": "0.0.0.0/0",
            "destination_ipv6_cidr_block": "",
            "destination_prefix_list_id": "",
            "egress_only_gateway_id": "",
            "gateway_id": "igw-0e90f628bfeeb5011",
            "id": "r-rtb-0ace7be4e5638971a1080289494",
            "instance_id": "",
            "instance_owner_id": "",
            "local_gateway_id": "",
            "nat_gateway_id": "",
            "network_interface_id": "",
            "origin": "CreateRoute",
            "route_table_id": "rtb-0ace7be4e5638971a",
            "state": "active",
            "timeouts": {
              "create": "5m",
              "delete": null,
              "update": null
            },
            "transit_gateway_id": "",
            "vpc_endpoint_id": "",
            "vpc_peering_connection_id": ""
          },
          "sensitive_attributes": [],
          "private": "eyJlMmJmYjczMC1lY2FhLTExZTYtOGY4OC0zNDM2M2JjN2M0YzAiOnsiY3JlYXRlIjozMDAwMDAwMDAwMDAsImRlbGV0ZSI6MzAwMDAwMDAwMDAwLCJ1cGRhdGUiOjEyMDAwMDAwMDAwMH19",
          "dependencies": [
            "module.vpc.aws_internet_gateway.this",
            "module.vpc.aws_route_table.public",
            "module.vpc.aws_vpc.this",
            "module.vpc.aws_vpc_ipv4_cidr_block_association.this"
          ]
        }
      ]
    },
    {
      "module": "module.vpc",
      "mode": "managed",
      "type": "aws_route_table",
      "name": "private",
      "provider": "provider[\"registry.terraform.io/hashicorp/aws\"]",
      "instances": [
        {
          "index_key": 0,
          "schema_version": 0,
          "attributes": {
            "arn": "arn:aws:ec2:us-east-1:967212246732:route-table/rtb-0304898cb66dc9d6c",
            "id": "rtb-0304898cb66dc9d6c",
            "owner_id": "967212246732",
            "propagating_vgws": [],
            "route": [
              {
                "carrier_gateway_id": "",
                "cidr_block": "0.0.0.0/0",
                "core_network_arn": "",
                "destination_prefix_list_id": "",
                "egress_only_gateway_id": "",
                "gateway_id": "",
                "instance_id": "",
                "ipv6_cidr_block": "",
                "local_gateway_id": "",
                "nat_gateway_id": "nat-07846333cc4097b2b",
                "network_interface_id": "",
                "transit_gateway_id": "",
                "vpc_endpoint_id": "",
                "vpc_peering_connection_id": ""
              }
            ],
            "tags": {
              "Environment": "dev",
              "Name": "my-vpc-private-us-east-1a",
              "Terraform": "true"
            },
            "tags_all": {
              "Environment": "dev",
              "Name": "my-vpc-private-us-east-1a",
              "Terraform": "true"
            },
            "timeouts": null,
            "vpc_id": "vpc-085e13d48ac220a4d"
          },
          "sensitive_attributes": [],
          "private": "eyJlMmJmYjczMC1lY2FhLTExZTYtOGY4OC0zNDM2M2JjN2M0YzAiOnsiY3JlYXRlIjozMDAwMDAwMDAwMDAsImRlbGV0ZSI6MzAwMDAwMDAwMDAwLCJ1cGRhdGUiOjEyMDAwMDAwMDAwMH19",
          "dependencies": [
            "module.vpc.aws_vpc.this",
            "module.vpc.aws_vpc_ipv4_cidr_block_association.this"
          ]
        },
        {
          "index_key": 1,
          "schema_version": 0,
          "attributes": {
            "arn": "arn:aws:ec2:us-east-1:967212246732:route-table/rtb-047e8ebfde8dac773",
            "id": "rtb-047e8ebfde8dac773",
            "owner_id": "967212246732",
            "propagating_vgws": [],
            "route": [
              {
                "carrier_gateway_id": "",
                "cidr_block": "0.0.0.0/0",
                "core_network_arn": "",
                "destination_prefix_list_id": "",
                "egress_only_gateway_id": "",
                "gateway_id": "",
                "instance_id": "",
                "ipv6_cidr_block": "",
                "local_gateway_id": "",
                "nat_gateway_id": "nat-09120611736ce461c",
                "network_interface_id": "",
                "transit_gateway_id": "",
                "vpc_endpoint_id": "",
                "vpc_peering_connection_id": ""
              }
            ],
            "tags": {
              "Environment": "dev",
              "Name": "my-vpc-private-us-east-1b",
              "Terraform": "true"
            },
            "tags_all": {
              "Environment": "dev",
              "Name": "my-vpc-private-us-east-1b",
              "Terraform": "true"
            },
            "timeouts": null,
            "vpc_id": "vpc-085e13d48ac220a4d"
          },
          "sensitive_attributes": [],
          "private": "eyJlMmJmYjczMC1lY2FhLTExZTYtOGY4OC0zNDM2M2JjN2M0YzAiOnsiY3JlYXRlIjozMDAwMDAwMDAwMDAsImRlbGV0ZSI6MzAwMDAwMDAwMDAwLCJ1cGRhdGUiOjEyMDAwMDAwMDAwMH19",
          "dependencies": [
            "module.vpc.aws_vpc.this",
            "module.vpc.aws_vpc_ipv4_cidr_block_association.this"
          ]
        }
      ]
    },
    {
      "module": "module.vpc",
      "mode": "managed",
      "type": "aws_route_table",
      "name": "public",
      "provider": "provider[\"registry.terraform.io/hashicorp/aws\"]",
      "instances": [
        {
          "index_key": 0,
          "schema_version": 0,
          "attributes": {
            "arn": "arn:aws:ec2:us-east-1:967212246732:route-table/rtb-0ace7be4e5638971a",
            "id": "rtb-0ace7be4e5638971a",
            "owner_id": "967212246732",
            "propagating_vgws": [],
            "route": [
              {
                "carrier_gateway_id": "",
                "cidr_block": "0.0.0.0/0",
                "core_network_arn": "",
                "destination_prefix_list_id": "",
                "egress_only_gateway_id": "",
                "gateway_id": "igw-0e90f628bfeeb5011",
                "instance_id": "",
                "ipv6_cidr_block": "",
                "local_gateway_id": "",
                "nat_gateway_id": "",
                "network_interface_id": "",
                "transit_gateway_id": "",
                "vpc_endpoint_id": "",
                "vpc_peering_connection_id": ""
              }
            ],
            "tags": {
              "Environment": "dev",
              "Name": "my-vpc-public",
              "Terraform": "true"
            },
            "tags_all": {
              "Environment": "dev",
              "Name": "my-vpc-public",
              "Terraform": "true"
            },
            "timeouts": null,
            "vpc_id": "vpc-085e13d48ac220a4d"
          },
          "sensitive_attributes": [],
          "private": "eyJlMmJmYjczMC1lY2FhLTExZTYtOGY4OC0zNDM2M2JjN2M0YzAiOnsiY3JlYXRlIjozMDAwMDAwMDAwMDAsImRlbGV0ZSI6MzAwMDAwMDAwMDAwLCJ1cGRhdGUiOjEyMDAwMDAwMDAwMH19",
          "dependencies": [
            "module.vpc.aws_vpc.this",
            "module.vpc.aws_vpc_ipv4_cidr_block_association.this"
          ]
        }
      ]
    },
    {
      "module": "module.vpc",
      "mode": "managed",
      "type": "aws_route_table_association",
      "name": "database",
      "provider": "provider[\"registry.terraform.io/hashicorp/aws\"]",
      "instances": [
        {
          "index_key": 0,
          "schema_version": 0,
          "attributes": {
            "gateway_id": "",
            "id": "rtbassoc-0ffc495cc712fffe2",
            "route_table_id": "rtb-0304898cb66dc9d6c",
            "subnet_id": "subnet-0cdd3c3816d296e35"
          },
          "sensitive_attributes": [],
          "private": "bnVsbA==",
          "dependencies": [
            "module.vpc.aws_route_table.database",
            "module.vpc.aws_route_table.private",
            "module.vpc.aws_subnet.database",
            "module.vpc.aws_vpc.this",
            "module.vpc.aws_vpc_ipv4_cidr_block_association.this"
          ]
        },
        {
          "index_key": 1,
          "schema_version": 0,
          "attributes": {
            "gateway_id": "",
            "id": "rtbassoc-0ba576859ed7d6880",
            "route_table_id": "rtb-047e8ebfde8dac773",
            "subnet_id": "subnet-050a022ff66676831"
          },
          "sensitive_attributes": [],
          "private": "bnVsbA==",
          "dependencies": [
            "module.vpc.aws_route_table.database",
            "module.vpc.aws_route_table.private",
            "module.vpc.aws_subnet.database",
            "module.vpc.aws_vpc.this",
            "module.vpc.aws_vpc_ipv4_cidr_block_association.this"
          ]
        }
      ]
    },
    {
      "module": "module.vpc",
      "mode": "managed",
      "type": "aws_route_table_association",
      "name": "private",
      "provider": "provider[\"registry.terraform.io/hashicorp/aws\"]",
      "instances": [
        {
          "index_key": 0,
          "schema_version": 0,
          "attributes": {
            "gateway_id": "",
            "id": "rtbassoc-04c5efa47666a524e",
            "route_table_id": "rtb-0304898cb66dc9d6c",
            "subnet_id": "subnet-082ec5dd6c109085d"
          },
          "sensitive_attributes": [],
          "private": "bnVsbA==",
          "dependencies": [
            "module.vpc.aws_route_table.private",
            "module.vpc.aws_subnet.private",
            "module.vpc.aws_vpc.this",
            "module.vpc.aws_vpc_ipv4_cidr_block_association.this"
          ]
        },
        {
          "index_key": 1,
          "schema_version": 0,
          "attributes": {
            "gateway_id": "",
            "id": "rtbassoc-0d43e2d80afcb3b69",
            "route_table_id": "rtb-047e8ebfde8dac773",
            "subnet_id": "subnet-0e6ca8bd646f6ecf7"
          },
          "sensitive_attributes": [],
          "private": "bnVsbA==",
          "dependencies": [
            "module.vpc.aws_route_table.private",
            "module.vpc.aws_subnet.private",
            "module.vpc.aws_vpc.this",
            "module.vpc.aws_vpc_ipv4_cidr_block_association.this"
          ]
        }
      ]
    },
    {
      "module": "module.vpc",
      "mode": "managed",
      "type": "aws_route_table_association",
      "name": "public",
      "provider": "provider[\"registry.terraform.io/hashicorp/aws\"]",
      "instances": [
        {
          "index_key": 0,
          "schema_version": 0,
          "attributes": {
            "gateway_id": "",
            "id": "rtbassoc-035f03389dedeaca8",
            "route_table_id": "rtb-0ace7be4e5638971a",
            "subnet_id": "subnet-04e8c8c7dc79a3c2d"
          },
          "sensitive_attributes": [],
          "private": "bnVsbA==",
          "dependencies": [
            "module.vpc.aws_route_table.public",
            "module.vpc.aws_subnet.public",
            "module.vpc.aws_vpc.this",
            "module.vpc.aws_vpc_ipv4_cidr_block_association.this"
          ]
        },
        {
          "index_key": 1,
          "schema_version": 0,
          "attributes": {
            "gateway_id": "",
            "id": "rtbassoc-0f14e63763950112e",
            "route_table_id": "rtb-0ace7be4e5638971a",
            "subnet_id": "subnet-0bef5f32c4b60abcf"
          },
          "sensitive_attributes": [],
          "private": "bnVsbA==",
          "dependencies": [
            "module.vpc.aws_route_table.public",
            "module.vpc.aws_subnet.public",
            "module.vpc.aws_vpc.this",
            "module.vpc.aws_vpc_ipv4_cidr_block_association.this"
          ]
        }
      ]
    },
    {
      "module": "module.vpc",
      "mode": "managed",
      "type": "aws_subnet",
      "name": "database",
      "provider": "provider[\"registry.terraform.io/hashicorp/aws\"]",
      "instances": [
        {
          "index_key": 0,
          "schema_version": 1,
          "attributes": {
            "arn": "arn:aws:ec2:us-east-1:967212246732:subnet/subnet-0cdd3c3816d296e35",
            "assign_ipv6_address_on_creation": false,
            "availability_zone": "us-east-1a",
            "availability_zone_id": "use1-az4",
            "cidr_block": "10.0.111.0/24",
            "customer_owned_ipv4_pool": "",
            "enable_dns64": false,
            "enable_resource_name_dns_a_record_on_launch": false,
            "enable_resource_name_dns_aaaa_record_on_launch": false,
            "id": "subnet-0cdd3c3816d296e35",
            "ipv6_cidr_block": "",
            "ipv6_cidr_block_association_id": "",
            "ipv6_native": false,
            "map_customer_owned_ip_on_launch": false,
            "map_public_ip_on_launch": false,
            "outpost_arn": "",
            "owner_id": "967212246732",
            "private_dns_hostname_type_on_launch": "ip-name",
            "tags": {
              "Environment": "dev",
              "Name": "my-vpc-db-us-east-1a",
              "Terraform": "true"
            },
            "tags_all": {
              "Environment": "dev",
              "Name": "my-vpc-db-us-east-1a",
              "Terraform": "true"
            },
            "timeouts": null,
            "vpc_id": "vpc-085e13d48ac220a4d"
          },
          "sensitive_attributes": [],
          "private": "eyJlMmJmYjczMC1lY2FhLTExZTYtOGY4OC0zNDM2M2JjN2M0YzAiOnsiY3JlYXRlIjo2MDAwMDAwMDAwMDAsImRlbGV0ZSI6MTIwMDAwMDAwMDAwMH0sInNjaGVtYV92ZXJzaW9uIjoiMSJ9",
          "dependencies": [
            "module.vpc.aws_vpc.this",
            "module.vpc.aws_vpc_ipv4_cidr_block_association.this"
          ]
        },
        {
          "index_key": 1,
          "schema_version": 1,
          "attributes": {
            "arn": "arn:aws:ec2:us-east-1:967212246732:subnet/subnet-050a022ff66676831",
            "assign_ipv6_address_on_creation": false,
            "availability_zone": "us-east-1b",
            "availability_zone_id": "use1-az6",
            "cidr_block": "10.0.122.0/24",
            "customer_owned_ipv4_pool": "",
            "enable_dns64": false,
            "enable_resource_name_dns_a_record_on_launch": false,
            "enable_resource_name_dns_aaaa_record_on_launch": false,
            "id": "subnet-050a022ff66676831",
            "ipv6_cidr_block": "",
            "ipv6_cidr_block_association_id": "",
            "ipv6_native": false,
            "map_customer_owned_ip_on_launch": false,
            "map_public_ip_on_launch": false,
            "outpost_arn": "",
            "owner_id": "967212246732",
            "private_dns_hostname_type_on_launch": "ip-name",
            "tags": {
              "Environment": "dev",
              "Name": "my-vpc-db-us-east-1b",
              "Terraform": "true"
            },
            "tags_all": {
              "Environment": "dev",
              "Name": "my-vpc-db-us-east-1b",
              "Terraform": "true"
            },
            "timeouts": null,
            "vpc_id": "vpc-085e13d48ac220a4d"
          },
          "sensitive_attributes": [],
          "private": "eyJlMmJmYjczMC1lY2FhLTExZTYtOGY4OC0zNDM2M2JjN2M0YzAiOnsiY3JlYXRlIjo2MDAwMDAwMDAwMDAsImRlbGV0ZSI6MTIwMDAwMDAwMDAwMH0sInNjaGVtYV92ZXJzaW9uIjoiMSJ9",
          "dependencies": [
            "module.vpc.aws_vpc.this",
            "module.vpc.aws_vpc_ipv4_cidr_block_association.this"
          ]
        }
      ]
    },
    {
      "module": "module.vpc",
      "mode": "managed",
      "type": "aws_subnet",
      "name": "private",
      "provider": "provider[\"registry.terraform.io/hashicorp/aws\"]",
      "instances": [
        {
          "index_key": 0,
          "schema_version": 1,
          "attributes": {
            "arn": "arn:aws:ec2:us-east-1:967212246732:subnet/subnet-082ec5dd6c109085d",
            "assign_ipv6_address_on_creation": false,
            "availability_zone": "us-east-1a",
            "availability_zone_id": "use1-az4",
            "cidr_block": "10.0.11.0/24",
            "customer_owned_ipv4_pool": "",
            "enable_dns64": false,
            "enable_resource_name_dns_a_record_on_launch": false,
            "enable_resource_name_dns_aaaa_record_on_launch": false,
            "id": "subnet-082ec5dd6c109085d",
            "ipv6_cidr_block": "",
            "ipv6_cidr_block_association_id": "",
            "ipv6_native": false,
            "map_customer_owned_ip_on_launch": false,
            "map_public_ip_on_launch": false,
            "outpost_arn": "",
            "owner_id": "967212246732",
            "private_dns_hostname_type_on_launch": "ip-name",
            "tags": {
              "Environment": "dev",
              "Name": "my-vpc-private-us-east-1a",
              "Terraform": "true"
            },
            "tags_all": {
              "Environment": "dev",
              "Name": "my-vpc-private-us-east-1a",
              "Terraform": "true"
            },
            "timeouts": null,
            "vpc_id": "vpc-085e13d48ac220a4d"
          },
          "sensitive_attributes": [],
          "private": "eyJlMmJmYjczMC1lY2FhLTExZTYtOGY4OC0zNDM2M2JjN2M0YzAiOnsiY3JlYXRlIjo2MDAwMDAwMDAwMDAsImRlbGV0ZSI6MTIwMDAwMDAwMDAwMH0sInNjaGVtYV92ZXJzaW9uIjoiMSJ9",
          "dependencies": [
            "module.vpc.aws_vpc.this",
            "module.vpc.aws_vpc_ipv4_cidr_block_association.this"
          ]
        },
        {
          "index_key": 1,
          "schema_version": 1,
          "attributes": {
            "arn": "arn:aws:ec2:us-east-1:967212246732:subnet/subnet-0e6ca8bd646f6ecf7",
            "assign_ipv6_address_on_creation": false,
            "availability_zone": "us-east-1b",
            "availability_zone_id": "use1-az6",
            "cidr_block": "10.0.22.0/24",
            "customer_owned_ipv4_pool": "",
            "enable_dns64": false,
            "enable_resource_name_dns_a_record_on_launch": false,
            "enable_resource_name_dns_aaaa_record_on_launch": false,
            "id": "subnet-0e6ca8bd646f6ecf7",
            "ipv6_cidr_block": "",
            "ipv6_cidr_block_association_id": "",
            "ipv6_native": false,
            "map_customer_owned_ip_on_launch": false,
            "map_public_ip_on_launch": false,
            "outpost_arn": "",
            "owner_id": "967212246732",
            "private_dns_hostname_type_on_launch": "ip-name",
            "tags": {
              "Environment": "dev",
              "Name": "my-vpc-private-us-east-1b",
              "Terraform": "true"
            },
            "tags_all": {
              "Environment": "dev",
              "Name": "my-vpc-private-us-east-1b",
              "Terraform": "true"
            },
            "timeouts": null,
            "vpc_id": "vpc-085e13d48ac220a4d"
          },
          "sensitive_attributes": [],
          "private": "eyJlMmJmYjczMC1lY2FhLTExZTYtOGY4OC0zNDM2M2JjN2M0YzAiOnsiY3JlYXRlIjo2MDAwMDAwMDAwMDAsImRlbGV0ZSI6MTIwMDAwMDAwMDAwMH0sInNjaGVtYV92ZXJzaW9uIjoiMSJ9",
          "dependencies": [
            "module.vpc.aws_vpc.this",
            "module.vpc.aws_vpc_ipv4_cidr_block_association.this"
          ]
        }
      ]
    },
    {
      "module": "module.vpc",
      "mode": "managed",
      "type": "aws_subnet",
      "name": "public",
      "provider": "provider[\"registry.terraform.io/hashicorp/aws\"]",
      "instances": [
        {
          "index_key": 0,
          "schema_version": 1,
          "attributes": {
            "arn": "arn:aws:ec2:us-east-1:967212246732:subnet/subnet-04e8c8c7dc79a3c2d",
            "assign_ipv6_address_on_creation": false,
            "availability_zone": "us-east-1a",
            "availability_zone_id": "use1-az4",
            "cidr_block": "10.0.1.0/24",
            "customer_owned_ipv4_pool": "",
            "enable_dns64": false,
            "enable_resource_name_dns_a_record_on_launch": false,
            "enable_resource_name_dns_aaaa_record_on_launch": false,
            "id": "subnet-04e8c8c7dc79a3c2d",
            "ipv6_cidr_block": "",
            "ipv6_cidr_block_association_id": "",
            "ipv6_native": false,
            "map_customer_owned_ip_on_launch": false,
            "map_public_ip_on_launch": true,
            "outpost_arn": "",
            "owner_id": "967212246732",
            "private_dns_hostname_type_on_launch": "ip-name",
            "tags": {
              "Environment": "dev",
              "Name": "my-vpc-public-us-east-1a",
              "Terraform": "true"
            },
            "tags_all": {
              "Environment": "dev",
              "Name": "my-vpc-public-us-east-1a",
              "Terraform": "true"
            },
            "timeouts": null,
            "vpc_id": "vpc-085e13d48ac220a4d"
          },
          "sensitive_attributes": [],
          "private": "eyJlMmJmYjczMC1lY2FhLTExZTYtOGY4OC0zNDM2M2JjN2M0YzAiOnsiY3JlYXRlIjo2MDAwMDAwMDAwMDAsImRlbGV0ZSI6MTIwMDAwMDAwMDAwMH0sInNjaGVtYV92ZXJzaW9uIjoiMSJ9",
          "dependencies": [
            "module.vpc.aws_vpc.this",
            "module.vpc.aws_vpc_ipv4_cidr_block_association.this"
          ]
        },
        {
          "index_key": 1,
          "schema_version": 1,
          "attributes": {
            "arn": "arn:aws:ec2:us-east-1:967212246732:subnet/subnet-0bef5f32c4b60abcf",
            "assign_ipv6_address_on_creation": false,
            "availability_zone": "us-east-1b",
            "availability_zone_id": "use1-az6",
            "cidr_block": "10.0.2.0/24",
            "customer_owned_ipv4_pool": "",
            "enable_dns64": false,
            "enable_resource_name_dns_a_record_on_launch": false,
            "enable_resource_name_dns_aaaa_record_on_launch": false,
            "id": "subnet-0bef5f32c4b60abcf",
            "ipv6_cidr_block": "",
            "ipv6_cidr_block_association_id": "",
            "ipv6_native": false,
            "map_customer_owned_ip_on_launch": false,
            "map_public_ip_on_launch": true,
            "outpost_arn": "",
            "owner_id": "967212246732",
            "private_dns_hostname_type_on_launch": "ip-name",
            "tags": {
              "Environment": "dev",
              "Name": "my-vpc-public-us-east-1b",
              "Terraform": "true"
            },
            "tags_all": {
              "Environment": "dev",
              "Name": "my-vpc-public-us-east-1b",
              "Terraform": "true"
            },
            "timeouts": null,
            "vpc_id": "vpc-085e13d48ac220a4d"
          },
          "sensitive_attributes": [],
          "private": "eyJlMmJmYjczMC1lY2FhLTExZTYtOGY4OC0zNDM2M2JjN2M0YzAiOnsiY3JlYXRlIjo2MDAwMDAwMDAwMDAsImRlbGV0ZSI6MTIwMDAwMDAwMDAwMH0sInNjaGVtYV92ZXJzaW9uIjoiMSJ9",
          "dependencies": [
            "module.vpc.aws_vpc.this",
            "module.vpc.aws_vpc_ipv4_cidr_block_association.this"
          ]
        }
      ]
    },
    {
      "module": "module.vpc",
      "mode": "managed",
      "type": "aws_vpc",
      "name": "this",
      "provider": "provider[\"registry.terraform.io/hashicorp/aws\"]",
      "instances": [
        {
          "index_key": 0,
          "schema_version": 1,
          "attributes": {
            "arn": "arn:aws:ec2:us-east-1:967212246732:vpc/vpc-085e13d48ac220a4d",
            "assign_generated_ipv6_cidr_block": false,
            "cidr_block": "10.0.0.0/16",
            "default_network_acl_id": "acl-05ce307f3e006e516",
            "default_route_table_id": "rtb-0ad6b1f39a1b307c9",
            "default_security_group_id": "sg-0c40e1d76372435d3",
            "dhcp_options_id": "dopt-0cd4663f82c402295",
            "enable_classiclink": false,
            "enable_classiclink_dns_support": false,
            "enable_dns_hostnames": false,
            "enable_dns_support": true,
            "enable_network_address_usage_metrics": false,
            "id": "vpc-085e13d48ac220a4d",
            "instance_tenancy": "default",
            "ipv4_ipam_pool_id": null,
            "ipv4_netmask_length": null,
            "ipv6_association_id": "",
            "ipv6_cidr_block": "",
            "ipv6_cidr_block_network_border_group": "",
            "ipv6_ipam_pool_id": "",
            "ipv6_netmask_length": 0,
            "main_route_table_id": "rtb-0ad6b1f39a1b307c9",
            "owner_id": "967212246732",
            "tags": {
              "Environment": "dev",
              "Name": "my-vpc",
              "Terraform": "true"
            },
            "tags_all": {
              "Environment": "dev",
              "Name": "my-vpc",
              "Terraform": "true"
            }
          },
          "sensitive_attributes": [],
          "private": "eyJzY2hlbWFfdmVyc2lvbiI6IjEifQ=="
        }
      ]
    },
    {
      "module": "module.vpc",
      "mode": "managed",
      "type": "aws_vpn_gateway",
      "name": "this",
      "provider": "provider[\"registry.terraform.io/hashicorp/aws\"]",
      "instances": [
        {
          "index_key": 0,
          "schema_version": 0,
          "attributes": {
            "amazon_side_asn": "64512",
            "arn": "arn:aws:ec2:us-east-1:967212246732:vpn-gateway/vgw-0d19cfee911703bf2",
            "availability_zone": null,
            "id": "vgw-0d19cfee911703bf2",
            "tags": {
              "Environment": "dev",
              "Name": "my-vpc",
              "Terraform": "true"
            },
            "tags_all": {
              "Environment": "dev",
              "Name": "my-vpc",
              "Terraform": "true"
            },
            "vpc_id": "vpc-085e13d48ac220a4d"
          },
          "sensitive_attributes": [],
          "private": "bnVsbA==",
          "dependencies": [
            "module.vpc.aws_vpc.this",
            "module.vpc.aws_vpc_ipv4_cidr_block_association.this"
          ]
        }
      ]
    }
  ],
  "check_results": null
}
